
Microsoft Visual Studio Solution File, Format Version 11.00
# Visual Studio 15
Project("{8BC9CEB8-8B4A-11D0-8D11-00A0C91BC942}") = "3d", "3d.vcxproj", "{9CAC58CC-8956-487D-828B-DEAA73FB3AAC}"
EndProject
Project("{8BC9CEB8-8B4A-11D0-8D11-00A0C91BC942}") = "asyncio", "asyncio.vcxproj", "{70260512-C4CA-44AC-988C-017158CEB13B}"
EndProject
Project("{8BC9CEB8-8B4A-11D0-8D11-00A0C91BC942}") = "channel_groups", "channel_groups.vcxproj", "{7D11A71E-3B50-4EE4-96A1-4946A8C75B76}"
EndProject
Project("{8BC9CEB8-8B4A-11D0-8D11-00A0C91BC942}") = "convolution_reverb", "convolution_reverb.vcxproj", "{EC5D958B-C853-4CF5-A911-447F17CE098F}"
EndProject
Project("{8BC9CEB8-8B4A-11D0-8D11-00A0C91BC942}") = "dsp_custom", "dsp_custom.vcxproj", "{78D31862-C541-423F-B4A1-008E5CDAF639}"
EndProject
Project("{8BC9CEB8-8B4A-11D0-8D11-00A0C91BC942}") = "dsp_effect_per_speaker", "dsp_effect_per_speaker.vcxproj", "{EB9846D6-0C4F-4A5D-A601-3ADC803F7FFD}"
EndProject
Project("{8BC9CEB8-8B4A-11D0-8D11-00A0C91BC942}") = "dsp_inspector", "dsp_inspector.vcxproj", "{7E95E5C1-C284-49EC-8362-B83D183AA054}"
EndProject
Project("{8BC9CEB8-8B4A-11D0-8D11-00A0C91BC942}") = "effects", "effects.vcxproj", "{FD0BD579-8F89-4463-BDA5-5C7CC8840612}"
EndProject
Project("{8BC9CEB8-8B4A-11D0-8D11-00A0C91BC942}") = "gapless_playback", "gapless_playback.vcxproj", "{4E28FA8F-FAE8-4200-85B3-24CFF31C8EB3}"
EndProject
Project("{8BC9CEB8-8B4A-11D0-8D11-00A0C91BC942}") = "generate_tone", "generate_tone.vcxproj", "{282995DF-5425-4180-AB4F-85245DB08C79}"
EndProject
Project("{8BC9CEB8-8B4A-11D0-8D11-00A0C91BC942}") = "granular_synth", "granular_synth.vcxproj", "{8D484095-E5FC-40BC-96A8-E83F98AB8268}"
EndProject
Project("{8BC9CEB8-8B4A-11D0-8D11-00A0C91BC942}") = "load_from_memory", "load_from_memory.vcxproj", "{97E2D41A-A249-4925-B2ED-3AC78BF7F251}"
EndProject
Project("{8BC9CEB8-8B4A-11D0-8D11-00A0C91BC942}") = "multiple_speaker", "multiple_speaker.vcxproj", "{3B377030-0302-4437-A63B-385F4549A954}"
EndProject
Project("{8BC9CEB8-8B4A-11D0-8D11-00A0C91BC942}") = "multiple_system", "multiple_system.vcxproj", "{9BFA1E25-4E17-49D3-8109-0B7DF888F67F}"
EndProject
Project("{8BC9CEB8-8B4A-11D0-8D11-00A0C91BC942}") = "net_stream", "net_stream.vcxproj", "{2537ED71-3FF8-4A8C-8673-8DA46736C9E5}"
EndProject
Project("{8BC9CEB8-8B4A-11D0-8D11-00A0C91BC942}") = "play_sound", "play_sound.vcxproj", "{FBC34DAD-C7A4-4CC4-8EF8-DC521801F120}"
EndProject
Project("{8BC9CEB8-8B4A-11D0-8D11-00A0C91BC942}") = "play_stream", "play_stream.vcxproj", "{9AE22A07-DD34-44EF-8710-453B2DA2CF62}"
EndProject
Project("{8BC9CEB8-8B4A-11D0-8D11-00A0C91BC942}") = "record", "record.vcxproj", "{83D636A2-5547-49D3-BA3F-4510FE775B57}"
EndProject
Project("{8BC9CEB8-8B4A-11D0-8D11-00A0C91BC942}") = "record_enumeration", "record_enumeration.vcxproj", "{F9583208-99B3-4ABF-A861-D559E569CEAD}"
EndProject
Project("{8BC9CEB8-8B4A-11D0-8D11-00A0C91BC942}") = "user_created_sound", "user_created_sound.vcxproj", "{4102A7D8-7268-417D-9875-5DC25A61E5D0}"
EndProject
Project("{8BC9CEB8-8B4A-11D0-8D11-00A0C91BC942}") = "fmod_codec_raw", "fmod_codec_raw.vcxproj", "{60923F14-6F3F-4EB9-9F90-EE08B2D282F0}"
EndProject
Project("{8BC9CEB8-8B4A-11D0-8D11-00A0C91BC942}") = "fmod_distance_filter", "fmod_distance_filter.vcxproj", "{35386966-C735-4388-939B-4BFF3D52E1B3}"
EndProject
Project("{8BC9CEB8-8B4A-11D0-8D11-00A0C91BC942}") = "fmod_gain", "fmod_gain.vcxproj", "{A9B9E024-B20C-4CB7-8E13-C973C57A143F}"
EndProject
Project("{8BC9CEB8-8B4A-11D0-8D11-00A0C91BC942}") = "fmod_noise", "fmod_noise.vcxproj", "{B3780342-5E9E-48A3-818A-DBF6D489E377}"
EndProject
Project("{8BC9CEB8-8B4A-11D0-8D11-00A0C91BC942}") = "output_mp3", "output_mp3.vcxproj", "{AA3EEAF6-FC59-40A3-9F6C-E4D06CC67958}"
EndProject
Global
	GlobalSection(SolutionConfigurationPlatforms) = preSolution
		Debug|Win32 = Debug|Win32
		Debug|x64 = Debug|x64
		Release|Win32 = Release|Win32
		Release|x64 = Release|x64
	EndGlobalSection
	GlobalSection(ProjectConfigurationPlatforms) = postSolution
		{9CAC58CC-8956-487D-828B-DEAA73FB3AAC}.Debug|Win32.ActiveCfg = Debug|Win32
		{9CAC58CC-8956-487D-828B-DEAA73FB3AAC}.Debug|Win32.Build.0 = Debug|Win32
		{9CAC58CC-8956-487D-828B-DEAA73FB3AAC}.Debug|Win32.Deploy.0 = Debug|Win32
		{9CAC58CC-8956-487D-828B-DEAA73FB3AAC}.Debug|x64.ActiveCfg = Debug|x64
		{9CAC58CC-8956-487D-828B-DEAA73FB3AAC}.Debug|x64.Build.0 = Debug|x64
		{9CAC58CC-8956-487D-828B-DEAA73FB3AAC}.Debug|x64.Deploy.0 = Debug|x64
		{9CAC58CC-8956-487D-828B-DEAA73FB3AAC}.Release|Win32.ActiveCfg = Release|Win32
		{9CAC58CC-8956-487D-828B-DEAA73FB3AAC}.Release|Win32.Build.0 = Release|Win32
		{9CAC58CC-8956-487D-828B-DEAA73FB3AAC}.Release|Win32.Deploy.0 = Release|Win32
		{9CAC58CC-8956-487D-828B-DEAA73FB3AAC}.Release|x64.ActiveCfg = Release|x64
		{9CAC58CC-8956-487D-828B-DEAA73FB3AAC}.Release|x64.Build.0 = Release|x64
		{9CAC58CC-8956-487D-828B-DEAA73FB3AAC}.Release|x64.Deploy.0 = Release|x64
		{70260512-C4CA-44AC-988C-017158CEB13B}.Debug|Win32.ActiveCfg = Debug|Win32
		{70260512-C4CA-44AC-988C-017158CEB13B}.Debug|Win32.Build.0 = Debug|Win32
		{70260512-C4CA-44AC-988C-017158CEB13B}.Debug|Win32.Deploy.0 = Debug|Win32
		{70260512-C4CA-44AC-988C-017158CEB13B}.Debug|x64.ActiveCfg = Debug|x64
		{70260512-C4CA-44AC-988C-017158CEB13B}.Debug|x64.Build.0 = Debug|x64
		{70260512-C4CA-44AC-988C-017158CEB13B}.Debug|x64.Deploy.0 = Debug|x64
		{70260512-C4CA-44AC-988C-017158CEB13B}.Release|Win32.ActiveCfg = Release|Win32
		{70260512-C4CA-44AC-988C-017158CEB13B}.Release|Win32.Build.0 = Release|Win32
		{70260512-C4CA-44AC-988C-017158CEB13B}.Release|Win32.Deploy.0 = Release|Win32
		{70260512-C4CA-44AC-988C-017158CEB13B}.Release|x64.ActiveCfg = Release|x64
		{70260512-C4CA-44AC-988C-017158CEB13B}.Release|x64.Build.0 = Release|x64
		{70260512-C4CA-44AC-988C-017158CEB13B}.Release|x64.Deploy.0 = Release|x64
		{7D11A71E-3B50-4EE4-96A1-4946A8C75B76}.Debug|Win32.ActiveCfg = Debug|Win32
		{7D11A71E-3B50-4EE4-96A1-4946A8C75B76}.Debug|Win32.Build.0 = Debug|Win32
		{7D11A71E-3B50-4EE4-96A1-4946A8C75B76}.Debug|Win32.Deploy.0 = Debug|Win32
		{7D11A71E-3B50-4EE4-96A1-4946A8C75B76}.Debug|x64.ActiveCfg = Debug|x64
		{7D11A71E-3B50-4EE4-96A1-4946A8C75B76}.Debug|x64.Build.0 = Debug|x64
		{7D11A71E-3B50-4EE4-96A1-4946A8C75B76}.Debug|x64.Deploy.0 = Debug|x64
		{7D11A71E-3B50-4EE4-96A1-4946A8C75B76}.Release|Win32.ActiveCfg = Release|Win32
		{7D11A71E-3B50-4EE4-96A1-4946A8C75B76}.Release|Win32.Build.0 = Release|Win32
		{7D11A71E-3B50-4EE4-96A1-4946A8C75B76}.Release|Win32.Deploy.0 = Release|Win32
		{7D11A71E-3B50-4EE4-96A1-4946A8C75B76}.Release|x64.ActiveCfg = Release|x64
		{7D11A71E-3B50-4EE4-96A1-4946A8C75B76}.Release|x64.Build.0 = Release|x64
		{7D11A71E-3B50-4EE4-96A1-4946A8C75B76}.Release|x64.Deploy.0 = Release|x64
		{EC5D958B-C853-4CF5-A911-447F17CE098F}.Debug|Win32.ActiveCfg = Debug|Win32
		{EC5D958B-C853-4CF5-A911-447F17CE098F}.Debug|Win32.Build.0 = Debug|Win32
		{EC5D958B-C853-4CF5-A911-447F17CE098F}.Debug|Win32.Deploy.0 = Debug|Win32
		{EC5D958B-C853-4CF5-A911-447F17CE098F}.Debug|x64.ActiveCfg = Debug|x64
		{EC5D958B-C853-4CF5-A911-447F17CE098F}.Debug|x64.Build.0 = Debug|x64
		{EC5D958B-C853-4CF5-A911-447F17CE098F}.Debug|x64.Deploy.0 = Debug|x64
		{EC5D958B-C853-4CF5-A911-447F17CE098F}.Release|Win32.ActiveCfg = Release|Win32
		{EC5D958B-C853-4CF5-A911-447F17CE098F}.Release|Win32.Build.0 = Release|Win32
		{EC5D958B-C853-4CF5-A911-447F17CE098F}.Release|Win32.Deploy.0 = Release|Win32
		{EC5D958B-C853-4CF5-A911-447F17CE098F}.Release|x64.ActiveCfg = Release|x64
		{EC5D958B-C853-4CF5-A911-447F17CE098F}.Release|x64.Build.0 = Release|x64
		{EC5D958B-C853-4CF5-A911-447F17CE098F}.Release|x64.Deploy.0 = Release|x64
		{78D31862-C541-423F-B4A1-008E5CDAF639}.Debug|Win32.ActiveCfg = Debug|Win32
		{78D31862-C541-423F-B4A1-008E5CDAF639}.Debug|Win32.Build.0 = Debug|Win32
		{78D31862-C541-423F-B4A1-008E5CDAF639}.Debug|Win32.Deploy.0 = Debug|Win32
		{78D31862-C541-423F-B4A1-008E5CDAF639}.Debug|x64.ActiveCfg = Debug|x64
		{78D31862-C541-423F-B4A1-008E5CDAF639}.Debug|x64.Build.0 = Debug|x64
		{78D31862-C541-423F-B4A1-008E5CDAF639}.Debug|x64.Deploy.0 = Debug|x64
		{78D31862-C541-423F-B4A1-008E5CDAF639}.Release|Win32.ActiveCfg = Release|Win32
		{78D31862-C541-423F-B4A1-008E5CDAF639}.Release|Win32.Build.0 = Release|Win32
		{78D31862-C541-423F-B4A1-008E5CDAF639}.Release|Win32.Deploy.0 = Release|Win32
		{78D31862-C541-423F-B4A1-008E5CDAF639}.Release|x64.ActiveCfg = Release|x64
		{78D31862-C541-423F-B4A1-008E5CDAF639}.Release|x64.Build.0 = Release|x64
		{78D31862-C541-423F-B4A1-008E5CDAF639}.Release|x64.Deploy.0 = Release|x64
		{EB9846D6-0C4F-4A5D-A601-3ADC803F7FFD}.Debug|Win32.ActiveCfg = Debug|Win32
		{EB9846D6-0C4F-4A5D-A601-3ADC803F7FFD}.Debug|Win32.Build.0 = Debug|Win32
		{EB9846D6-0C4F-4A5D-A601-3ADC803F7FFD}.Debug|Win32.Deploy.0 = Debug|Win32
		{EB9846D6-0C4F-4A5D-A601-3ADC803F7FFD}.Debug|x64.ActiveCfg = Debug|x64
		{EB9846D6-0C4F-4A5D-A601-3ADC803F7FFD}.Debug|x64.Build.0 = Debug|x64
		{EB9846D6-0C4F-4A5D-A601-3ADC803F7FFD}.Debug|x64.Deploy.0 = Debug|x64
		{EB9846D6-0C4F-4A5D-A601-3ADC803F7FFD}.Release|Win32.ActiveCfg = Release|Win32
		{EB9846D6-0C4F-4A5D-A601-3ADC803F7FFD}.Release|Win32.Build.0 = Release|Win32
		{EB9846D6-0C4F-4A5D-A601-3ADC803F7FFD}.Release|Win32.Deploy.0 = Release|Win32
		{EB9846D6-0C4F-4A5D-A601-3ADC803F7FFD}.Release|x64.ActiveCfg = Release|x64
		{EB9846D6-0C4F-4A5D-A601-3ADC803F7FFD}.Release|x64.Build.0 = Release|x64
		{EB9846D6-0C4F-4A5D-A601-3ADC803F7FFD}.Release|x64.Deploy.0 = Release|x64
		{7E95E5C1-C284-49EC-8362-B83D183AA054}.Debug|Win32.ActiveCfg = Debug|Win32
		{7E95E5C1-C284-49EC-8362-B83D183AA054}.Debug|Win32.Build.0 = Debug|Win32
		{7E95E5C1-C284-49EC-8362-B83D183AA054}.Debug|Win32.Deploy.0 = Debug|Win32
		{7E95E5C1-C284-49EC-8362-B83D183AA054}.Debug|x64.ActiveCfg = Debug|x64
		{7E95E5C1-C284-49EC-8362-B83D183AA054}.Debug|x64.Build.0 = Debug|x64
		{7E95E5C1-C284-49EC-8362-B83D183AA054}.Debug|x64.Deploy.0 = Debug|x64
		{7E95E5C1-C284-49EC-8362-B83D183AA054}.Release|Win32.ActiveCfg = Release|Win32
		{7E95E5C1-C284-49EC-8362-B83D183AA054}.Release|Win32.Build.0 = Release|Win32
		{7E95E5C1-C284-49EC-8362-B83D183AA054}.Release|Win32.Deploy.0 = Release|Win32
		{7E95E5C1-C284-49EC-8362-B83D183AA054}.Release|x64.ActiveCfg = Release|x64
		{7E95E5C1-C284-49EC-8362-B83D183AA054}.Release|x64.Build.0 = Release|x64
		{7E95E5C1-C284-49EC-8362-B83D183AA054}.Release|x64.Deploy.0 = Release|x64
		{FD0BD579-8F89-4463-BDA5-5C7CC8840612}.Debug|Win32.ActiveCfg = Debug|Win32
		{FD0BD579-8F89-4463-BDA5-5C7CC8840612}.Debug|Win32.Build.0 = Debug|Win32
		{FD0BD579-8F89-4463-BDA5-5C7CC8840612}.Debug|Win32.Deploy.0 = Debug|Win32
		{FD0BD579-8F89-4463-BDA5-5C7CC8840612}.Debug|x64.ActiveCfg = Debug|x64
		{FD0BD579-8F89-4463-BDA5-5C7CC8840612}.Debug|x64.Build.0 = Debug|x64
		{FD0BD579-8F89-4463-BDA5-5C7CC8840612}.Debug|x64.Deploy.0 = Debug|x64
		{FD0BD579-8F89-4463-BDA5-5C7CC8840612}.Release|Win32.ActiveCfg = Release|Win32
		{FD0BD579-8F89-4463-BDA5-5C7CC8840612}.Release|Win32.Build.0 = Release|Win32
		{FD0BD579-8F89-4463-BDA5-5C7CC8840612}.Release|Win32.Deploy.0 = Release|Win32
		{FD0BD579-8F89-4463-BDA5-5C7CC8840612}.Release|x64.ActiveCfg = Release|x64
		{FD0BD579-8F89-4463-BDA5-5C7CC8840612}.Release|x64.Build.0 = Release|x64
		{FD0BD579-8F89-4463-BDA5-5C7CC8840612}.Release|x64.Deploy.0 = Release|x64
		{4E28FA8F-FAE8-4200-85B3-24CFF31C8EB3}.Debug|Win32.ActiveCfg = Debug|Win32
		{4E28FA8F-FAE8-4200-85B3-24CFF31C8EB3}.Debug|Win32.Build.0 = Debug|Win32
		{4E28FA8F-FAE8-4200-85B3-24CFF31C8EB3}.Debug|Win32.Deploy.0 = Debug|Win32
		{4E28FA8F-FAE8-4200-85B3-24CFF31C8EB3}.Debug|x64.ActiveCfg = Debug|x64
		{4E28FA8F-FAE8-4200-85B3-24CFF31C8EB3}.Debug|x64.Build.0 = Debug|x64
		{4E28FA8F-FAE8-4200-85B3-24CFF31C8EB3}.Debug|x64.Deploy.0 = Debug|x64
		{4E28FA8F-FAE8-4200-85B3-24CFF31C8EB3}.Release|Win32.ActiveCfg = Release|Win32
		{4E28FA8F-FAE8-4200-85B3-24CFF31C8EB3}.Release|Win32.Build.0 = Release|Win32
		{4E28FA8F-FAE8-4200-85B3-24CFF31C8EB3}.Release|Win32.Deploy.0 = Release|Win32
		{4E28FA8F-FAE8-4200-85B3-24CFF31C8EB3}.Release|x64.ActiveCfg = Release|x64
		{4E28FA8F-FAE8-4200-85B3-24CFF31C8EB3}.Release|x64.Build.0 = Release|x64
		{4E28FA8F-FAE8-4200-85B3-24CFF31C8EB3}.Release|x64.Deploy.0 = Release|x64
		{282995DF-5425-4180-AB4F-85245DB08C79}.Debug|Win32.ActiveCfg = Debug|Win32
		{282995DF-5425-4180-AB4F-85245DB08C79}.Debug|Win32.Build.0 = Debug|Win32
		{282995DF-5425-4180-AB4F-85245DB08C79}.Debug|Win32.Deploy.0 = Debug|Win32
		{282995DF-5425-4180-AB4F-85245DB08C79}.Debug|x64.ActiveCfg = Debug|x64
		{282995DF-5425-4180-AB4F-85245DB08C79}.Debug|x64.Build.0 = Debug|x64
		{282995DF-5425-4180-AB4F-85245DB08C79}.Debug|x64.Deploy.0 = Debug|x64
		{282995DF-5425-4180-AB4F-85245DB08C79}.Release|Win32.ActiveCfg = Release|Win32
		{282995DF-5425-4180-AB4F-85245DB08C79}.Release|Win32.Build.0 = Release|Win32
		{282995DF-5425-4180-AB4F-85245DB08C79}.Release|Win32.Deploy.0 = Release|Win32
		{282995DF-5425-4180-AB4F-85245DB08C79}.Release|x64.ActiveCfg = Release|x64
		{282995DF-5425-4180-AB4F-85245DB08C79}.Release|x64.Build.0 = Release|x64
		{282995DF-5425-4180-AB4F-85245DB08C79}.Release|x64.Deploy.0 = Release|x64
		{8D484095-E5FC-40BC-96A8-E83F98AB8268}.Debug|Win32.ActiveCfg = Debug|Win32
		{8D484095-E5FC-40BC-96A8-E83F98AB8268}.Debug|Win32.Build.0 = Debug|Win32
		{8D484095-E5FC-40BC-96A8-E83F98AB8268}.Debug|Win32.Deploy.0 = Debug|Win32
		{8D484095-E5FC-40BC-96A8-E83F98AB8268}.Debug|x64.ActiveCfg = Debug|x64
		{8D484095-E5FC-40BC-96A8-E83F98AB8268}.Debug|x64.Build.0 = Debug|x64
		{8D484095-E5FC-40BC-96A8-E83F98AB8268}.Debug|x64.Deploy.0 = Debug|x64
		{8D484095-E5FC-40BC-96A8-E83F98AB8268}.Release|Win32.ActiveCfg = Release|Win32
		{8D484095-E5FC-40BC-96A8-E83F98AB8268}.Release|Win32.Build.0 = Release|Win32
		{8D484095-E5FC-40BC-96A8-E83F98AB8268}.Release|Win32.Deploy.0 = Release|Win32
		{8D484095-E5FC-40BC-96A8-E83F98AB8268}.Release|x64.ActiveCfg = Release|x64
		{8D484095-E5FC-40BC-96A8-E83F98AB8268}.Release|x64.Build.0 = Release|x64
		{8D484095-E5FC-40BC-96A8-E83F98AB8268}.Release|x64.Deploy.0 = Release|x64
		{97E2D41A-A249-4925-B2ED-3AC78BF7F251}.Debug|Win32.ActiveCfg = Debug|Win32
		{97E2D41A-A249-4925-B2ED-3AC78BF7F251}.Debug|Win32.Build.0 = Debug|Win32
		{97E2D41A-A249-4925-B2ED-3AC78BF7F251}.Debug|Win32.Deploy.0 = Debug|Win32
		{97E2D41A-A249-4925-B2ED-3AC78BF7F251}.Debug|x64.ActiveCfg = Debug|x64
		{97E2D41A-A249-4925-B2ED-3AC78BF7F251}.Debug|x64.Build.0 = Debug|x64
		{97E2D41A-A249-4925-B2ED-3AC78BF7F251}.Debug|x64.Deploy.0 = Debug|x64
		{97E2D41A-A249-4925-B2ED-3AC78BF7F251}.Release|Win32.ActiveCfg = Release|Win32
		{97E2D41A-A249-4925-B2ED-3AC78BF7F251}.Release|Win32.Build.0 = Release|Win32
		{97E2D41A-A249-4925-B2ED-3AC78BF7F251}.Release|Win32.Deploy.0 = Release|Win32
		{97E2D41A-A249-4925-B2ED-3AC78BF7F251}.Release|x64.ActiveCfg = Release|x64
		{97E2D41A-A249-4925-B2ED-3AC78BF7F251}.Release|x64.Build.0 = Release|x64
		{97E2D41A-A249-4925-B2ED-3AC78BF7F251}.Release|x64.Deploy.0 = Release|x64
		{3B377030-0302-4437-A63B-385F4549A954}.Debug|Win32.ActiveCfg = Debug|Win32
		{3B377030-0302-4437-A63B-385F4549A954}.Debug|Win32.Build.0 = Debug|Win32
		{3B377030-0302-4437-A63B-385F4549A954}.Debug|Win32.Deploy.0 = Debug|Win32
		{3B377030-0302-4437-A63B-385F4549A954}.Debug|x64.ActiveCfg = Debug|x64
		{3B377030-0302-4437-A63B-385F4549A954}.Debug|x64.Build.0 = Debug|x64
		{3B377030-0302-4437-A63B-385F4549A954}.Debug|x64.Deploy.0 = Debug|x64
		{3B377030-0302-4437-A63B-385F4549A954}.Release|Win32.ActiveCfg = Release|Win32
		{3B377030-0302-4437-A63B-385F4549A954}.Release|Win32.Build.0 = Release|Win32
		{3B377030-0302-4437-A63B-385F4549A954}.Release|Win32.Deploy.0 = Release|Win32
		{3B377030-0302-4437-A63B-385F4549A954}.Release|x64.ActiveCfg = Release|x64
		{3B377030-0302-4437-A63B-385F4549A954}.Release|x64.Build.0 = Release|x64
		{3B377030-0302-4437-A63B-385F4549A954}.Release|x64.Deploy.0 = Release|x64
		{9BFA1E25-4E17-49D3-8109-0B7DF888F67F}.Debug|Win32.ActiveCfg = Debug|Win32
		{9BFA1E25-4E17-49D3-8109-0B7DF888F67F}.Debug|Win32.Build.0 = Debug|Win32
		{9BFA1E25-4E17-49D3-8109-0B7DF888F67F}.Debug|Win32.Deploy.0 = Debug|Win32
		{9BFA1E25-4E17-49D3-8109-0B7DF888F67F}.Debug|x64.ActiveCfg = Debug|x64
		{9BFA1E25-4E17-49D3-8109-0B7DF888F67F}.Debug|x64.Build.0 = Debug|x64
		{9BFA1E25-4E17-49D3-8109-0B7DF888F67F}.Debug|x64.Deploy.0 = Debug|x64
		{9BFA1E25-4E17-49D3-8109-0B7DF888F67F}.Release|Win32.ActiveCfg = Release|Win32
		{9BFA1E25-4E17-49D3-8109-0B7DF888F67F}.Release|Win32.Build.0 = Release|Win32
		{9BFA1E25-4E17-49D3-8109-0B7DF888F67F}.Release|Win32.Deploy.0 = Release|Win32
		{9BFA1E25-4E17-49D3-8109-0B7DF888F67F}.Release|x64.ActiveCfg = Release|x64
		{9BFA1E25-4E17-49D3-8109-0B7DF888F67F}.Release|x64.Build.0 = Release|x64
		{9BFA1E25-4E17-49D3-8109-0B7DF888F67F}.Release|x64.Deploy.0 = Release|x64
		{2537ED71-3FF8-4A8C-8673-8DA46736C9E5}.Debug|Win32.ActiveCfg = Debug|Win32
		{2537ED71-3FF8-4A8C-8673-8DA46736C9E5}.Debug|Win32.Build.0 = Debug|Win32
		{2537ED71-3FF8-4A8C-8673-8DA46736C9E5}.Debug|Win32.Deploy.0 = Debug|Win32
		{2537ED71-3FF8-4A8C-8673-8DA46736C9E5}.Debug|x64.ActiveCfg = Debug|x64
		{2537ED71-3FF8-4A8C-8673-8DA46736C9E5}.Debug|x64.Build.0 = Debug|x64
		{2537ED71-3FF8-4A8C-8673-8DA46736C9E5}.Debug|x64.Deploy.0 = Debug|x64
		{2537ED71-3FF8-4A8C-8673-8DA46736C9E5}.Release|Win32.ActiveCfg = Release|Win32
		{2537ED71-3FF8-4A8C-8673-8DA46736C9E5}.Release|Win32.Build.0 = Release|Win32
		{2537ED71-3FF8-4A8C-8673-8DA46736C9E5}.Release|Win32.Deploy.0 = Release|Win32
		{2537ED71-3FF8-4A8C-8673-8DA46736C9E5}.Release|x64.ActiveCfg = Release|x64
		{2537ED71-3FF8-4A8C-8673-8DA46736C9E5}.Release|x64.Build.0 = Release|x64
		{2537ED71-3FF8-4A8C-8673-8DA46736C9E5}.Release|x64.Deploy.0 = Release|x64
		{FBC34DAD-C7A4-4CC4-8EF8-DC521801F120}.Debug|Win32.ActiveCfg = Debug|Win32
		{FBC34DAD-C7A4-4CC4-8EF8-DC521801F120}.Debug|Win32.Build.0 = Debug|Win32
		{FBC34DAD-C7A4-4CC4-8EF8-DC521801F120}.Debug|Win32.Deploy.0 = Debug|Win32
		{FBC34DAD-C7A4-4CC4-8EF8-DC521801F120}.Debug|x64.ActiveCfg = Debug|x64
		{FBC34DAD-C7A4-4CC4-8EF8-DC521801F120}.Debug|x64.Build.0 = Debug|x64
		{FBC34DAD-C7A4-4CC4-8EF8-DC521801F120}.Debug|x64.Deploy.0 = Debug|x64
		{FBC34DAD-C7A4-4CC4-8EF8-DC521801F120}.Release|Win32.ActiveCfg = Release|Win32
		{FBC34DAD-C7A4-4CC4-8EF8-DC521801F120}.Release|Win32.Build.0 = Release|Win32
		{FBC34DAD-C7A4-4CC4-8EF8-DC521801F120}.Release|Win32.Deploy.0 = Release|Win32
		{FBC34DAD-C7A4-4CC4-8EF8-DC521801F120}.Release|x64.ActiveCfg = Release|x64
		{FBC34DAD-C7A4-4CC4-8EF8-DC521801F120}.Release|x64.Build.0 = Release|x64
		{FBC34DAD-C7A4-4CC4-8EF8-DC521801F120}.Release|x64.Deploy.0 = Release|x64
		{9AE22A07-DD34-44EF-8710-453B2DA2CF62}.Debug|Win32.ActiveCfg = Debug|Win32
		{9AE22A07-DD34-44EF-8710-453B2DA2CF62}.Debug|Win32.Build.0 = Debug|Win32
		{9AE22A07-DD34-44EF-8710-453B2DA2CF62}.Debug|Win32.Deploy.0 = Debug|Win32
		{9AE22A07-DD34-44EF-8710-453B2DA2CF62}.Debug|x64.ActiveCfg = Debug|x64
		{9AE22A07-DD34-44EF-8710-453B2DA2CF62}.Debug|x64.Build.0 = Debug|x64
		{9AE22A07-DD34-44EF-8710-453B2DA2CF62}.Debug|x64.Deploy.0 = Debug|x64
		{9AE22A07-DD34-44EF-8710-453B2DA2CF62}.Release|Win32.ActiveCfg = Release|Win32
		{9AE22A07-DD34-44EF-8710-453B2DA2CF62}.Release|Win32.Build.0 = Release|Win32
		{9AE22A07-DD34-44EF-8710-453B2DA2CF62}.Release|Win32.Deploy.0 = Release|Win32
		{9AE22A07-DD34-44EF-8710-453B2DA2CF62}.Release|x64.ActiveCfg = Release|x64
		{9AE22A07-DD34-44EF-8710-453B2DA2CF62}.Release|x64.Build.0 = Release|x64
		{9AE22A07-DD34-44EF-8710-453B2DA2CF62}.Release|x64.Deploy.0 = Release|x64
		{83D636A2-5547-49D3-BA3F-4510FE775B57}.Debug|Win32.ActiveCfg = Debug|Win32
		{83D636A2-5547-49D3-BA3F-4510FE775B57}.Debug|Win32.Build.0 = Debug|Win32
		{83D636A2-5547-49D3-BA3F-4510FE775B57}.Debug|Win32.Deploy.0 = Debug|Win32
		{83D636A2-5547-49D3-BA3F-4510FE775B57}.Debug|x64.ActiveCfg = Debug|x64
		{83D636A2-5547-49D3-BA3F-4510FE775B57}.Debug|x64.Build.0 = Debug|x64
		{83D636A2-5547-49D3-BA3F-4510FE775B57}.Debug|x64.Deploy.0 = Debug|x64
		{83D636A2-5547-49D3-BA3F-4510FE775B57}.Release|Win32.ActiveCfg = Release|Win32
		{83D636A2-5547-49D3-BA3F-4510FE775B57}.Release|Win32.Build.0 = Release|Win32
		{83D636A2-5547-49D3-BA3F-4510FE775B57}.Release|Win32.Deploy.0 = Release|Win32
		{83D636A2-5547-49D3-BA3F-4510FE775B57}.Release|x64.ActiveCfg = Release|x64
		{83D636A2-5547-49D3-BA3F-4510FE775B57}.Release|x64.Build.0 = Release|x64
		{83D636A2-5547-49D3-BA3F-4510FE775B57}.Release|x64.Deploy.0 = Release|x64
		{F9583208-99B3-4ABF-A861-D559E569CEAD}.Debug|Win32.ActiveCfg = Debug|Win32
		{F9583208-99B3-4ABF-A861-D559E569CEAD}.Debug|Win32.Build.0 = Debug|Win32
		{F9583208-99B3-4ABF-A861-D559E569CEAD}.Debug|Win32.Deploy.0 = Debug|Win32
		{F9583208-99B3-4ABF-A861-D559E569CEAD}.Debug|x64.ActiveCfg = Debug|x64
		{F9583208-99B3-4ABF-A861-D559E569CEAD}.Debug|x64.Build.0 = Debug|x64
		{F9583208-99B3-4ABF-A861-D559E569CEAD}.Debug|x64.Deploy.0 = Debug|x64
		{F9583208-99B3-4ABF-A861-D559E569CEAD}.Release|Win32.ActiveCfg = Release|Win32
		{F9583208-99B3-4ABF-A861-D559E569CEAD}.Release|Win32.Build.0 = Release|Win32
		{F9583208-99B3-4ABF-A861-D559E569CEAD}.Release|Win32.Deploy.0 = Release|Win32
		{F9583208-99B3-4ABF-A861-D559E569CEAD}.Release|x64.ActiveCfg = Release|x64
		{F9583208-99B3-4ABF-A861-D559E569CEAD}.Release|x64.Build.0 = Release|x64
		{F9583208-99B3-4ABF-A861-D559E569CEAD}.Release|x64.Deploy.0 = Release|x64
		{4102A7D8-7268-417D-9875-5DC25A61E5D0}.Debug|Win32.ActiveCfg = Debug|Win32
		{4102A7D8-7268-417D-9875-5DC25A61E5D0}.Debug|Win32.Build.0 = Debug|Win32
		{4102A7D8-7268-417D-9875-5DC25A61E5D0}.Debug|Win32.Deploy.0 = Debug|Win32
		{4102A7D8-7268-417D-9875-5DC25A61E5D0}.Debug|x64.ActiveCfg = Debug|x64
		{4102A7D8-7268-417D-9875-5DC25A61E5D0}.Debug|x64.Build.0 = Debug|x64
		{4102A7D8-7268-417D-9875-5DC25A61E5D0}.Debug|x64.Deploy.0 = Debug|x64
		{4102A7D8-7268-417D-9875-5DC25A61E5D0}.Release|Win32.ActiveCfg = Release|Win32
		{4102A7D8-7268-417D-9875-5DC25A61E5D0}.Release|Win32.Build.0 = Release|Win32
		{4102A7D8-7268-417D-9875-5DC25A61E5D0}.Release|Win32.Deploy.0 = Release|Win32
		{4102A7D8-7268-417D-9875-5DC25A61E5D0}.Release|x64.ActiveCfg = Release|x64
		{4102A7D8-7268-417D-9875-5DC25A61E5D0}.Release|x64.Build.0 = Release|x64
		{4102A7D8-7268-417D-9875-5DC25A61E5D0}.Release|x64.Deploy.0 = Release|x64
		{60923F14-6F3F-4EB9-9F90-EE08B2D282F0}.Debug|Win32.ActiveCfg = Debug|Win32
		{60923F14-6F3F-4EB9-9F90-EE08B2D282F0}.Debug|Win32.Build.0 = Debug|Win32
		{60923F14-6F3F-4EB9-9F90-EE08B2D282F0}.Debug|Win32.Deploy.0 = Debug|Win32
		{60923F14-6F3F-4EB9-9F90-EE08B2D282F0}.Debug|x64.ActiveCfg = Debug|x64
		{60923F14-6F3F-4EB9-9F90-EE08B2D282F0}.Debug|x64.Build.0 = Debug|x64
		{60923F14-6F3F-4EB9-9F90-EE08B2D282F0}.Debug|x64.Deploy.0 = Debug|x64
		{60923F14-6F3F-4EB9-9F90-EE08B2D282F0}.Release|Win32.ActiveCfg = Release|Win32
		{60923F14-6F3F-4EB9-9F90-EE08B2D282F0}.Release|Win32.Build.0 = Release|Win32
		{60923F14-6F3F-4EB9-9F90-EE08B2D282F0}.Release|Win32.Deploy.0 = Release|Win32
		{60923F14-6F3F-4EB9-9F90-EE08B2D282F0}.Release|x64.ActiveCfg = Release|x64
		{60923F14-6F3F-4EB9-9F90-EE08B2D282F0}.Release|x64.Build.0 = Release|x64
		{60923F14-6F3F-4EB9-9F90-EE08B2D282F0}.Release|x64.Deploy.0 = Release|x64
		{35386966-C735-4388-939B-4BFF3D52E1B3}.Debug|Win32.ActiveCfg = Debug|Win32
		{35386966-C735-4388-939B-4BFF3D52E1B3}.Debug|Win32.Build.0 = Debug|Win32
		{35386966-C735-4388-939B-4BFF3D52E1B3}.Debug|Win32.Deploy.0 = Debug|Win32
		{35386966-C735-4388-939B-4BFF3D52E1B3}.Debug|x64.ActiveCfg = Debug|x64
		{35386966-C735-4388-939B-4BFF3D52E1B3}.Debug|x64.Build.0 = Debug|x64
		{35386966-C735-4388-939B-4BFF3D52E1B3}.Debug|x64.Deploy.0 = Debug|x64
		{35386966-C735-4388-939B-4BFF3D52E1B3}.Release|Win32.ActiveCfg = Release|Win32
		{35386966-C735-4388-939B-4BFF3D52E1B3}.Release|Win32.Build.0 = Release|Win32
		{35386966-C735-4388-939B-4BFF3D52E1B3}.Release|Win32.Deploy.0 = Release|Win32
		{35386966-C735-4388-939B-4BFF3D52E1B3}.Release|x64.ActiveCfg = Release|x64
		{35386966-C735-4388-939B-4BFF3D52E1B3}.Release|x64.Build.0 = Release|x64
		{35386966-C735-4388-939B-4BFF3D52E1B3}.Release|x64.Deploy.0 = Release|x64
		{A9B9E024-B20C-4CB7-8E13-C973C57A143F}.Debug|Win32.ActiveCfg = Debug|Win32
		{A9B9E024-B20C-4CB7-8E13-C973C57A143F}.Debug|Win32.Build.0 = Debug|Win32
		{A9B9E024-B20C-4CB7-8E13-C973C57A143F}.Debug|Win32.Deploy.0 = Debug|Win32
		{A9B9E024-B20C-4CB7-8E13-C973C57A143F}.Debug|x64.ActiveCfg = Debug|x64
		{A9B9E024-B20C-4CB7-8E13-C973C57A143F}.Debug|x64.Build.0 = Debug|x64
		{A9B9E024-B20C-4CB7-8E13-C973C57A143F}.Debug|x64.Deploy.0 = Debug|x64
		{A9B9E024-B20C-4CB7-8E13-C973C57A143F}.Release|Win32.ActiveCfg = Release|Win32
		{A9B9E024-B20C-4CB7-8E13-C973C57A143F}.Release|Win32.Build.0 = Release|Win32
		{A9B9E024-B20C-4CB7-8E13-C973C57A143F}.Release|Win32.Deploy.0 = Release|Win32
		{A9B9E024-B20C-4CB7-8E13-C973C57A143F}.Release|x64.ActiveCfg = Release|x64
		{A9B9E024-B20C-4CB7-8E13-C973C57A143F}.Release|x64.Build.0 = Release|x64
		{A9B9E024-B20C-4CB7-8E13-C973C57A143F}.Release|x64.Deploy.0 = Release|x64
		{B3780342-5E9E-48A3-818A-DBF6D489E377}.Debug|Win32.ActiveCfg = Debug|Win32
		{B3780342-5E9E-48A3-818A-DBF6D489E377}.Debug|Win32.Build.0 = Debug|Win32
		{B3780342-5E9E-48A3-818A-DBF6D489E377}.Debug|Win32.Deploy.0 = Debug|Win32
		{B3780342-5E9E-48A3-818A-DBF6D489E377}.Debug|x64.ActiveCfg = Debug|x64
		{B3780342-5E9E-48A3-818A-DBF6D489E377}.Debug|x64.Build.0 = Debug|x64
		{B3780342-5E9E-48A3-818A-DBF6D489E377}.Debug|x64.Deploy.0 = Debug|x64
		{B3780342-5E9E-48A3-818A-DBF6D489E377}.Release|Win32.ActiveCfg = Release|Win32
		{B3780342-5E9E-48A3-818A-DBF6D489E377}.Release|Win32.Build.0 = Release|Win32
		{B3780342-5E9E-48A3-818A-DBF6D489E377}.Release|Win32.Deploy.0 = Release|Win32
		{B3780342-5E9E-48A3-818A-DBF6D489E377}.Release|x64.ActiveCfg = Release|x64
		{B3780342-5E9E-48A3-818A-DBF6D489E377}.Release|x64.Build.0 = Release|x64
		{B3780342-5E9E-48A3-818A-DBF6D489E377}.Release|x64.Deploy.0 = Release|x64
		{AA3EEAF6-FC59-40A3-9F6C-E4D06CC67958}.Debug|Win32.ActiveCfg = Debug|Win32
		{AA3EEAF6-FC59-40A3-9F6C-E4D06CC67958}.Debug|Win32.Build.0 = Debug|Win32
		{AA3EEAF6-FC59-40A3-9F6C-E4D06CC67958}.Debug|Win32.Deploy.0 = Debug|Win32
		{AA3EEAF6-FC59-40A3-9F6C-E4D06CC67958}.Debug|x64.ActiveCfg = Debug|x64
		{AA3EEAF6-FC59-40A3-9F6C-E4D06CC67958}.Debug|x64.Build.0 = Debug|x64
		{AA3EEAF6-FC59-40A3-9F6C-E4D06CC67958}.Debug|x64.Deploy.0 = Debug|x64
		{AA3EEAF6-FC59-40A3-9F6C-E4D06CC67958}.Release|Win32.ActiveCfg = Release|Win32
		{AA3EEAF6-FC59-40A3-9F6C-E4D06CC67958}.Release|Win32.Build.0 = Release|Win32
		{AA3EEAF6-FC59-40A3-9F6C-E4D06CC67958}.Release|Win32.Deploy.0 = Release|Win32
		{AA3EEAF6-FC59-40A3-9F6C-E4D06CC67958}.Release|x64.ActiveCfg = Release|x64
		{AA3EEAF6-FC59-40A3-9F6C-E4D06CC67958}.Release|x64.Build.0 = Release|x64
		{AA3EEAF6-FC59-40A3-9F6C-E4D06CC67958}.Release|x64.Deploy.0 = Release|x64
	EndGlobalSection
	GlobalSection(SolutionProperties) = preSolution
		HideSolutionNode = FALSE
	EndGlobalSection
EndGlobal
