<?xml version="1.0" encoding="utf-8"?>
<Project ToolsVersion="4.0" xmlns="http://schemas.microsoft.com/developer/msbuild/2003">
  <ItemGroup>
    <ClCompile Include="Actor.cpp" />
    <ClCompile Include="Animation.cpp" />
    <ClCompile Include="AudioEngine.cpp" />
    <ClCompile Include="BoneTransform.cpp" />
    <ClCompile Include="CameraComponent.cpp" />
    <ClCompile Include="CameraTargetActor.cpp" />
    <ClCompile Include="CircleComponent.cpp" />
    <ClCompile Include="Component.cpp" />
    <ClCompile Include="CubeActor.cpp" />
    <ClCompile Include="EnemyActor.cpp" />
    <ClCompile Include="EnemyCombatSystem.cpp" />
    <ClCompile Include="EnemyMoveComponent.cpp" />
    <ClCompile Include="Font.cpp" />
    <ClCompile Include="Game.cpp" />
    <ClCompile Include="GBuffer.cpp" />
    <ClCompile Include="Generator.cpp" />
    <ClCompile Include="GUI.cpp" />
    <ClCompile Include="HUD.cpp" />
    <ClCompile Include="HudElement.cpp" />
    <ClCompile Include="InputSystem.cpp" />
    <ClCompile Include="LevelUpSystem.cpp" />
    <ClCompile Include="Main.cpp" />
    <ClCompile Include="Math.cpp" />
    <ClCompile Include="Mesh.cpp" />
    <ClCompile Include="MeshComponent.cpp" />
    <ClCompile Include="MoveComponent.cpp" />
    <ClCompile Include="PlaneActor.cpp" />
    <ClCompile Include="PlayerCombatSystem.cpp" />
    <ClCompile Include="PointLightComponent.cpp" />
    <ClCompile Include="Renderer.cpp" />
    <ClCompile Include="room.cpp" />
    <ClCompile Include="Shader.cpp" />
    <ClCompile Include="SkeletalMeshComponent.cpp" />
    <ClCompile Include="Skeleton.cpp" />
    <ClCompile Include="SpriteComponent.cpp" />
    <ClCompile Include="Texture.cpp" />
    <ClCompile Include="TopDownCamera.cpp" />
    <ClCompile Include="VertexArray.cpp" />
    <ClCompile Include="StairActor.cpp" />
    <ClCompile Include="BossSprite.cpp" />
    <ClCompile Include="SkeletonSprite.cpp" />
    <ClCompile Include="KnightSprite.cpp" />
    <ClCompile Include="VictorySprite.cpp" />
    <ClCompile Include="TextBox.cpp" />
    <ClCompile Include="HealthBar.cpp" />
  </ItemGroup>
  <ItemGroup>
    <ClInclude Include="Actor.h" />
    <ClInclude Include="Animation.h" />
    <ClInclude Include="AudioEngine.h" />
    <ClInclude Include="BoneTransform.h" />
    <ClInclude Include="CameraComponent.h" />
    <ClInclude Include="CameraTargetActor.h" />
    <ClInclude Include="CircleComponent.h" />
    <ClInclude Include="Component.h" />
    <ClInclude Include="CubeActor.h" />
    <ClInclude Include="EnemyActor.h" />
    <ClInclude Include="EnemyCombatSystem.h" />
    <ClInclude Include="EnemyMoveComponent.h" />
    <ClInclude Include="Font.h" />
    <ClInclude Include="Game.h" />
    <ClInclude Include="GBuffer.h" />
    <ClInclude Include="Generator.h" />
    <ClInclude Include="GUI.h" />
    <ClInclude Include="HUD.h" />
    <ClInclude Include="HudElement.h" />
    <ClInclude Include="InputSystem.h" />
    <ClInclude Include="LevelUpSystem.h" />
    <ClInclude Include="Math.h" />
    <ClInclude Include="MatrixPalette.h" />
    <ClInclude Include="Mesh.h" />
    <ClInclude Include="MeshComponent.h" />
    <ClInclude Include="MoveComponent.h" />
    <ClInclude Include="PlaneActor.h" />
    <ClInclude Include="PlayerCombatSystem.h" />
    <ClInclude Include="PointLightComponent.h" />
    <ClInclude Include="Renderer.h" />
    <ClInclude Include="room.h" />
    <ClInclude Include="Shader.h" />
    <ClInclude Include="SkeletalMeshComponent.h" />
    <ClInclude Include="Skeleton.h" />
    <ClInclude Include="SpriteComponent.h" />
    <ClInclude Include="Texture.h" />
    <ClInclude Include="TopDownCamera.h" />
    <ClInclude Include="VertexArray.h" />
    <ClInclude Include="StairActor.h" />
    <ClInclude Include="BossSprite.h" />
    <ClInclude Include="SkeletonSprite.h" />
    <ClInclude Include="KnightSprite.h" />
    <ClInclude Include="VictorySprite.h" />
    <ClInclude Include="TextBox.h" />
    <ClInclude Include="HealthBar.h" />
  </ItemGroup>
  <ItemGroup>
    <None Include="Shaders\BasicMesh.frag" />
    <None Include="Shaders\BasicMesh.vert" />
    <None Include="Shaders\DepthMap.frag" />
    <None Include="Shaders\DepthMap.vert" />
    <None Include="Shaders\GBufferGlobal.frag" />
    <None Include="Shaders\GBufferGlobal.vert" />
    <None Include="Shaders\GBufferPointLight.frag" />
    <None Include="Shaders\GBufferWrite.frag" />
    <None Include="Shaders\Phong.frag" />
    <None Include="Shaders\Phong.vert" />
    <None Include="Shaders\Shadows.frag" />
    <None Include="Shaders\Shadows.vert" />
    <None Include="Shaders\Skinned.vert" />
    <None Include="Shaders\Sprite.frag" />
    <None Include="Shaders\Sprite.vert" />
  </ItemGroup>
</Project>