<?xml version="1.0" encoding="utf-8"?>
<Project ToolsVersion="4.0" xmlns="http://schemas.microsoft.com/developer/msbuild/2003">
  <ItemGroup>
    <Filter Include="Source Files">
      <UniqueIdentifier>{4FC737F1-C7A5-4376-A066-2A32D752A2FF}</UniqueIdentifier>
      <Extensions>cpp;c;cc;cxx;def;odl;idl;hpj;bat;asm;asmx</Extensions>
    </Filter>
    <Filter Include="Shaders">
      <UniqueIdentifier>{12a47348-9a6e-404a-8d7e-2ffa91eb59f6}</UniqueIdentifier>
    </Filter>
    <Filter Include="Headers">
      <UniqueIdentifier>{69beb0cb-806c-4e64-a585-c127f0c912dd}</UniqueIdentifier>
    </Filter>
  </ItemGroup>
  <ItemGroup>
    <ClCompile Include="Actor.cpp">
      <Filter>Source Files</Filter>
    </ClCompile>
    <ClCompile Include="Component.cpp">
      <Filter>Source Files</Filter>
    </ClCompile>
    <ClCompile Include="Game.cpp">
      <Filter>Source Files</Filter>
    </ClCompile>
    <ClCompile Include="Main.cpp">
      <Filter>Source Files</Filter>
    </ClCompile>
    <ClCompile Include="Math.cpp">
      <Filter>Source Files</Filter>
    </ClCompile>
    <ClCompile Include="SpriteComponent.cpp">
      <Filter>Source Files</Filter>
    </ClCompile>
    <ClCompile Include="CircleComponent.cpp">
      <Filter>Source Files</Filter>
    </ClCompile>
    <ClCompile Include="MoveComponent.cpp">
      <Filter>Source Files</Filter>
    </ClCompile>
    <ClCompile Include="Shader.cpp">
      <Filter>Source Files</Filter>
    </ClCompile>
    <ClCompile Include="Texture.cpp">
      <Filter>Source Files</Filter>
    </ClCompile>
    <ClCompile Include="VertexArray.cpp">
      <Filter>Source Files</Filter>
    </ClCompile>
    <ClCompile Include="Mesh.cpp">
      <Filter>Source Files</Filter>
    </ClCompile>
    <ClCompile Include="Renderer.cpp">
      <Filter>Source Files</Filter>
    </ClCompile>
    <ClCompile Include="MeshComponent.cpp">
      <Filter>Source Files</Filter>
    </ClCompile>
    <ClCompile Include="PlaneActor.cpp">
      <Filter>Source Files</Filter>
    </ClCompile>
    <ClCompile Include="AudioEngine.cpp">
      <Filter>Source Files</Filter>
    </ClCompile>
    <ClCompile Include="GUI.cpp">
      <Filter>Source Files</Filter>
    </ClCompile>
    <ClCompile Include="InputSystem.cpp">
      <Filter>Source Files</Filter>
    </ClCompile>
    <ClCompile Include="CameraComponent.cpp">
      <Filter>Source Files</Filter>
    </ClCompile>
    <ClCompile Include="TopDownCamera.cpp">
      <Filter>Source Files</Filter>
    </ClCompile>
    <ClCompile Include="CameraTargetActor.cpp">
      <Filter>Source Files</Filter>
    </ClCompile>
    <ClCompile Include="GBuffer.cpp">
      <Filter>Source Files</Filter>
    </ClCompile>
    <ClCompile Include="PointLightComponent.cpp">
      <Filter>Source Files</Filter>
    </ClCompile>
    <ClCompile Include="ShadowInfo.cpp">
      <Filter>Source Files</Filter>
    </ClCompile>
    <ClCompile Include="CubeActor.cpp">
      <Filter>Source Files</Filter>
    </ClCompile>
    <ClCompile Include="PlayerCombatSystem.cpp">
      <Filter>Source Files</Filter>
    </ClCompile>
    <ClCompile Include="EnemyCombatSystem.cpp">
      <Filter>Source Files</Filter>
    </ClCompile>
    <ClCompile Include="LevelUpSystem.cpp">
      <Filter>Source Files</Filter>
    </ClCompile>
    <ClCompile Include="enemy.cpp">
      <Filter>Source Files</Filter>
    </ClCompile>
    <ClCompile Include="Generator.cpp">
      <Filter>Source Files</Filter>
    </ClCompile>
    <ClCompile Include="room.cpp">
      <Filter>Source Files</Filter>
    </ClCompile>
    <ClCompile Include="Font.cpp">
      <Filter>Source Files</Filter>
    </ClCompile>
  </ItemGroup>
  <ItemGroup>
    <ClInclude Include="Actor.h">
      <Filter>Headers</Filter>
    </ClInclude>
    <ClInclude Include="AudioEngine.h">
      <Filter>Headers</Filter>
    </ClInclude>
    <ClInclude Include="CircleComponent.h">
      <Filter>Headers</Filter>
    </ClInclude>
    <ClInclude Include="Component.h">
      <Filter>Headers</Filter>
    </ClInclude>
    <ClInclude Include="Game.h">
      <Filter>Headers</Filter>
    </ClInclude>
    <ClInclude Include="GUI.h">
      <Filter>Headers</Filter>
    </ClInclude>
    <ClInclude Include="InputSystem.h">
      <Filter>Headers</Filter>
    </ClInclude>
    <ClInclude Include="Math.h">
      <Filter>Headers</Filter>
    </ClInclude>
    <ClInclude Include="Mesh.h">
      <Filter>Headers</Filter>
    </ClInclude>
    <ClInclude Include="MeshComponent.h">
      <Filter>Headers</Filter>
    </ClInclude>
    <ClInclude Include="MoveComponent.h">
      <Filter>Headers</Filter>
    </ClInclude>
    <ClInclude Include="PlaneActor.h">
      <Filter>Headers</Filter>
    </ClInclude>
    <ClInclude Include="Renderer.h">
      <Filter>Headers</Filter>
    </ClInclude>
    <ClInclude Include="Shader.h">
      <Filter>Headers</Filter>
    </ClInclude>
    <ClInclude Include="Texture.h">
      <Filter>Headers</Filter>
    </ClInclude>
    <ClInclude Include="SpriteComponent.h">
      <Filter>Headers</Filter>
    </ClInclude>
    <ClInclude Include="VertexArray.h">
      <Filter>Headers</Filter>
    </ClInclude>
    <ClInclude Include="CameraComponent.h">
      <Filter>Headers</Filter>
    </ClInclude>
    <ClInclude Include="TopDownCamera.h">
      <Filter>Headers</Filter>
    </ClInclude>
    <ClInclude Include="CameraTargetActor.h">
      <Filter>Headers</Filter>
    </ClInclude>
    <ClInclude Include="GBuffer.h">
      <Filter>Headers</Filter>
    </ClInclude>
    <ClInclude Include="PointLightComponent.h">
      <Filter>Headers</Filter>
    </ClInclude>
    <ClInclude Include="ShadowInfo.h">
      <Filter>Headers</Filter>
    </ClInclude>
    <ClInclude Include="CubeActor.h">
      <Filter>Headers</Filter>
    </ClInclude>
    <ClInclude Include="enemy.h">
      <Filter>Headers</Filter>
    </ClInclude>
    <ClInclude Include="EnemyCombatSystem.h">
      <Filter>Headers</Filter>
    </ClInclude>
    <ClInclude Include="Generator.h">
      <Filter>Headers</Filter>
    </ClInclude>
    <ClInclude Include="LevelUpSystem.h">
      <Filter>Headers</Filter>
    </ClInclude>
    <ClInclude Include="PlayerCombatSystem.h">
      <Filter>Headers</Filter>
    </ClInclude>
    <ClInclude Include="room.h">
      <Filter>Headers</Filter>
    </ClInclude>
    <ClInclude Include="Font.h">
      <Filter>Headers</Filter>
    </ClInclude>
  </ItemGroup>
  <ItemGroup>
    <None Include="Shaders\Sprite.frag">
      <Filter>Shaders</Filter>
    </None>
    <None Include="Shaders\Sprite.vert">
      <Filter>Shaders</Filter>
    </None>
    <None Include="Shaders\BasicMesh.frag">
      <Filter>Shaders</Filter>
    </None>
    <None Include="Shaders\BasicMesh.vert">
      <Filter>Shaders</Filter>
    </None>
    <None Include="Shaders\Phong.frag">
      <Filter>Shaders</Filter>
    </None>
    <None Include="Shaders\Phong.vert">
      <Filter>Shaders</Filter>
    </None>
    <None Include="Shaders\GBufferGlobal.vert">
      <Filter>Shaders</Filter>
    </None>
    <None Include="Shaders\GBufferGlobal.frag">
      <Filter>Shaders</Filter>
    </None>
    <None Include="Shaders\GBufferPointLight.frag">
      <Filter>Shaders</Filter>
    </None>
    <None Include="Shaders\GBufferWrite.frag">
      <Filter>Shaders</Filter>
    </None>
    <None Include="Shaders\Skinned.vert">
      <Filter>Shaders</Filter>
    </None>
    <None Include="Shaders\Shadows.frag">
      <Filter>Shaders</Filter>
    </None>
    <None Include="Shaders\Shadows.vert">
      <Filter>Shaders</Filter>
    </None>
    <None Include="Shaders\DepthMap.frag">
      <Filter>Shaders</Filter>
    </None>
    <None Include="Shaders\DepthMap.vert">
      <Filter>Shaders</Filter>
    </None>
  </ItemGroup>
</Project>