
Microsoft Visual Studio Solution File, Format Version 11.00
# Visual Studio Version 16
Project("{8BC9CEB8-8B4A-11D0-8D11-00A0C91BC942}") = "3d", "3d.vcxproj", "{F631A5B1-1784-46B7-983E-D38A366E7F4F}"
EndProject
Project("{8BC9CEB8-8B4A-11D0-8D11-00A0C91BC942}") = "3d_multi", "3d_multi.vcxproj", "{BF0BB14B-1147-46E7-8E33-3AF99B481B59}"
EndProject
Project("{8BC9CEB8-8B4A-11D0-8D11-00A0C91BC942}") = "event_parameter", "event_parameter.vcxproj", "{77102F5E-8155-44EC-8BA0-A26E6D31D31A}"
EndProject
Project("{8BC9CEB8-8B4A-11D0-8D11-00A0C91BC942}") = "load_banks", "load_banks.vcxproj", "{EF4A66AA-4176-45CA-8753-0C353AE2FAF2}"
EndProject
Project("{8BC9CEB8-8B4A-11D0-8D11-00A0C91BC942}") = "music_callbacks", "music_callbacks.vcxproj", "{3E05B4F6-F4FD-46C4-B5BE-A1B05AEA2696}"
EndProject
Project("{8BC9CEB8-8B4A-11D0-8D11-00A0C91BC942}") = "objectpan", "objectpan.vcxproj", "{25F371A9-4CB3-440A-91D5-7A9DC04B02FE}"
EndProject
Project("{8BC9CEB8-8B4A-11D0-8D11-00A0C91BC942}") = "programmer_sound", "programmer_sound.vcxproj", "{DEE19CA5-4C85-4CE7-ACFC-6493291F69CF}"
EndProject
Project("{8BC9CEB8-8B4A-11D0-8D11-00A0C91BC942}") = "recording_playback", "recording_playback.vcxproj", "{DC2E1A17-2AB4-48A5-B113-4A4AF215A859}"
EndProject
Project("{8BC9CEB8-8B4A-11D0-8D11-00A0C91BC942}") = "simple_event", "simple_event.vcxproj", "{CC04666F-D121-4A48-BE37-54C15877636C}"
EndProject
Global
	GlobalSection(SolutionConfigurationPlatforms) = preSolution
		Debug|Win32 = Debug|Win32
		Debug|x64 = Debug|x64
		Release|Win32 = Release|Win32
		Release|x64 = Release|x64
	EndGlobalSection
	GlobalSection(ProjectConfigurationPlatforms) = postSolution
		{F631A5B1-1784-46B7-983E-D38A366E7F4F}.Debug|Win32.ActiveCfg = Debug|Win32
		{F631A5B1-1784-46B7-983E-D38A366E7F4F}.Debug|Win32.Build.0 = Debug|Win32
		{F631A5B1-1784-46B7-983E-D38A366E7F4F}.Debug|Win32.Deploy.0 = Debug|Win32
		{F631A5B1-1784-46B7-983E-D38A366E7F4F}.Debug|x64.ActiveCfg = Debug|x64
		{F631A5B1-1784-46B7-983E-D38A366E7F4F}.Debug|x64.Build.0 = Debug|x64
		{F631A5B1-1784-46B7-983E-D38A366E7F4F}.Debug|x64.Deploy.0 = Debug|x64
		{F631A5B1-1784-46B7-983E-D38A366E7F4F}.Release|Win32.ActiveCfg = Release|Win32
		{F631A5B1-1784-46B7-983E-D38A366E7F4F}.Release|Win32.Build.0 = Release|Win32
		{F631A5B1-1784-46B7-983E-D38A366E7F4F}.Release|Win32.Deploy.0 = Release|Win32
		{F631A5B1-1784-46B7-983E-D38A366E7F4F}.Release|x64.ActiveCfg = Release|x64
		{F631A5B1-1784-46B7-983E-D38A366E7F4F}.Release|x64.Build.0 = Release|x64
		{F631A5B1-1784-46B7-983E-D38A366E7F4F}.Release|x64.Deploy.0 = Release|x64
		{BF0BB14B-1147-46E7-8E33-3AF99B481B59}.Debug|Win32.ActiveCfg = Debug|Win32
		{BF0BB14B-1147-46E7-8E33-3AF99B481B59}.Debug|Win32.Build.0 = Debug|Win32
		{BF0BB14B-1147-46E7-8E33-3AF99B481B59}.Debug|Win32.Deploy.0 = Debug|Win32
		{BF0BB14B-1147-46E7-8E33-3AF99B481B59}.Debug|x64.ActiveCfg = Debug|x64
		{BF0BB14B-1147-46E7-8E33-3AF99B481B59}.Debug|x64.Build.0 = Debug|x64
		{BF0BB14B-1147-46E7-8E33-3AF99B481B59}.Debug|x64.Deploy.0 = Debug|x64
		{BF0BB14B-1147-46E7-8E33-3AF99B481B59}.Release|Win32.ActiveCfg = Release|Win32
		{BF0BB14B-1147-46E7-8E33-3AF99B481B59}.Release|Win32.Build.0 = Release|Win32
		{BF0BB14B-1147-46E7-8E33-3AF99B481B59}.Release|Win32.Deploy.0 = Release|Win32
		{BF0BB14B-1147-46E7-8E33-3AF99B481B59}.Release|x64.ActiveCfg = Release|x64
		{BF0BB14B-1147-46E7-8E33-3AF99B481B59}.Release|x64.Build.0 = Release|x64
		{BF0BB14B-1147-46E7-8E33-3AF99B481B59}.Release|x64.Deploy.0 = Release|x64
		{77102F5E-8155-44EC-8BA0-A26E6D31D31A}.Debug|Win32.ActiveCfg = Debug|Win32
		{77102F5E-8155-44EC-8BA0-A26E6D31D31A}.Debug|Win32.Build.0 = Debug|Win32
		{77102F5E-8155-44EC-8BA0-A26E6D31D31A}.Debug|Win32.Deploy.0 = Debug|Win32
		{77102F5E-8155-44EC-8BA0-A26E6D31D31A}.Debug|x64.ActiveCfg = Debug|x64
		{77102F5E-8155-44EC-8BA0-A26E6D31D31A}.Debug|x64.Build.0 = Debug|x64
		{77102F5E-8155-44EC-8BA0-A26E6D31D31A}.Debug|x64.Deploy.0 = Debug|x64
		{77102F5E-8155-44EC-8BA0-A26E6D31D31A}.Release|Win32.ActiveCfg = Release|Win32
		{77102F5E-8155-44EC-8BA0-A26E6D31D31A}.Release|Win32.Build.0 = Release|Win32
		{77102F5E-8155-44EC-8BA0-A26E6D31D31A}.Release|Win32.Deploy.0 = Release|Win32
		{77102F5E-8155-44EC-8BA0-A26E6D31D31A}.Release|x64.ActiveCfg = Release|x64
		{77102F5E-8155-44EC-8BA0-A26E6D31D31A}.Release|x64.Build.0 = Release|x64
		{77102F5E-8155-44EC-8BA0-A26E6D31D31A}.Release|x64.Deploy.0 = Release|x64
		{EF4A66AA-4176-45CA-8753-0C353AE2FAF2}.Debug|Win32.ActiveCfg = Debug|Win32
		{EF4A66AA-4176-45CA-8753-0C353AE2FAF2}.Debug|Win32.Build.0 = Debug|Win32
		{EF4A66AA-4176-45CA-8753-0C353AE2FAF2}.Debug|Win32.Deploy.0 = Debug|Win32
		{EF4A66AA-4176-45CA-8753-0C353AE2FAF2}.Debug|x64.ActiveCfg = Debug|x64
		{EF4A66AA-4176-45CA-8753-0C353AE2FAF2}.Debug|x64.Build.0 = Debug|x64
		{EF4A66AA-4176-45CA-8753-0C353AE2FAF2}.Debug|x64.Deploy.0 = Debug|x64
		{EF4A66AA-4176-45CA-8753-0C353AE2FAF2}.Release|Win32.ActiveCfg = Release|Win32
		{EF4A66AA-4176-45CA-8753-0C353AE2FAF2}.Release|Win32.Build.0 = Release|Win32
		{EF4A66AA-4176-45CA-8753-0C353AE2FAF2}.Release|Win32.Deploy.0 = Release|Win32
		{EF4A66AA-4176-45CA-8753-0C353AE2FAF2}.Release|x64.ActiveCfg = Release|x64
		{EF4A66AA-4176-45CA-8753-0C353AE2FAF2}.Release|x64.Build.0 = Release|x64
		{EF4A66AA-4176-45CA-8753-0C353AE2FAF2}.Release|x64.Deploy.0 = Release|x64
		{3E05B4F6-F4FD-46C4-B5BE-A1B05AEA2696}.Debug|Win32.ActiveCfg = Debug|Win32
		{3E05B4F6-F4FD-46C4-B5BE-A1B05AEA2696}.Debug|Win32.Build.0 = Debug|Win32
		{3E05B4F6-F4FD-46C4-B5BE-A1B05AEA2696}.Debug|Win32.Deploy.0 = Debug|Win32
		{3E05B4F6-F4FD-46C4-B5BE-A1B05AEA2696}.Debug|x64.ActiveCfg = Debug|x64
		{3E05B4F6-F4FD-46C4-B5BE-A1B05AEA2696}.Debug|x64.Build.0 = Debug|x64
		{3E05B4F6-F4FD-46C4-B5BE-A1B05AEA2696}.Debug|x64.Deploy.0 = Debug|x64
		{3E05B4F6-F4FD-46C4-B5BE-A1B05AEA2696}.Release|Win32.ActiveCfg = Release|Win32
		{3E05B4F6-F4FD-46C4-B5BE-A1B05AEA2696}.Release|Win32.Build.0 = Release|Win32
		{3E05B4F6-F4FD-46C4-B5BE-A1B05AEA2696}.Release|Win32.Deploy.0 = Release|Win32
		{3E05B4F6-F4FD-46C4-B5BE-A1B05AEA2696}.Release|x64.ActiveCfg = Release|x64
		{3E05B4F6-F4FD-46C4-B5BE-A1B05AEA2696}.Release|x64.Build.0 = Release|x64
		{3E05B4F6-F4FD-46C4-B5BE-A1B05AEA2696}.Release|x64.Deploy.0 = Release|x64
		{25F371A9-4CB3-440A-91D5-7A9DC04B02FE}.Debug|Win32.ActiveCfg = Debug|Win32
		{25F371A9-4CB3-440A-91D5-7A9DC04B02FE}.Debug|Win32.Build.0 = Debug|Win32
		{25F371A9-4CB3-440A-91D5-7A9DC04B02FE}.Debug|Win32.Deploy.0 = Debug|Win32
		{25F371A9-4CB3-440A-91D5-7A9DC04B02FE}.Debug|x64.ActiveCfg = Debug|x64
		{25F371A9-4CB3-440A-91D5-7A9DC04B02FE}.Debug|x64.Build.0 = Debug|x64
		{25F371A9-4CB3-440A-91D5-7A9DC04B02FE}.Debug|x64.Deploy.0 = Debug|x64
		{25F371A9-4CB3-440A-91D5-7A9DC04B02FE}.Release|Win32.ActiveCfg = Release|Win32
		{25F371A9-4CB3-440A-91D5-7A9DC04B02FE}.Release|Win32.Build.0 = Release|Win32
		{25F371A9-4CB3-440A-91D5-7A9DC04B02FE}.Release|Win32.Deploy.0 = Release|Win32
		{25F371A9-4CB3-440A-91D5-7A9DC04B02FE}.Release|x64.ActiveCfg = Release|x64
		{25F371A9-4CB3-440A-91D5-7A9DC04B02FE}.Release|x64.Build.0 = Release|x64
		{25F371A9-4CB3-440A-91D5-7A9DC04B02FE}.Release|x64.Deploy.0 = Release|x64
		{DEE19CA5-4C85-4CE7-ACFC-6493291F69CF}.Debug|Win32.ActiveCfg = Debug|Win32
		{DEE19CA5-4C85-4CE7-ACFC-6493291F69CF}.Debug|Win32.Build.0 = Debug|Win32
		{DEE19CA5-4C85-4CE7-ACFC-6493291F69CF}.Debug|Win32.Deploy.0 = Debug|Win32
		{DEE19CA5-4C85-4CE7-ACFC-6493291F69CF}.Debug|x64.ActiveCfg = Debug|x64
		{DEE19CA5-4C85-4CE7-ACFC-6493291F69CF}.Debug|x64.Build.0 = Debug|x64
		{DEE19CA5-4C85-4CE7-ACFC-6493291F69CF}.Debug|x64.Deploy.0 = Debug|x64
		{DEE19CA5-4C85-4CE7-ACFC-6493291F69CF}.Release|Win32.ActiveCfg = Release|Win32
		{DEE19CA5-4C85-4CE7-ACFC-6493291F69CF}.Release|Win32.Build.0 = Release|Win32
		{DEE19CA5-4C85-4CE7-ACFC-6493291F69CF}.Release|Win32.Deploy.0 = Release|Win32
		{DEE19CA5-4C85-4CE7-ACFC-6493291F69CF}.Release|x64.ActiveCfg = Release|x64
		{DEE19CA5-4C85-4CE7-ACFC-6493291F69CF}.Release|x64.Build.0 = Release|x64
		{DEE19CA5-4C85-4CE7-ACFC-6493291F69CF}.Release|x64.Deploy.0 = Release|x64
		{DC2E1A17-2AB4-48A5-B113-4A4AF215A859}.Debug|Win32.ActiveCfg = Debug|Win32
		{DC2E1A17-2AB4-48A5-B113-4A4AF215A859}.Debug|Win32.Build.0 = Debug|Win32
		{DC2E1A17-2AB4-48A5-B113-4A4AF215A859}.Debug|Win32.Deploy.0 = Debug|Win32
		{DC2E1A17-2AB4-48A5-B113-4A4AF215A859}.Debug|x64.ActiveCfg = Debug|x64
		{DC2E1A17-2AB4-48A5-B113-4A4AF215A859}.Debug|x64.Build.0 = Debug|x64
		{DC2E1A17-2AB4-48A5-B113-4A4AF215A859}.Debug|x64.Deploy.0 = Debug|x64
		{DC2E1A17-2AB4-48A5-B113-4A4AF215A859}.Release|Win32.ActiveCfg = Release|Win32
		{DC2E1A17-2AB4-48A5-B113-4A4AF215A859}.Release|Win32.Build.0 = Release|Win32
		{DC2E1A17-2AB4-48A5-B113-4A4AF215A859}.Release|Win32.Deploy.0 = Release|Win32
		{DC2E1A17-2AB4-48A5-B113-4A4AF215A859}.Release|x64.ActiveCfg = Release|x64
		{DC2E1A17-2AB4-48A5-B113-4A4AF215A859}.Release|x64.Build.0 = Release|x64
		{DC2E1A17-2AB4-48A5-B113-4A4AF215A859}.Release|x64.Deploy.0 = Release|x64
		{CC04666F-D121-4A48-BE37-54C15877636C}.Debug|Win32.ActiveCfg = Debug|Win32
		{CC04666F-D121-4A48-BE37-54C15877636C}.Debug|Win32.Build.0 = Debug|Win32
		{CC04666F-D121-4A48-BE37-54C15877636C}.Debug|Win32.Deploy.0 = Debug|Win32
		{CC04666F-D121-4A48-BE37-54C15877636C}.Debug|x64.ActiveCfg = Debug|x64
		{CC04666F-D121-4A48-BE37-54C15877636C}.Debug|x64.Build.0 = Debug|x64
		{CC04666F-D121-4A48-BE37-54C15877636C}.Debug|x64.Deploy.0 = Debug|x64
		{CC04666F-D121-4A48-BE37-54C15877636C}.Release|Win32.ActiveCfg = Release|Win32
		{CC04666F-D121-4A48-BE37-54C15877636C}.Release|Win32.Build.0 = Release|Win32
		{CC04666F-D121-4A48-BE37-54C15877636C}.Release|Win32.Deploy.0 = Release|Win32
		{CC04666F-D121-4A48-BE37-54C15877636C}.Release|x64.ActiveCfg = Release|x64
		{CC04666F-D121-4A48-BE37-54C15877636C}.Release|x64.Build.0 = Release|x64
		{CC04666F-D121-4A48-BE37-54C15877636C}.Release|x64.Deploy.0 = Release|x64
	EndGlobalSection
	GlobalSection(SolutionProperties) = preSolution
		HideSolutionNode = FALSE
	EndGlobalSection
EndGlobal
