
Microsoft Visual Studio Solution File, Format Version 11.00
# Visual Studio 2012
Project("{8BC9CEB8-8B4A-11D0-8D11-00A0C91BC942}") = "3d", "3d.vcxproj", "{40949FC0-1142-4EBA-9BD4-79C103166592}"
EndProject
Project("{8BC9CEB8-8B4A-11D0-8D11-00A0C91BC942}") = "asyncio", "asyncio.vcxproj", "{A04E357B-31D3-4636-B750-C6C803C567D8}"
EndProject
Project("{8BC9CEB8-8B4A-11D0-8D11-00A0C91BC942}") = "channel_groups", "channel_groups.vcxproj", "{302F7A60-593D-4EF4-8DD6-19F12CA144E8}"
EndProject
Project("{8BC9CEB8-8B4A-11D0-8D11-00A0C91BC942}") = "convolution_reverb", "convolution_reverb.vcxproj", "{615ADDBE-374E-4B4D-BE3C-7753A82ACEC5}"
EndProject
Project("{8BC9CEB8-8B4A-11D0-8D11-00A0C91BC942}") = "dsp_custom", "dsp_custom.vcxproj", "{D5860522-F808-4226-A69C-D072BAC1A402}"
EndProject
Project("{8BC9CEB8-8B4A-11D0-8D11-00A0C91BC942}") = "dsp_effect_per_speaker", "dsp_effect_per_speaker.vcxproj", "{B1227CA1-9BFC-4C87-B6C5-DCBB0EC38B18}"
EndProject
Project("{8BC9CEB8-8B4A-11D0-8D11-00A0C91BC942}") = "dsp_inspector", "dsp_inspector.vcxproj", "{F17F73AD-620F-49A3-8E7E-9833185337FC}"
EndProject
Project("{8BC9CEB8-8B4A-11D0-8D11-00A0C91BC942}") = "effects", "effects.vcxproj", "{5A8CAB36-7513-4E16-B943-A266F9F6B468}"
EndProject
Project("{8BC9CEB8-8B4A-11D0-8D11-00A0C91BC942}") = "gapless_playback", "gapless_playback.vcxproj", "{5193E32F-3B95-4448-8B97-58A1E9F30F7E}"
EndProject
Project("{8BC9CEB8-8B4A-11D0-8D11-00A0C91BC942}") = "generate_tone", "generate_tone.vcxproj", "{A6C49675-A69D-4FD2-AA5B-481969D78AB0}"
EndProject
Project("{8BC9CEB8-8B4A-11D0-8D11-00A0C91BC942}") = "granular_synth", "granular_synth.vcxproj", "{0C607A15-D2E4-4C7D-AB79-9CC7AA42F238}"
EndProject
Project("{8BC9CEB8-8B4A-11D0-8D11-00A0C91BC942}") = "load_from_memory", "load_from_memory.vcxproj", "{0EF8C234-FABF-4A2A-A766-BC24642465AF}"
EndProject
Project("{8BC9CEB8-8B4A-11D0-8D11-00A0C91BC942}") = "multiple_speaker", "multiple_speaker.vcxproj", "{9F5DC59B-CD53-459C-A8DD-D511B812F977}"
EndProject
Project("{8BC9CEB8-8B4A-11D0-8D11-00A0C91BC942}") = "multiple_system", "multiple_system.vcxproj", "{887FD62E-B305-435F-84E4-6423A8CA94AD}"
EndProject
Project("{8BC9CEB8-8B4A-11D0-8D11-00A0C91BC942}") = "net_stream", "net_stream.vcxproj", "{3376067C-7804-4C4A-8BF4-3D893CD1982C}"
EndProject
Project("{8BC9CEB8-8B4A-11D0-8D11-00A0C91BC942}") = "play_sound", "play_sound.vcxproj", "{F3CEA2CF-07AA-48E6-AC34-638F808FA212}"
EndProject
Project("{8BC9CEB8-8B4A-11D0-8D11-00A0C91BC942}") = "play_stream", "play_stream.vcxproj", "{28352CD3-F98C-48B3-BA0D-44E21B3C890A}"
EndProject
Project("{8BC9CEB8-8B4A-11D0-8D11-00A0C91BC942}") = "record", "record.vcxproj", "{E903517D-2960-4B94-8C65-993E760E89D2}"
EndProject
Project("{8BC9CEB8-8B4A-11D0-8D11-00A0C91BC942}") = "record_enumeration", "record_enumeration.vcxproj", "{DDA012CD-8DD0-4690-A867-28EA27831020}"
EndProject
Project("{8BC9CEB8-8B4A-11D0-8D11-00A0C91BC942}") = "user_created_sound", "user_created_sound.vcxproj", "{67C806BA-0E95-473E-ACAE-0862394AD182}"
EndProject
Project("{8BC9CEB8-8B4A-11D0-8D11-00A0C91BC942}") = "fmod_codec_raw", "fmod_codec_raw.vcxproj", "{45A2AE70-6BDC-4CD2-8653-10D82D13D56E}"
EndProject
Project("{8BC9CEB8-8B4A-11D0-8D11-00A0C91BC942}") = "fmod_distance_filter", "fmod_distance_filter.vcxproj", "{EC7D68BF-7475-43DB-9761-65C968804244}"
EndProject
Project("{8BC9CEB8-8B4A-11D0-8D11-00A0C91BC942}") = "fmod_gain", "fmod_gain.vcxproj", "{5175A88D-9919-47AE-99FE-FA18CA594991}"
EndProject
Project("{8BC9CEB8-8B4A-11D0-8D11-00A0C91BC942}") = "fmod_noise", "fmod_noise.vcxproj", "{B102B40D-3FBB-43DB-B877-E4D1C1A95C27}"
EndProject
Project("{8BC9CEB8-8B4A-11D0-8D11-00A0C91BC942}") = "output_mp3", "output_mp3.vcxproj", "{E7EC85BB-6969-4CB6-96A6-E87524C0625A}"
EndProject
Global
	GlobalSection(SolutionConfigurationPlatforms) = preSolution
		Debug|Win32 = Debug|Win32
		Debug|x64 = Debug|x64
		Release|Win32 = Release|Win32
		Release|x64 = Release|x64
	EndGlobalSection
	GlobalSection(ProjectConfigurationPlatforms) = postSolution
		{40949FC0-1142-4EBA-9BD4-79C103166592}.Debug|Win32.ActiveCfg = Debug|Win32
		{40949FC0-1142-4EBA-9BD4-79C103166592}.Debug|Win32.Build.0 = Debug|Win32
		{40949FC0-1142-4EBA-9BD4-79C103166592}.Debug|Win32.Deploy.0 = Debug|Win32
		{40949FC0-1142-4EBA-9BD4-79C103166592}.Debug|x64.ActiveCfg = Debug|x64
		{40949FC0-1142-4EBA-9BD4-79C103166592}.Debug|x64.Build.0 = Debug|x64
		{40949FC0-1142-4EBA-9BD4-79C103166592}.Debug|x64.Deploy.0 = Debug|x64
		{40949FC0-1142-4EBA-9BD4-79C103166592}.Release|Win32.ActiveCfg = Release|Win32
		{40949FC0-1142-4EBA-9BD4-79C103166592}.Release|Win32.Build.0 = Release|Win32
		{40949FC0-1142-4EBA-9BD4-79C103166592}.Release|Win32.Deploy.0 = Release|Win32
		{40949FC0-1142-4EBA-9BD4-79C103166592}.Release|x64.ActiveCfg = Release|x64
		{40949FC0-1142-4EBA-9BD4-79C103166592}.Release|x64.Build.0 = Release|x64
		{40949FC0-1142-4EBA-9BD4-79C103166592}.Release|x64.Deploy.0 = Release|x64
		{A04E357B-31D3-4636-B750-C6C803C567D8}.Debug|Win32.ActiveCfg = Debug|Win32
		{A04E357B-31D3-4636-B750-C6C803C567D8}.Debug|Win32.Build.0 = Debug|Win32
		{A04E357B-31D3-4636-B750-C6C803C567D8}.Debug|Win32.Deploy.0 = Debug|Win32
		{A04E357B-31D3-4636-B750-C6C803C567D8}.Debug|x64.ActiveCfg = Debug|x64
		{A04E357B-31D3-4636-B750-C6C803C567D8}.Debug|x64.Build.0 = Debug|x64
		{A04E357B-31D3-4636-B750-C6C803C567D8}.Debug|x64.Deploy.0 = Debug|x64
		{A04E357B-31D3-4636-B750-C6C803C567D8}.Release|Win32.ActiveCfg = Release|Win32
		{A04E357B-31D3-4636-B750-C6C803C567D8}.Release|Win32.Build.0 = Release|Win32
		{A04E357B-31D3-4636-B750-C6C803C567D8}.Release|Win32.Deploy.0 = Release|Win32
		{A04E357B-31D3-4636-B750-C6C803C567D8}.Release|x64.ActiveCfg = Release|x64
		{A04E357B-31D3-4636-B750-C6C803C567D8}.Release|x64.Build.0 = Release|x64
		{A04E357B-31D3-4636-B750-C6C803C567D8}.Release|x64.Deploy.0 = Release|x64
		{302F7A60-593D-4EF4-8DD6-19F12CA144E8}.Debug|Win32.ActiveCfg = Debug|Win32
		{302F7A60-593D-4EF4-8DD6-19F12CA144E8}.Debug|Win32.Build.0 = Debug|Win32
		{302F7A60-593D-4EF4-8DD6-19F12CA144E8}.Debug|Win32.Deploy.0 = Debug|Win32
		{302F7A60-593D-4EF4-8DD6-19F12CA144E8}.Debug|x64.ActiveCfg = Debug|x64
		{302F7A60-593D-4EF4-8DD6-19F12CA144E8}.Debug|x64.Build.0 = Debug|x64
		{302F7A60-593D-4EF4-8DD6-19F12CA144E8}.Debug|x64.Deploy.0 = Debug|x64
		{302F7A60-593D-4EF4-8DD6-19F12CA144E8}.Release|Win32.ActiveCfg = Release|Win32
		{302F7A60-593D-4EF4-8DD6-19F12CA144E8}.Release|Win32.Build.0 = Release|Win32
		{302F7A60-593D-4EF4-8DD6-19F12CA144E8}.Release|Win32.Deploy.0 = Release|Win32
		{302F7A60-593D-4EF4-8DD6-19F12CA144E8}.Release|x64.ActiveCfg = Release|x64
		{302F7A60-593D-4EF4-8DD6-19F12CA144E8}.Release|x64.Build.0 = Release|x64
		{302F7A60-593D-4EF4-8DD6-19F12CA144E8}.Release|x64.Deploy.0 = Release|x64
		{615ADDBE-374E-4B4D-BE3C-7753A82ACEC5}.Debug|Win32.ActiveCfg = Debug|Win32
		{615ADDBE-374E-4B4D-BE3C-7753A82ACEC5}.Debug|Win32.Build.0 = Debug|Win32
		{615ADDBE-374E-4B4D-BE3C-7753A82ACEC5}.Debug|Win32.Deploy.0 = Debug|Win32
		{615ADDBE-374E-4B4D-BE3C-7753A82ACEC5}.Debug|x64.ActiveCfg = Debug|x64
		{615ADDBE-374E-4B4D-BE3C-7753A82ACEC5}.Debug|x64.Build.0 = Debug|x64
		{615ADDBE-374E-4B4D-BE3C-7753A82ACEC5}.Debug|x64.Deploy.0 = Debug|x64
		{615ADDBE-374E-4B4D-BE3C-7753A82ACEC5}.Release|Win32.ActiveCfg = Release|Win32
		{615ADDBE-374E-4B4D-BE3C-7753A82ACEC5}.Release|Win32.Build.0 = Release|Win32
		{615ADDBE-374E-4B4D-BE3C-7753A82ACEC5}.Release|Win32.Deploy.0 = Release|Win32
		{615ADDBE-374E-4B4D-BE3C-7753A82ACEC5}.Release|x64.ActiveCfg = Release|x64
		{615ADDBE-374E-4B4D-BE3C-7753A82ACEC5}.Release|x64.Build.0 = Release|x64
		{615ADDBE-374E-4B4D-BE3C-7753A82ACEC5}.Release|x64.Deploy.0 = Release|x64
		{D5860522-F808-4226-A69C-D072BAC1A402}.Debug|Win32.ActiveCfg = Debug|Win32
		{D5860522-F808-4226-A69C-D072BAC1A402}.Debug|Win32.Build.0 = Debug|Win32
		{D5860522-F808-4226-A69C-D072BAC1A402}.Debug|Win32.Deploy.0 = Debug|Win32
		{D5860522-F808-4226-A69C-D072BAC1A402}.Debug|x64.ActiveCfg = Debug|x64
		{D5860522-F808-4226-A69C-D072BAC1A402}.Debug|x64.Build.0 = Debug|x64
		{D5860522-F808-4226-A69C-D072BAC1A402}.Debug|x64.Deploy.0 = Debug|x64
		{D5860522-F808-4226-A69C-D072BAC1A402}.Release|Win32.ActiveCfg = Release|Win32
		{D5860522-F808-4226-A69C-D072BAC1A402}.Release|Win32.Build.0 = Release|Win32
		{D5860522-F808-4226-A69C-D072BAC1A402}.Release|Win32.Deploy.0 = Release|Win32
		{D5860522-F808-4226-A69C-D072BAC1A402}.Release|x64.ActiveCfg = Release|x64
		{D5860522-F808-4226-A69C-D072BAC1A402}.Release|x64.Build.0 = Release|x64
		{D5860522-F808-4226-A69C-D072BAC1A402}.Release|x64.Deploy.0 = Release|x64
		{B1227CA1-9BFC-4C87-B6C5-DCBB0EC38B18}.Debug|Win32.ActiveCfg = Debug|Win32
		{B1227CA1-9BFC-4C87-B6C5-DCBB0EC38B18}.Debug|Win32.Build.0 = Debug|Win32
		{B1227CA1-9BFC-4C87-B6C5-DCBB0EC38B18}.Debug|Win32.Deploy.0 = Debug|Win32
		{B1227CA1-9BFC-4C87-B6C5-DCBB0EC38B18}.Debug|x64.ActiveCfg = Debug|x64
		{B1227CA1-9BFC-4C87-B6C5-DCBB0EC38B18}.Debug|x64.Build.0 = Debug|x64
		{B1227CA1-9BFC-4C87-B6C5-DCBB0EC38B18}.Debug|x64.Deploy.0 = Debug|x64
		{B1227CA1-9BFC-4C87-B6C5-DCBB0EC38B18}.Release|Win32.ActiveCfg = Release|Win32
		{B1227CA1-9BFC-4C87-B6C5-DCBB0EC38B18}.Release|Win32.Build.0 = Release|Win32
		{B1227CA1-9BFC-4C87-B6C5-DCBB0EC38B18}.Release|Win32.Deploy.0 = Release|Win32
		{B1227CA1-9BFC-4C87-B6C5-DCBB0EC38B18}.Release|x64.ActiveCfg = Release|x64
		{B1227CA1-9BFC-4C87-B6C5-DCBB0EC38B18}.Release|x64.Build.0 = Release|x64
		{B1227CA1-9BFC-4C87-B6C5-DCBB0EC38B18}.Release|x64.Deploy.0 = Release|x64
		{F17F73AD-620F-49A3-8E7E-9833185337FC}.Debug|Win32.ActiveCfg = Debug|Win32
		{F17F73AD-620F-49A3-8E7E-9833185337FC}.Debug|Win32.Build.0 = Debug|Win32
		{F17F73AD-620F-49A3-8E7E-9833185337FC}.Debug|Win32.Deploy.0 = Debug|Win32
		{F17F73AD-620F-49A3-8E7E-9833185337FC}.Debug|x64.ActiveCfg = Debug|x64
		{F17F73AD-620F-49A3-8E7E-9833185337FC}.Debug|x64.Build.0 = Debug|x64
		{F17F73AD-620F-49A3-8E7E-9833185337FC}.Debug|x64.Deploy.0 = Debug|x64
		{F17F73AD-620F-49A3-8E7E-9833185337FC}.Release|Win32.ActiveCfg = Release|Win32
		{F17F73AD-620F-49A3-8E7E-9833185337FC}.Release|Win32.Build.0 = Release|Win32
		{F17F73AD-620F-49A3-8E7E-9833185337FC}.Release|Win32.Deploy.0 = Release|Win32
		{F17F73AD-620F-49A3-8E7E-9833185337FC}.Release|x64.ActiveCfg = Release|x64
		{F17F73AD-620F-49A3-8E7E-9833185337FC}.Release|x64.Build.0 = Release|x64
		{F17F73AD-620F-49A3-8E7E-9833185337FC}.Release|x64.Deploy.0 = Release|x64
		{5A8CAB36-7513-4E16-B943-A266F9F6B468}.Debug|Win32.ActiveCfg = Debug|Win32
		{5A8CAB36-7513-4E16-B943-A266F9F6B468}.Debug|Win32.Build.0 = Debug|Win32
		{5A8CAB36-7513-4E16-B943-A266F9F6B468}.Debug|Win32.Deploy.0 = Debug|Win32
		{5A8CAB36-7513-4E16-B943-A266F9F6B468}.Debug|x64.ActiveCfg = Debug|x64
		{5A8CAB36-7513-4E16-B943-A266F9F6B468}.Debug|x64.Build.0 = Debug|x64
		{5A8CAB36-7513-4E16-B943-A266F9F6B468}.Debug|x64.Deploy.0 = Debug|x64
		{5A8CAB36-7513-4E16-B943-A266F9F6B468}.Release|Win32.ActiveCfg = Release|Win32
		{5A8CAB36-7513-4E16-B943-A266F9F6B468}.Release|Win32.Build.0 = Release|Win32
		{5A8CAB36-7513-4E16-B943-A266F9F6B468}.Release|Win32.Deploy.0 = Release|Win32
		{5A8CAB36-7513-4E16-B943-A266F9F6B468}.Release|x64.ActiveCfg = Release|x64
		{5A8CAB36-7513-4E16-B943-A266F9F6B468}.Release|x64.Build.0 = Release|x64
		{5A8CAB36-7513-4E16-B943-A266F9F6B468}.Release|x64.Deploy.0 = Release|x64
		{5193E32F-3B95-4448-8B97-58A1E9F30F7E}.Debug|Win32.ActiveCfg = Debug|Win32
		{5193E32F-3B95-4448-8B97-58A1E9F30F7E}.Debug|Win32.Build.0 = Debug|Win32
		{5193E32F-3B95-4448-8B97-58A1E9F30F7E}.Debug|Win32.Deploy.0 = Debug|Win32
		{5193E32F-3B95-4448-8B97-58A1E9F30F7E}.Debug|x64.ActiveCfg = Debug|x64
		{5193E32F-3B95-4448-8B97-58A1E9F30F7E}.Debug|x64.Build.0 = Debug|x64
		{5193E32F-3B95-4448-8B97-58A1E9F30F7E}.Debug|x64.Deploy.0 = Debug|x64
		{5193E32F-3B95-4448-8B97-58A1E9F30F7E}.Release|Win32.ActiveCfg = Release|Win32
		{5193E32F-3B95-4448-8B97-58A1E9F30F7E}.Release|Win32.Build.0 = Release|Win32
		{5193E32F-3B95-4448-8B97-58A1E9F30F7E}.Release|Win32.Deploy.0 = Release|Win32
		{5193E32F-3B95-4448-8B97-58A1E9F30F7E}.Release|x64.ActiveCfg = Release|x64
		{5193E32F-3B95-4448-8B97-58A1E9F30F7E}.Release|x64.Build.0 = Release|x64
		{5193E32F-3B95-4448-8B97-58A1E9F30F7E}.Release|x64.Deploy.0 = Release|x64
		{A6C49675-A69D-4FD2-AA5B-481969D78AB0}.Debug|Win32.ActiveCfg = Debug|Win32
		{A6C49675-A69D-4FD2-AA5B-481969D78AB0}.Debug|Win32.Build.0 = Debug|Win32
		{A6C49675-A69D-4FD2-AA5B-481969D78AB0}.Debug|Win32.Deploy.0 = Debug|Win32
		{A6C49675-A69D-4FD2-AA5B-481969D78AB0}.Debug|x64.ActiveCfg = Debug|x64
		{A6C49675-A69D-4FD2-AA5B-481969D78AB0}.Debug|x64.Build.0 = Debug|x64
		{A6C49675-A69D-4FD2-AA5B-481969D78AB0}.Debug|x64.Deploy.0 = Debug|x64
		{A6C49675-A69D-4FD2-AA5B-481969D78AB0}.Release|Win32.ActiveCfg = Release|Win32
		{A6C49675-A69D-4FD2-AA5B-481969D78AB0}.Release|Win32.Build.0 = Release|Win32
		{A6C49675-A69D-4FD2-AA5B-481969D78AB0}.Release|Win32.Deploy.0 = Release|Win32
		{A6C49675-A69D-4FD2-AA5B-481969D78AB0}.Release|x64.ActiveCfg = Release|x64
		{A6C49675-A69D-4FD2-AA5B-481969D78AB0}.Release|x64.Build.0 = Release|x64
		{A6C49675-A69D-4FD2-AA5B-481969D78AB0}.Release|x64.Deploy.0 = Release|x64
		{0C607A15-D2E4-4C7D-AB79-9CC7AA42F238}.Debug|Win32.ActiveCfg = Debug|Win32
		{0C607A15-D2E4-4C7D-AB79-9CC7AA42F238}.Debug|Win32.Build.0 = Debug|Win32
		{0C607A15-D2E4-4C7D-AB79-9CC7AA42F238}.Debug|Win32.Deploy.0 = Debug|Win32
		{0C607A15-D2E4-4C7D-AB79-9CC7AA42F238}.Debug|x64.ActiveCfg = Debug|x64
		{0C607A15-D2E4-4C7D-AB79-9CC7AA42F238}.Debug|x64.Build.0 = Debug|x64
		{0C607A15-D2E4-4C7D-AB79-9CC7AA42F238}.Debug|x64.Deploy.0 = Debug|x64
		{0C607A15-D2E4-4C7D-AB79-9CC7AA42F238}.Release|Win32.ActiveCfg = Release|Win32
		{0C607A15-D2E4-4C7D-AB79-9CC7AA42F238}.Release|Win32.Build.0 = Release|Win32
		{0C607A15-D2E4-4C7D-AB79-9CC7AA42F238}.Release|Win32.Deploy.0 = Release|Win32
		{0C607A15-D2E4-4C7D-AB79-9CC7AA42F238}.Release|x64.ActiveCfg = Release|x64
		{0C607A15-D2E4-4C7D-AB79-9CC7AA42F238}.Release|x64.Build.0 = Release|x64
		{0C607A15-D2E4-4C7D-AB79-9CC7AA42F238}.Release|x64.Deploy.0 = Release|x64
		{0EF8C234-FABF-4A2A-A766-BC24642465AF}.Debug|Win32.ActiveCfg = Debug|Win32
		{0EF8C234-FABF-4A2A-A766-BC24642465AF}.Debug|Win32.Build.0 = Debug|Win32
		{0EF8C234-FABF-4A2A-A766-BC24642465AF}.Debug|Win32.Deploy.0 = Debug|Win32
		{0EF8C234-FABF-4A2A-A766-BC24642465AF}.Debug|x64.ActiveCfg = Debug|x64
		{0EF8C234-FABF-4A2A-A766-BC24642465AF}.Debug|x64.Build.0 = Debug|x64
		{0EF8C234-FABF-4A2A-A766-BC24642465AF}.Debug|x64.Deploy.0 = Debug|x64
		{0EF8C234-FABF-4A2A-A766-BC24642465AF}.Release|Win32.ActiveCfg = Release|Win32
		{0EF8C234-FABF-4A2A-A766-BC24642465AF}.Release|Win32.Build.0 = Release|Win32
		{0EF8C234-FABF-4A2A-A766-BC24642465AF}.Release|Win32.Deploy.0 = Release|Win32
		{0EF8C234-FABF-4A2A-A766-BC24642465AF}.Release|x64.ActiveCfg = Release|x64
		{0EF8C234-FABF-4A2A-A766-BC24642465AF}.Release|x64.Build.0 = Release|x64
		{0EF8C234-FABF-4A2A-A766-BC24642465AF}.Release|x64.Deploy.0 = Release|x64
		{9F5DC59B-CD53-459C-A8DD-D511B812F977}.Debug|Win32.ActiveCfg = Debug|Win32
		{9F5DC59B-CD53-459C-A8DD-D511B812F977}.Debug|Win32.Build.0 = Debug|Win32
		{9F5DC59B-CD53-459C-A8DD-D511B812F977}.Debug|Win32.Deploy.0 = Debug|Win32
		{9F5DC59B-CD53-459C-A8DD-D511B812F977}.Debug|x64.ActiveCfg = Debug|x64
		{9F5DC59B-CD53-459C-A8DD-D511B812F977}.Debug|x64.Build.0 = Debug|x64
		{9F5DC59B-CD53-459C-A8DD-D511B812F977}.Debug|x64.Deploy.0 = Debug|x64
		{9F5DC59B-CD53-459C-A8DD-D511B812F977}.Release|Win32.ActiveCfg = Release|Win32
		{9F5DC59B-CD53-459C-A8DD-D511B812F977}.Release|Win32.Build.0 = Release|Win32
		{9F5DC59B-CD53-459C-A8DD-D511B812F977}.Release|Win32.Deploy.0 = Release|Win32
		{9F5DC59B-CD53-459C-A8DD-D511B812F977}.Release|x64.ActiveCfg = Release|x64
		{9F5DC59B-CD53-459C-A8DD-D511B812F977}.Release|x64.Build.0 = Release|x64
		{9F5DC59B-CD53-459C-A8DD-D511B812F977}.Release|x64.Deploy.0 = Release|x64
		{887FD62E-B305-435F-84E4-6423A8CA94AD}.Debug|Win32.ActiveCfg = Debug|Win32
		{887FD62E-B305-435F-84E4-6423A8CA94AD}.Debug|Win32.Build.0 = Debug|Win32
		{887FD62E-B305-435F-84E4-6423A8CA94AD}.Debug|Win32.Deploy.0 = Debug|Win32
		{887FD62E-B305-435F-84E4-6423A8CA94AD}.Debug|x64.ActiveCfg = Debug|x64
		{887FD62E-B305-435F-84E4-6423A8CA94AD}.Debug|x64.Build.0 = Debug|x64
		{887FD62E-B305-435F-84E4-6423A8CA94AD}.Debug|x64.Deploy.0 = Debug|x64
		{887FD62E-B305-435F-84E4-6423A8CA94AD}.Release|Win32.ActiveCfg = Release|Win32
		{887FD62E-B305-435F-84E4-6423A8CA94AD}.Release|Win32.Build.0 = Release|Win32
		{887FD62E-B305-435F-84E4-6423A8CA94AD}.Release|Win32.Deploy.0 = Release|Win32
		{887FD62E-B305-435F-84E4-6423A8CA94AD}.Release|x64.ActiveCfg = Release|x64
		{887FD62E-B305-435F-84E4-6423A8CA94AD}.Release|x64.Build.0 = Release|x64
		{887FD62E-B305-435F-84E4-6423A8CA94AD}.Release|x64.Deploy.0 = Release|x64
		{3376067C-7804-4C4A-8BF4-3D893CD1982C}.Debug|Win32.ActiveCfg = Debug|Win32
		{3376067C-7804-4C4A-8BF4-3D893CD1982C}.Debug|Win32.Build.0 = Debug|Win32
		{3376067C-7804-4C4A-8BF4-3D893CD1982C}.Debug|Win32.Deploy.0 = Debug|Win32
		{3376067C-7804-4C4A-8BF4-3D893CD1982C}.Debug|x64.ActiveCfg = Debug|x64
		{3376067C-7804-4C4A-8BF4-3D893CD1982C}.Debug|x64.Build.0 = Debug|x64
		{3376067C-7804-4C4A-8BF4-3D893CD1982C}.Debug|x64.Deploy.0 = Debug|x64
		{3376067C-7804-4C4A-8BF4-3D893CD1982C}.Release|Win32.ActiveCfg = Release|Win32
		{3376067C-7804-4C4A-8BF4-3D893CD1982C}.Release|Win32.Build.0 = Release|Win32
		{3376067C-7804-4C4A-8BF4-3D893CD1982C}.Release|Win32.Deploy.0 = Release|Win32
		{3376067C-7804-4C4A-8BF4-3D893CD1982C}.Release|x64.ActiveCfg = Release|x64
		{3376067C-7804-4C4A-8BF4-3D893CD1982C}.Release|x64.Build.0 = Release|x64
		{3376067C-7804-4C4A-8BF4-3D893CD1982C}.Release|x64.Deploy.0 = Release|x64
		{F3CEA2CF-07AA-48E6-AC34-638F808FA212}.Debug|Win32.ActiveCfg = Debug|Win32
		{F3CEA2CF-07AA-48E6-AC34-638F808FA212}.Debug|Win32.Build.0 = Debug|Win32
		{F3CEA2CF-07AA-48E6-AC34-638F808FA212}.Debug|Win32.Deploy.0 = Debug|Win32
		{F3CEA2CF-07AA-48E6-AC34-638F808FA212}.Debug|x64.ActiveCfg = Debug|x64
		{F3CEA2CF-07AA-48E6-AC34-638F808FA212}.Debug|x64.Build.0 = Debug|x64
		{F3CEA2CF-07AA-48E6-AC34-638F808FA212}.Debug|x64.Deploy.0 = Debug|x64
		{F3CEA2CF-07AA-48E6-AC34-638F808FA212}.Release|Win32.ActiveCfg = Release|Win32
		{F3CEA2CF-07AA-48E6-AC34-638F808FA212}.Release|Win32.Build.0 = Release|Win32
		{F3CEA2CF-07AA-48E6-AC34-638F808FA212}.Release|Win32.Deploy.0 = Release|Win32
		{F3CEA2CF-07AA-48E6-AC34-638F808FA212}.Release|x64.ActiveCfg = Release|x64
		{F3CEA2CF-07AA-48E6-AC34-638F808FA212}.Release|x64.Build.0 = Release|x64
		{F3CEA2CF-07AA-48E6-AC34-638F808FA212}.Release|x64.Deploy.0 = Release|x64
		{28352CD3-F98C-48B3-BA0D-44E21B3C890A}.Debug|Win32.ActiveCfg = Debug|Win32
		{28352CD3-F98C-48B3-BA0D-44E21B3C890A}.Debug|Win32.Build.0 = Debug|Win32
		{28352CD3-F98C-48B3-BA0D-44E21B3C890A}.Debug|Win32.Deploy.0 = Debug|Win32
		{28352CD3-F98C-48B3-BA0D-44E21B3C890A}.Debug|x64.ActiveCfg = Debug|x64
		{28352CD3-F98C-48B3-BA0D-44E21B3C890A}.Debug|x64.Build.0 = Debug|x64
		{28352CD3-F98C-48B3-BA0D-44E21B3C890A}.Debug|x64.Deploy.0 = Debug|x64
		{28352CD3-F98C-48B3-BA0D-44E21B3C890A}.Release|Win32.ActiveCfg = Release|Win32
		{28352CD3-F98C-48B3-BA0D-44E21B3C890A}.Release|Win32.Build.0 = Release|Win32
		{28352CD3-F98C-48B3-BA0D-44E21B3C890A}.Release|Win32.Deploy.0 = Release|Win32
		{28352CD3-F98C-48B3-BA0D-44E21B3C890A}.Release|x64.ActiveCfg = Release|x64
		{28352CD3-F98C-48B3-BA0D-44E21B3C890A}.Release|x64.Build.0 = Release|x64
		{28352CD3-F98C-48B3-BA0D-44E21B3C890A}.Release|x64.Deploy.0 = Release|x64
		{E903517D-2960-4B94-8C65-993E760E89D2}.Debug|Win32.ActiveCfg = Debug|Win32
		{E903517D-2960-4B94-8C65-993E760E89D2}.Debug|Win32.Build.0 = Debug|Win32
		{E903517D-2960-4B94-8C65-993E760E89D2}.Debug|Win32.Deploy.0 = Debug|Win32
		{E903517D-2960-4B94-8C65-993E760E89D2}.Debug|x64.ActiveCfg = Debug|x64
		{E903517D-2960-4B94-8C65-993E760E89D2}.Debug|x64.Build.0 = Debug|x64
		{E903517D-2960-4B94-8C65-993E760E89D2}.Debug|x64.Deploy.0 = Debug|x64
		{E903517D-2960-4B94-8C65-993E760E89D2}.Release|Win32.ActiveCfg = Release|Win32
		{E903517D-2960-4B94-8C65-993E760E89D2}.Release|Win32.Build.0 = Release|Win32
		{E903517D-2960-4B94-8C65-993E760E89D2}.Release|Win32.Deploy.0 = Release|Win32
		{E903517D-2960-4B94-8C65-993E760E89D2}.Release|x64.ActiveCfg = Release|x64
		{E903517D-2960-4B94-8C65-993E760E89D2}.Release|x64.Build.0 = Release|x64
		{E903517D-2960-4B94-8C65-993E760E89D2}.Release|x64.Deploy.0 = Release|x64
		{DDA012CD-8DD0-4690-A867-28EA27831020}.Debug|Win32.ActiveCfg = Debug|Win32
		{DDA012CD-8DD0-4690-A867-28EA27831020}.Debug|Win32.Build.0 = Debug|Win32
		{DDA012CD-8DD0-4690-A867-28EA27831020}.Debug|Win32.Deploy.0 = Debug|Win32
		{DDA012CD-8DD0-4690-A867-28EA27831020}.Debug|x64.ActiveCfg = Debug|x64
		{DDA012CD-8DD0-4690-A867-28EA27831020}.Debug|x64.Build.0 = Debug|x64
		{DDA012CD-8DD0-4690-A867-28EA27831020}.Debug|x64.Deploy.0 = Debug|x64
		{DDA012CD-8DD0-4690-A867-28EA27831020}.Release|Win32.ActiveCfg = Release|Win32
		{DDA012CD-8DD0-4690-A867-28EA27831020}.Release|Win32.Build.0 = Release|Win32
		{DDA012CD-8DD0-4690-A867-28EA27831020}.Release|Win32.Deploy.0 = Release|Win32
		{DDA012CD-8DD0-4690-A867-28EA27831020}.Release|x64.ActiveCfg = Release|x64
		{DDA012CD-8DD0-4690-A867-28EA27831020}.Release|x64.Build.0 = Release|x64
		{DDA012CD-8DD0-4690-A867-28EA27831020}.Release|x64.Deploy.0 = Release|x64
		{67C806BA-0E95-473E-ACAE-0862394AD182}.Debug|Win32.ActiveCfg = Debug|Win32
		{67C806BA-0E95-473E-ACAE-0862394AD182}.Debug|Win32.Build.0 = Debug|Win32
		{67C806BA-0E95-473E-ACAE-0862394AD182}.Debug|Win32.Deploy.0 = Debug|Win32
		{67C806BA-0E95-473E-ACAE-0862394AD182}.Debug|x64.ActiveCfg = Debug|x64
		{67C806BA-0E95-473E-ACAE-0862394AD182}.Debug|x64.Build.0 = Debug|x64
		{67C806BA-0E95-473E-ACAE-0862394AD182}.Debug|x64.Deploy.0 = Debug|x64
		{67C806BA-0E95-473E-ACAE-0862394AD182}.Release|Win32.ActiveCfg = Release|Win32
		{67C806BA-0E95-473E-ACAE-0862394AD182}.Release|Win32.Build.0 = Release|Win32
		{67C806BA-0E95-473E-ACAE-0862394AD182}.Release|Win32.Deploy.0 = Release|Win32
		{67C806BA-0E95-473E-ACAE-0862394AD182}.Release|x64.ActiveCfg = Release|x64
		{67C806BA-0E95-473E-ACAE-0862394AD182}.Release|x64.Build.0 = Release|x64
		{67C806BA-0E95-473E-ACAE-0862394AD182}.Release|x64.Deploy.0 = Release|x64
		{45A2AE70-6BDC-4CD2-8653-10D82D13D56E}.Debug|Win32.ActiveCfg = Debug|Win32
		{45A2AE70-6BDC-4CD2-8653-10D82D13D56E}.Debug|Win32.Build.0 = Debug|Win32
		{45A2AE70-6BDC-4CD2-8653-10D82D13D56E}.Debug|Win32.Deploy.0 = Debug|Win32
		{45A2AE70-6BDC-4CD2-8653-10D82D13D56E}.Debug|x64.ActiveCfg = Debug|x64
		{45A2AE70-6BDC-4CD2-8653-10D82D13D56E}.Debug|x64.Build.0 = Debug|x64
		{45A2AE70-6BDC-4CD2-8653-10D82D13D56E}.Debug|x64.Deploy.0 = Debug|x64
		{45A2AE70-6BDC-4CD2-8653-10D82D13D56E}.Release|Win32.ActiveCfg = Release|Win32
		{45A2AE70-6BDC-4CD2-8653-10D82D13D56E}.Release|Win32.Build.0 = Release|Win32
		{45A2AE70-6BDC-4CD2-8653-10D82D13D56E}.Release|Win32.Deploy.0 = Release|Win32
		{45A2AE70-6BDC-4CD2-8653-10D82D13D56E}.Release|x64.ActiveCfg = Release|x64
		{45A2AE70-6BDC-4CD2-8653-10D82D13D56E}.Release|x64.Build.0 = Release|x64
		{45A2AE70-6BDC-4CD2-8653-10D82D13D56E}.Release|x64.Deploy.0 = Release|x64
		{EC7D68BF-7475-43DB-9761-65C968804244}.Debug|Win32.ActiveCfg = Debug|Win32
		{EC7D68BF-7475-43DB-9761-65C968804244}.Debug|Win32.Build.0 = Debug|Win32
		{EC7D68BF-7475-43DB-9761-65C968804244}.Debug|Win32.Deploy.0 = Debug|Win32
		{EC7D68BF-7475-43DB-9761-65C968804244}.Debug|x64.ActiveCfg = Debug|x64
		{EC7D68BF-7475-43DB-9761-65C968804244}.Debug|x64.Build.0 = Debug|x64
		{EC7D68BF-7475-43DB-9761-65C968804244}.Debug|x64.Deploy.0 = Debug|x64
		{EC7D68BF-7475-43DB-9761-65C968804244}.Release|Win32.ActiveCfg = Release|Win32
		{EC7D68BF-7475-43DB-9761-65C968804244}.Release|Win32.Build.0 = Release|Win32
		{EC7D68BF-7475-43DB-9761-65C968804244}.Release|Win32.Deploy.0 = Release|Win32
		{EC7D68BF-7475-43DB-9761-65C968804244}.Release|x64.ActiveCfg = Release|x64
		{EC7D68BF-7475-43DB-9761-65C968804244}.Release|x64.Build.0 = Release|x64
		{EC7D68BF-7475-43DB-9761-65C968804244}.Release|x64.Deploy.0 = Release|x64
		{5175A88D-9919-47AE-99FE-FA18CA594991}.Debug|Win32.ActiveCfg = Debug|Win32
		{5175A88D-9919-47AE-99FE-FA18CA594991}.Debug|Win32.Build.0 = Debug|Win32
		{5175A88D-9919-47AE-99FE-FA18CA594991}.Debug|Win32.Deploy.0 = Debug|Win32
		{5175A88D-9919-47AE-99FE-FA18CA594991}.Debug|x64.ActiveCfg = Debug|x64
		{5175A88D-9919-47AE-99FE-FA18CA594991}.Debug|x64.Build.0 = Debug|x64
		{5175A88D-9919-47AE-99FE-FA18CA594991}.Debug|x64.Deploy.0 = Debug|x64
		{5175A88D-9919-47AE-99FE-FA18CA594991}.Release|Win32.ActiveCfg = Release|Win32
		{5175A88D-9919-47AE-99FE-FA18CA594991}.Release|Win32.Build.0 = Release|Win32
		{5175A88D-9919-47AE-99FE-FA18CA594991}.Release|Win32.Deploy.0 = Release|Win32
		{5175A88D-9919-47AE-99FE-FA18CA594991}.Release|x64.ActiveCfg = Release|x64
		{5175A88D-9919-47AE-99FE-FA18CA594991}.Release|x64.Build.0 = Release|x64
		{5175A88D-9919-47AE-99FE-FA18CA594991}.Release|x64.Deploy.0 = Release|x64
		{B102B40D-3FBB-43DB-B877-E4D1C1A95C27}.Debug|Win32.ActiveCfg = Debug|Win32
		{B102B40D-3FBB-43DB-B877-E4D1C1A95C27}.Debug|Win32.Build.0 = Debug|Win32
		{B102B40D-3FBB-43DB-B877-E4D1C1A95C27}.Debug|Win32.Deploy.0 = Debug|Win32
		{B102B40D-3FBB-43DB-B877-E4D1C1A95C27}.Debug|x64.ActiveCfg = Debug|x64
		{B102B40D-3FBB-43DB-B877-E4D1C1A95C27}.Debug|x64.Build.0 = Debug|x64
		{B102B40D-3FBB-43DB-B877-E4D1C1A95C27}.Debug|x64.Deploy.0 = Debug|x64
		{B102B40D-3FBB-43DB-B877-E4D1C1A95C27}.Release|Win32.ActiveCfg = Release|Win32
		{B102B40D-3FBB-43DB-B877-E4D1C1A95C27}.Release|Win32.Build.0 = Release|Win32
		{B102B40D-3FBB-43DB-B877-E4D1C1A95C27}.Release|Win32.Deploy.0 = Release|Win32
		{B102B40D-3FBB-43DB-B877-E4D1C1A95C27}.Release|x64.ActiveCfg = Release|x64
		{B102B40D-3FBB-43DB-B877-E4D1C1A95C27}.Release|x64.Build.0 = Release|x64
		{B102B40D-3FBB-43DB-B877-E4D1C1A95C27}.Release|x64.Deploy.0 = Release|x64
		{E7EC85BB-6969-4CB6-96A6-E87524C0625A}.Debug|Win32.ActiveCfg = Debug|Win32
		{E7EC85BB-6969-4CB6-96A6-E87524C0625A}.Debug|Win32.Build.0 = Debug|Win32
		{E7EC85BB-6969-4CB6-96A6-E87524C0625A}.Debug|Win32.Deploy.0 = Debug|Win32
		{E7EC85BB-6969-4CB6-96A6-E87524C0625A}.Debug|x64.ActiveCfg = Debug|x64
		{E7EC85BB-6969-4CB6-96A6-E87524C0625A}.Debug|x64.Build.0 = Debug|x64
		{E7EC85BB-6969-4CB6-96A6-E87524C0625A}.Debug|x64.Deploy.0 = Debug|x64
		{E7EC85BB-6969-4CB6-96A6-E87524C0625A}.Release|Win32.ActiveCfg = Release|Win32
		{E7EC85BB-6969-4CB6-96A6-E87524C0625A}.Release|Win32.Build.0 = Release|Win32
		{E7EC85BB-6969-4CB6-96A6-E87524C0625A}.Release|Win32.Deploy.0 = Release|Win32
		{E7EC85BB-6969-4CB6-96A6-E87524C0625A}.Release|x64.ActiveCfg = Release|x64
		{E7EC85BB-6969-4CB6-96A6-E87524C0625A}.Release|x64.Build.0 = Release|x64
		{E7EC85BB-6969-4CB6-96A6-E87524C0625A}.Release|x64.Deploy.0 = Release|x64
	EndGlobalSection
	GlobalSection(SolutionProperties) = preSolution
		HideSolutionNode = FALSE
	EndGlobalSection
EndGlobal
