
Microsoft Visual Studio Solution File, Format Version 11.00
# Visual Studio 14
Project("{8BC9CEB8-8B4A-11D0-8D11-00A0C91BC942}") = "3d", "3d.vcxproj", "{362BD1EF-7F29-4399-A053-567F10A16D51}"
EndProject
Project("{8BC9CEB8-8B4A-11D0-8D11-00A0C91BC942}") = "asyncio", "asyncio.vcxproj", "{E4246708-C601-4B13-BCE3-83CD1F2699A8}"
EndProject
Project("{8BC9CEB8-8B4A-11D0-8D11-00A0C91BC942}") = "channel_groups", "channel_groups.vcxproj", "{17C5653A-E9C8-4542-A276-94235456DF10}"
EndProject
Project("{8BC9CEB8-8B4A-11D0-8D11-00A0C91BC942}") = "convolution_reverb", "convolution_reverb.vcxproj", "{721EB406-2E39-4EB3-9F23-85DCA0152C4D}"
EndProject
Project("{8BC9CEB8-8B4A-11D0-8D11-00A0C91BC942}") = "dsp_custom", "dsp_custom.vcxproj", "{C7526BCD-BDCF-482A-9CA7-17C52CD772A8}"
EndProject
Project("{8BC9CEB8-8B4A-11D0-8D11-00A0C91BC942}") = "dsp_effect_per_speaker", "dsp_effect_per_speaker.vcxproj", "{D5E7CD0B-72C2-433A-8F6A-4A1297F47830}"
EndProject
Project("{8BC9CEB8-8B4A-11D0-8D11-00A0C91BC942}") = "dsp_inspector", "dsp_inspector.vcxproj", "{CDDBFF59-BEB0-462A-9679-71E7EB3E77EE}"
EndProject
Project("{8BC9CEB8-8B4A-11D0-8D11-00A0C91BC942}") = "effects", "effects.vcxproj", "{A0A93681-48F6-4D50-A351-E08A24733935}"
EndProject
Project("{8BC9CEB8-8B4A-11D0-8D11-00A0C91BC942}") = "gapless_playback", "gapless_playback.vcxproj", "{63100EDF-9440-43A8-82A4-979DE0C674EE}"
EndProject
Project("{8BC9CEB8-8B4A-11D0-8D11-00A0C91BC942}") = "generate_tone", "generate_tone.vcxproj", "{F0B31FC5-BE60-41E3-9901-6217D05C69F6}"
EndProject
Project("{8BC9CEB8-8B4A-11D0-8D11-00A0C91BC942}") = "granular_synth", "granular_synth.vcxproj", "{CD205B5A-DB6B-421D-B478-37FBBF1ED6E8}"
EndProject
Project("{8BC9CEB8-8B4A-11D0-8D11-00A0C91BC942}") = "load_from_memory", "load_from_memory.vcxproj", "{18C1F42B-B644-431D-A581-7E5F2ED23616}"
EndProject
Project("{8BC9CEB8-8B4A-11D0-8D11-00A0C91BC942}") = "multiple_speaker", "multiple_speaker.vcxproj", "{EE3D9ABB-991C-465A-86B5-1CCABF0390EA}"
EndProject
Project("{8BC9CEB8-8B4A-11D0-8D11-00A0C91BC942}") = "multiple_system", "multiple_system.vcxproj", "{E9798194-F41D-4BCE-8D72-456C5E9A5869}"
EndProject
Project("{8BC9CEB8-8B4A-11D0-8D11-00A0C91BC942}") = "net_stream", "net_stream.vcxproj", "{B229BEF3-68E1-435F-9C65-47623A24FFAF}"
EndProject
Project("{8BC9CEB8-8B4A-11D0-8D11-00A0C91BC942}") = "play_sound", "play_sound.vcxproj", "{266AEF9A-D9FA-4ACF-B3ED-3E73E45B0573}"
EndProject
Project("{8BC9CEB8-8B4A-11D0-8D11-00A0C91BC942}") = "play_stream", "play_stream.vcxproj", "{FF16C6C1-8FDD-4FB2-B886-E8843320B517}"
EndProject
Project("{8BC9CEB8-8B4A-11D0-8D11-00A0C91BC942}") = "record", "record.vcxproj", "{8EB6820F-649F-417B-B390-8CE83AB24738}"
EndProject
Project("{8BC9CEB8-8B4A-11D0-8D11-00A0C91BC942}") = "record_enumeration", "record_enumeration.vcxproj", "{74A37A0E-6D15-4D91-8788-07E3DE888BBF}"
EndProject
Project("{8BC9CEB8-8B4A-11D0-8D11-00A0C91BC942}") = "user_created_sound", "user_created_sound.vcxproj", "{060F1E5E-2F14-41EB-B17B-779ECCDA783B}"
EndProject
Project("{8BC9CEB8-8B4A-11D0-8D11-00A0C91BC942}") = "fmod_codec_raw", "fmod_codec_raw.vcxproj", "{8125EEEB-8EBE-4D32-8543-53AC3901AB81}"
EndProject
Project("{8BC9CEB8-8B4A-11D0-8D11-00A0C91BC942}") = "fmod_distance_filter", "fmod_distance_filter.vcxproj", "{043BFFC4-E8DF-4165-BCA3-922991500A98}"
EndProject
Project("{8BC9CEB8-8B4A-11D0-8D11-00A0C91BC942}") = "fmod_gain", "fmod_gain.vcxproj", "{7D4AE2DE-E327-4D00-A34B-61EC77412ECC}"
EndProject
Project("{8BC9CEB8-8B4A-11D0-8D11-00A0C91BC942}") = "fmod_noise", "fmod_noise.vcxproj", "{73CD919F-6E96-4838-B1C9-AD3B4EE7E90F}"
EndProject
Project("{8BC9CEB8-8B4A-11D0-8D11-00A0C91BC942}") = "output_mp3", "output_mp3.vcxproj", "{CB372D9A-4F9D-4181-A160-3D8D08AE147E}"
EndProject
Global
	GlobalSection(SolutionConfigurationPlatforms) = preSolution
		Debug|Win32 = Debug|Win32
		Debug|x64 = Debug|x64
		Release|Win32 = Release|Win32
		Release|x64 = Release|x64
	EndGlobalSection
	GlobalSection(ProjectConfigurationPlatforms) = postSolution
		{362BD1EF-7F29-4399-A053-567F10A16D51}.Debug|Win32.ActiveCfg = Debug|Win32
		{362BD1EF-7F29-4399-A053-567F10A16D51}.Debug|Win32.Build.0 = Debug|Win32
		{362BD1EF-7F29-4399-A053-567F10A16D51}.Debug|Win32.Deploy.0 = Debug|Win32
		{362BD1EF-7F29-4399-A053-567F10A16D51}.Debug|x64.ActiveCfg = Debug|x64
		{362BD1EF-7F29-4399-A053-567F10A16D51}.Debug|x64.Build.0 = Debug|x64
		{362BD1EF-7F29-4399-A053-567F10A16D51}.Debug|x64.Deploy.0 = Debug|x64
		{362BD1EF-7F29-4399-A053-567F10A16D51}.Release|Win32.ActiveCfg = Release|Win32
		{362BD1EF-7F29-4399-A053-567F10A16D51}.Release|Win32.Build.0 = Release|Win32
		{362BD1EF-7F29-4399-A053-567F10A16D51}.Release|Win32.Deploy.0 = Release|Win32
		{362BD1EF-7F29-4399-A053-567F10A16D51}.Release|x64.ActiveCfg = Release|x64
		{362BD1EF-7F29-4399-A053-567F10A16D51}.Release|x64.Build.0 = Release|x64
		{362BD1EF-7F29-4399-A053-567F10A16D51}.Release|x64.Deploy.0 = Release|x64
		{E4246708-C601-4B13-BCE3-83CD1F2699A8}.Debug|Win32.ActiveCfg = Debug|Win32
		{E4246708-C601-4B13-BCE3-83CD1F2699A8}.Debug|Win32.Build.0 = Debug|Win32
		{E4246708-C601-4B13-BCE3-83CD1F2699A8}.Debug|Win32.Deploy.0 = Debug|Win32
		{E4246708-C601-4B13-BCE3-83CD1F2699A8}.Debug|x64.ActiveCfg = Debug|x64
		{E4246708-C601-4B13-BCE3-83CD1F2699A8}.Debug|x64.Build.0 = Debug|x64
		{E4246708-C601-4B13-BCE3-83CD1F2699A8}.Debug|x64.Deploy.0 = Debug|x64
		{E4246708-C601-4B13-BCE3-83CD1F2699A8}.Release|Win32.ActiveCfg = Release|Win32
		{E4246708-C601-4B13-BCE3-83CD1F2699A8}.Release|Win32.Build.0 = Release|Win32
		{E4246708-C601-4B13-BCE3-83CD1F2699A8}.Release|Win32.Deploy.0 = Release|Win32
		{E4246708-C601-4B13-BCE3-83CD1F2699A8}.Release|x64.ActiveCfg = Release|x64
		{E4246708-C601-4B13-BCE3-83CD1F2699A8}.Release|x64.Build.0 = Release|x64
		{E4246708-C601-4B13-BCE3-83CD1F2699A8}.Release|x64.Deploy.0 = Release|x64
		{17C5653A-E9C8-4542-A276-94235456DF10}.Debug|Win32.ActiveCfg = Debug|Win32
		{17C5653A-E9C8-4542-A276-94235456DF10}.Debug|Win32.Build.0 = Debug|Win32
		{17C5653A-E9C8-4542-A276-94235456DF10}.Debug|Win32.Deploy.0 = Debug|Win32
		{17C5653A-E9C8-4542-A276-94235456DF10}.Debug|x64.ActiveCfg = Debug|x64
		{17C5653A-E9C8-4542-A276-94235456DF10}.Debug|x64.Build.0 = Debug|x64
		{17C5653A-E9C8-4542-A276-94235456DF10}.Debug|x64.Deploy.0 = Debug|x64
		{17C5653A-E9C8-4542-A276-94235456DF10}.Release|Win32.ActiveCfg = Release|Win32
		{17C5653A-E9C8-4542-A276-94235456DF10}.Release|Win32.Build.0 = Release|Win32
		{17C5653A-E9C8-4542-A276-94235456DF10}.Release|Win32.Deploy.0 = Release|Win32
		{17C5653A-E9C8-4542-A276-94235456DF10}.Release|x64.ActiveCfg = Release|x64
		{17C5653A-E9C8-4542-A276-94235456DF10}.Release|x64.Build.0 = Release|x64
		{17C5653A-E9C8-4542-A276-94235456DF10}.Release|x64.Deploy.0 = Release|x64
		{721EB406-2E39-4EB3-9F23-85DCA0152C4D}.Debug|Win32.ActiveCfg = Debug|Win32
		{721EB406-2E39-4EB3-9F23-85DCA0152C4D}.Debug|Win32.Build.0 = Debug|Win32
		{721EB406-2E39-4EB3-9F23-85DCA0152C4D}.Debug|Win32.Deploy.0 = Debug|Win32
		{721EB406-2E39-4EB3-9F23-85DCA0152C4D}.Debug|x64.ActiveCfg = Debug|x64
		{721EB406-2E39-4EB3-9F23-85DCA0152C4D}.Debug|x64.Build.0 = Debug|x64
		{721EB406-2E39-4EB3-9F23-85DCA0152C4D}.Debug|x64.Deploy.0 = Debug|x64
		{721EB406-2E39-4EB3-9F23-85DCA0152C4D}.Release|Win32.ActiveCfg = Release|Win32
		{721EB406-2E39-4EB3-9F23-85DCA0152C4D}.Release|Win32.Build.0 = Release|Win32
		{721EB406-2E39-4EB3-9F23-85DCA0152C4D}.Release|Win32.Deploy.0 = Release|Win32
		{721EB406-2E39-4EB3-9F23-85DCA0152C4D}.Release|x64.ActiveCfg = Release|x64
		{721EB406-2E39-4EB3-9F23-85DCA0152C4D}.Release|x64.Build.0 = Release|x64
		{721EB406-2E39-4EB3-9F23-85DCA0152C4D}.Release|x64.Deploy.0 = Release|x64
		{C7526BCD-BDCF-482A-9CA7-17C52CD772A8}.Debug|Win32.ActiveCfg = Debug|Win32
		{C7526BCD-BDCF-482A-9CA7-17C52CD772A8}.Debug|Win32.Build.0 = Debug|Win32
		{C7526BCD-BDCF-482A-9CA7-17C52CD772A8}.Debug|Win32.Deploy.0 = Debug|Win32
		{C7526BCD-BDCF-482A-9CA7-17C52CD772A8}.Debug|x64.ActiveCfg = Debug|x64
		{C7526BCD-BDCF-482A-9CA7-17C52CD772A8}.Debug|x64.Build.0 = Debug|x64
		{C7526BCD-BDCF-482A-9CA7-17C52CD772A8}.Debug|x64.Deploy.0 = Debug|x64
		{C7526BCD-BDCF-482A-9CA7-17C52CD772A8}.Release|Win32.ActiveCfg = Release|Win32
		{C7526BCD-BDCF-482A-9CA7-17C52CD772A8}.Release|Win32.Build.0 = Release|Win32
		{C7526BCD-BDCF-482A-9CA7-17C52CD772A8}.Release|Win32.Deploy.0 = Release|Win32
		{C7526BCD-BDCF-482A-9CA7-17C52CD772A8}.Release|x64.ActiveCfg = Release|x64
		{C7526BCD-BDCF-482A-9CA7-17C52CD772A8}.Release|x64.Build.0 = Release|x64
		{C7526BCD-BDCF-482A-9CA7-17C52CD772A8}.Release|x64.Deploy.0 = Release|x64
		{D5E7CD0B-72C2-433A-8F6A-4A1297F47830}.Debug|Win32.ActiveCfg = Debug|Win32
		{D5E7CD0B-72C2-433A-8F6A-4A1297F47830}.Debug|Win32.Build.0 = Debug|Win32
		{D5E7CD0B-72C2-433A-8F6A-4A1297F47830}.Debug|Win32.Deploy.0 = Debug|Win32
		{D5E7CD0B-72C2-433A-8F6A-4A1297F47830}.Debug|x64.ActiveCfg = Debug|x64
		{D5E7CD0B-72C2-433A-8F6A-4A1297F47830}.Debug|x64.Build.0 = Debug|x64
		{D5E7CD0B-72C2-433A-8F6A-4A1297F47830}.Debug|x64.Deploy.0 = Debug|x64
		{D5E7CD0B-72C2-433A-8F6A-4A1297F47830}.Release|Win32.ActiveCfg = Release|Win32
		{D5E7CD0B-72C2-433A-8F6A-4A1297F47830}.Release|Win32.Build.0 = Release|Win32
		{D5E7CD0B-72C2-433A-8F6A-4A1297F47830}.Release|Win32.Deploy.0 = Release|Win32
		{D5E7CD0B-72C2-433A-8F6A-4A1297F47830}.Release|x64.ActiveCfg = Release|x64
		{D5E7CD0B-72C2-433A-8F6A-4A1297F47830}.Release|x64.Build.0 = Release|x64
		{D5E7CD0B-72C2-433A-8F6A-4A1297F47830}.Release|x64.Deploy.0 = Release|x64
		{CDDBFF59-BEB0-462A-9679-71E7EB3E77EE}.Debug|Win32.ActiveCfg = Debug|Win32
		{CDDBFF59-BEB0-462A-9679-71E7EB3E77EE}.Debug|Win32.Build.0 = Debug|Win32
		{CDDBFF59-BEB0-462A-9679-71E7EB3E77EE}.Debug|Win32.Deploy.0 = Debug|Win32
		{CDDBFF59-BEB0-462A-9679-71E7EB3E77EE}.Debug|x64.ActiveCfg = Debug|x64
		{CDDBFF59-BEB0-462A-9679-71E7EB3E77EE}.Debug|x64.Build.0 = Debug|x64
		{CDDBFF59-BEB0-462A-9679-71E7EB3E77EE}.Debug|x64.Deploy.0 = Debug|x64
		{CDDBFF59-BEB0-462A-9679-71E7EB3E77EE}.Release|Win32.ActiveCfg = Release|Win32
		{CDDBFF59-BEB0-462A-9679-71E7EB3E77EE}.Release|Win32.Build.0 = Release|Win32
		{CDDBFF59-BEB0-462A-9679-71E7EB3E77EE}.Release|Win32.Deploy.0 = Release|Win32
		{CDDBFF59-BEB0-462A-9679-71E7EB3E77EE}.Release|x64.ActiveCfg = Release|x64
		{CDDBFF59-BEB0-462A-9679-71E7EB3E77EE}.Release|x64.Build.0 = Release|x64
		{CDDBFF59-BEB0-462A-9679-71E7EB3E77EE}.Release|x64.Deploy.0 = Release|x64
		{A0A93681-48F6-4D50-A351-E08A24733935}.Debug|Win32.ActiveCfg = Debug|Win32
		{A0A93681-48F6-4D50-A351-E08A24733935}.Debug|Win32.Build.0 = Debug|Win32
		{A0A93681-48F6-4D50-A351-E08A24733935}.Debug|Win32.Deploy.0 = Debug|Win32
		{A0A93681-48F6-4D50-A351-E08A24733935}.Debug|x64.ActiveCfg = Debug|x64
		{A0A93681-48F6-4D50-A351-E08A24733935}.Debug|x64.Build.0 = Debug|x64
		{A0A93681-48F6-4D50-A351-E08A24733935}.Debug|x64.Deploy.0 = Debug|x64
		{A0A93681-48F6-4D50-A351-E08A24733935}.Release|Win32.ActiveCfg = Release|Win32
		{A0A93681-48F6-4D50-A351-E08A24733935}.Release|Win32.Build.0 = Release|Win32
		{A0A93681-48F6-4D50-A351-E08A24733935}.Release|Win32.Deploy.0 = Release|Win32
		{A0A93681-48F6-4D50-A351-E08A24733935}.Release|x64.ActiveCfg = Release|x64
		{A0A93681-48F6-4D50-A351-E08A24733935}.Release|x64.Build.0 = Release|x64
		{A0A93681-48F6-4D50-A351-E08A24733935}.Release|x64.Deploy.0 = Release|x64
		{63100EDF-9440-43A8-82A4-979DE0C674EE}.Debug|Win32.ActiveCfg = Debug|Win32
		{63100EDF-9440-43A8-82A4-979DE0C674EE}.Debug|Win32.Build.0 = Debug|Win32
		{63100EDF-9440-43A8-82A4-979DE0C674EE}.Debug|Win32.Deploy.0 = Debug|Win32
		{63100EDF-9440-43A8-82A4-979DE0C674EE}.Debug|x64.ActiveCfg = Debug|x64
		{63100EDF-9440-43A8-82A4-979DE0C674EE}.Debug|x64.Build.0 = Debug|x64
		{63100EDF-9440-43A8-82A4-979DE0C674EE}.Debug|x64.Deploy.0 = Debug|x64
		{63100EDF-9440-43A8-82A4-979DE0C674EE}.Release|Win32.ActiveCfg = Release|Win32
		{63100EDF-9440-43A8-82A4-979DE0C674EE}.Release|Win32.Build.0 = Release|Win32
		{63100EDF-9440-43A8-82A4-979DE0C674EE}.Release|Win32.Deploy.0 = Release|Win32
		{63100EDF-9440-43A8-82A4-979DE0C674EE}.Release|x64.ActiveCfg = Release|x64
		{63100EDF-9440-43A8-82A4-979DE0C674EE}.Release|x64.Build.0 = Release|x64
		{63100EDF-9440-43A8-82A4-979DE0C674EE}.Release|x64.Deploy.0 = Release|x64
		{F0B31FC5-BE60-41E3-9901-6217D05C69F6}.Debug|Win32.ActiveCfg = Debug|Win32
		{F0B31FC5-BE60-41E3-9901-6217D05C69F6}.Debug|Win32.Build.0 = Debug|Win32
		{F0B31FC5-BE60-41E3-9901-6217D05C69F6}.Debug|Win32.Deploy.0 = Debug|Win32
		{F0B31FC5-BE60-41E3-9901-6217D05C69F6}.Debug|x64.ActiveCfg = Debug|x64
		{F0B31FC5-BE60-41E3-9901-6217D05C69F6}.Debug|x64.Build.0 = Debug|x64
		{F0B31FC5-BE60-41E3-9901-6217D05C69F6}.Debug|x64.Deploy.0 = Debug|x64
		{F0B31FC5-BE60-41E3-9901-6217D05C69F6}.Release|Win32.ActiveCfg = Release|Win32
		{F0B31FC5-BE60-41E3-9901-6217D05C69F6}.Release|Win32.Build.0 = Release|Win32
		{F0B31FC5-BE60-41E3-9901-6217D05C69F6}.Release|Win32.Deploy.0 = Release|Win32
		{F0B31FC5-BE60-41E3-9901-6217D05C69F6}.Release|x64.ActiveCfg = Release|x64
		{F0B31FC5-BE60-41E3-9901-6217D05C69F6}.Release|x64.Build.0 = Release|x64
		{F0B31FC5-BE60-41E3-9901-6217D05C69F6}.Release|x64.Deploy.0 = Release|x64
		{CD205B5A-DB6B-421D-B478-37FBBF1ED6E8}.Debug|Win32.ActiveCfg = Debug|Win32
		{CD205B5A-DB6B-421D-B478-37FBBF1ED6E8}.Debug|Win32.Build.0 = Debug|Win32
		{CD205B5A-DB6B-421D-B478-37FBBF1ED6E8}.Debug|Win32.Deploy.0 = Debug|Win32
		{CD205B5A-DB6B-421D-B478-37FBBF1ED6E8}.Debug|x64.ActiveCfg = Debug|x64
		{CD205B5A-DB6B-421D-B478-37FBBF1ED6E8}.Debug|x64.Build.0 = Debug|x64
		{CD205B5A-DB6B-421D-B478-37FBBF1ED6E8}.Debug|x64.Deploy.0 = Debug|x64
		{CD205B5A-DB6B-421D-B478-37FBBF1ED6E8}.Release|Win32.ActiveCfg = Release|Win32
		{CD205B5A-DB6B-421D-B478-37FBBF1ED6E8}.Release|Win32.Build.0 = Release|Win32
		{CD205B5A-DB6B-421D-B478-37FBBF1ED6E8}.Release|Win32.Deploy.0 = Release|Win32
		{CD205B5A-DB6B-421D-B478-37FBBF1ED6E8}.Release|x64.ActiveCfg = Release|x64
		{CD205B5A-DB6B-421D-B478-37FBBF1ED6E8}.Release|x64.Build.0 = Release|x64
		{CD205B5A-DB6B-421D-B478-37FBBF1ED6E8}.Release|x64.Deploy.0 = Release|x64
		{18C1F42B-B644-431D-A581-7E5F2ED23616}.Debug|Win32.ActiveCfg = Debug|Win32
		{18C1F42B-B644-431D-A581-7E5F2ED23616}.Debug|Win32.Build.0 = Debug|Win32
		{18C1F42B-B644-431D-A581-7E5F2ED23616}.Debug|Win32.Deploy.0 = Debug|Win32
		{18C1F42B-B644-431D-A581-7E5F2ED23616}.Debug|x64.ActiveCfg = Debug|x64
		{18C1F42B-B644-431D-A581-7E5F2ED23616}.Debug|x64.Build.0 = Debug|x64
		{18C1F42B-B644-431D-A581-7E5F2ED23616}.Debug|x64.Deploy.0 = Debug|x64
		{18C1F42B-B644-431D-A581-7E5F2ED23616}.Release|Win32.ActiveCfg = Release|Win32
		{18C1F42B-B644-431D-A581-7E5F2ED23616}.Release|Win32.Build.0 = Release|Win32
		{18C1F42B-B644-431D-A581-7E5F2ED23616}.Release|Win32.Deploy.0 = Release|Win32
		{18C1F42B-B644-431D-A581-7E5F2ED23616}.Release|x64.ActiveCfg = Release|x64
		{18C1F42B-B644-431D-A581-7E5F2ED23616}.Release|x64.Build.0 = Release|x64
		{18C1F42B-B644-431D-A581-7E5F2ED23616}.Release|x64.Deploy.0 = Release|x64
		{EE3D9ABB-991C-465A-86B5-1CCABF0390EA}.Debug|Win32.ActiveCfg = Debug|Win32
		{EE3D9ABB-991C-465A-86B5-1CCABF0390EA}.Debug|Win32.Build.0 = Debug|Win32
		{EE3D9ABB-991C-465A-86B5-1CCABF0390EA}.Debug|Win32.Deploy.0 = Debug|Win32
		{EE3D9ABB-991C-465A-86B5-1CCABF0390EA}.Debug|x64.ActiveCfg = Debug|x64
		{EE3D9ABB-991C-465A-86B5-1CCABF0390EA}.Debug|x64.Build.0 = Debug|x64
		{EE3D9ABB-991C-465A-86B5-1CCABF0390EA}.Debug|x64.Deploy.0 = Debug|x64
		{EE3D9ABB-991C-465A-86B5-1CCABF0390EA}.Release|Win32.ActiveCfg = Release|Win32
		{EE3D9ABB-991C-465A-86B5-1CCABF0390EA}.Release|Win32.Build.0 = Release|Win32
		{EE3D9ABB-991C-465A-86B5-1CCABF0390EA}.Release|Win32.Deploy.0 = Release|Win32
		{EE3D9ABB-991C-465A-86B5-1CCABF0390EA}.Release|x64.ActiveCfg = Release|x64
		{EE3D9ABB-991C-465A-86B5-1CCABF0390EA}.Release|x64.Build.0 = Release|x64
		{EE3D9ABB-991C-465A-86B5-1CCABF0390EA}.Release|x64.Deploy.0 = Release|x64
		{E9798194-F41D-4BCE-8D72-456C5E9A5869}.Debug|Win32.ActiveCfg = Debug|Win32
		{E9798194-F41D-4BCE-8D72-456C5E9A5869}.Debug|Win32.Build.0 = Debug|Win32
		{E9798194-F41D-4BCE-8D72-456C5E9A5869}.Debug|Win32.Deploy.0 = Debug|Win32
		{E9798194-F41D-4BCE-8D72-456C5E9A5869}.Debug|x64.ActiveCfg = Debug|x64
		{E9798194-F41D-4BCE-8D72-456C5E9A5869}.Debug|x64.Build.0 = Debug|x64
		{E9798194-F41D-4BCE-8D72-456C5E9A5869}.Debug|x64.Deploy.0 = Debug|x64
		{E9798194-F41D-4BCE-8D72-456C5E9A5869}.Release|Win32.ActiveCfg = Release|Win32
		{E9798194-F41D-4BCE-8D72-456C5E9A5869}.Release|Win32.Build.0 = Release|Win32
		{E9798194-F41D-4BCE-8D72-456C5E9A5869}.Release|Win32.Deploy.0 = Release|Win32
		{E9798194-F41D-4BCE-8D72-456C5E9A5869}.Release|x64.ActiveCfg = Release|x64
		{E9798194-F41D-4BCE-8D72-456C5E9A5869}.Release|x64.Build.0 = Release|x64
		{E9798194-F41D-4BCE-8D72-456C5E9A5869}.Release|x64.Deploy.0 = Release|x64
		{B229BEF3-68E1-435F-9C65-47623A24FFAF}.Debug|Win32.ActiveCfg = Debug|Win32
		{B229BEF3-68E1-435F-9C65-47623A24FFAF}.Debug|Win32.Build.0 = Debug|Win32
		{B229BEF3-68E1-435F-9C65-47623A24FFAF}.Debug|Win32.Deploy.0 = Debug|Win32
		{B229BEF3-68E1-435F-9C65-47623A24FFAF}.Debug|x64.ActiveCfg = Debug|x64
		{B229BEF3-68E1-435F-9C65-47623A24FFAF}.Debug|x64.Build.0 = Debug|x64
		{B229BEF3-68E1-435F-9C65-47623A24FFAF}.Debug|x64.Deploy.0 = Debug|x64
		{B229BEF3-68E1-435F-9C65-47623A24FFAF}.Release|Win32.ActiveCfg = Release|Win32
		{B229BEF3-68E1-435F-9C65-47623A24FFAF}.Release|Win32.Build.0 = Release|Win32
		{B229BEF3-68E1-435F-9C65-47623A24FFAF}.Release|Win32.Deploy.0 = Release|Win32
		{B229BEF3-68E1-435F-9C65-47623A24FFAF}.Release|x64.ActiveCfg = Release|x64
		{B229BEF3-68E1-435F-9C65-47623A24FFAF}.Release|x64.Build.0 = Release|x64
		{B229BEF3-68E1-435F-9C65-47623A24FFAF}.Release|x64.Deploy.0 = Release|x64
		{266AEF9A-D9FA-4ACF-B3ED-3E73E45B0573}.Debug|Win32.ActiveCfg = Debug|Win32
		{266AEF9A-D9FA-4ACF-B3ED-3E73E45B0573}.Debug|Win32.Build.0 = Debug|Win32
		{266AEF9A-D9FA-4ACF-B3ED-3E73E45B0573}.Debug|Win32.Deploy.0 = Debug|Win32
		{266AEF9A-D9FA-4ACF-B3ED-3E73E45B0573}.Debug|x64.ActiveCfg = Debug|x64
		{266AEF9A-D9FA-4ACF-B3ED-3E73E45B0573}.Debug|x64.Build.0 = Debug|x64
		{266AEF9A-D9FA-4ACF-B3ED-3E73E45B0573}.Debug|x64.Deploy.0 = Debug|x64
		{266AEF9A-D9FA-4ACF-B3ED-3E73E45B0573}.Release|Win32.ActiveCfg = Release|Win32
		{266AEF9A-D9FA-4ACF-B3ED-3E73E45B0573}.Release|Win32.Build.0 = Release|Win32
		{266AEF9A-D9FA-4ACF-B3ED-3E73E45B0573}.Release|Win32.Deploy.0 = Release|Win32
		{266AEF9A-D9FA-4ACF-B3ED-3E73E45B0573}.Release|x64.ActiveCfg = Release|x64
		{266AEF9A-D9FA-4ACF-B3ED-3E73E45B0573}.Release|x64.Build.0 = Release|x64
		{266AEF9A-D9FA-4ACF-B3ED-3E73E45B0573}.Release|x64.Deploy.0 = Release|x64
		{FF16C6C1-8FDD-4FB2-B886-E8843320B517}.Debug|Win32.ActiveCfg = Debug|Win32
		{FF16C6C1-8FDD-4FB2-B886-E8843320B517}.Debug|Win32.Build.0 = Debug|Win32
		{FF16C6C1-8FDD-4FB2-B886-E8843320B517}.Debug|Win32.Deploy.0 = Debug|Win32
		{FF16C6C1-8FDD-4FB2-B886-E8843320B517}.Debug|x64.ActiveCfg = Debug|x64
		{FF16C6C1-8FDD-4FB2-B886-E8843320B517}.Debug|x64.Build.0 = Debug|x64
		{FF16C6C1-8FDD-4FB2-B886-E8843320B517}.Debug|x64.Deploy.0 = Debug|x64
		{FF16C6C1-8FDD-4FB2-B886-E8843320B517}.Release|Win32.ActiveCfg = Release|Win32
		{FF16C6C1-8FDD-4FB2-B886-E8843320B517}.Release|Win32.Build.0 = Release|Win32
		{FF16C6C1-8FDD-4FB2-B886-E8843320B517}.Release|Win32.Deploy.0 = Release|Win32
		{FF16C6C1-8FDD-4FB2-B886-E8843320B517}.Release|x64.ActiveCfg = Release|x64
		{FF16C6C1-8FDD-4FB2-B886-E8843320B517}.Release|x64.Build.0 = Release|x64
		{FF16C6C1-8FDD-4FB2-B886-E8843320B517}.Release|x64.Deploy.0 = Release|x64
		{8EB6820F-649F-417B-B390-8CE83AB24738}.Debug|Win32.ActiveCfg = Debug|Win32
		{8EB6820F-649F-417B-B390-8CE83AB24738}.Debug|Win32.Build.0 = Debug|Win32
		{8EB6820F-649F-417B-B390-8CE83AB24738}.Debug|Win32.Deploy.0 = Debug|Win32
		{8EB6820F-649F-417B-B390-8CE83AB24738}.Debug|x64.ActiveCfg = Debug|x64
		{8EB6820F-649F-417B-B390-8CE83AB24738}.Debug|x64.Build.0 = Debug|x64
		{8EB6820F-649F-417B-B390-8CE83AB24738}.Debug|x64.Deploy.0 = Debug|x64
		{8EB6820F-649F-417B-B390-8CE83AB24738}.Release|Win32.ActiveCfg = Release|Win32
		{8EB6820F-649F-417B-B390-8CE83AB24738}.Release|Win32.Build.0 = Release|Win32
		{8EB6820F-649F-417B-B390-8CE83AB24738}.Release|Win32.Deploy.0 = Release|Win32
		{8EB6820F-649F-417B-B390-8CE83AB24738}.Release|x64.ActiveCfg = Release|x64
		{8EB6820F-649F-417B-B390-8CE83AB24738}.Release|x64.Build.0 = Release|x64
		{8EB6820F-649F-417B-B390-8CE83AB24738}.Release|x64.Deploy.0 = Release|x64
		{74A37A0E-6D15-4D91-8788-07E3DE888BBF}.Debug|Win32.ActiveCfg = Debug|Win32
		{74A37A0E-6D15-4D91-8788-07E3DE888BBF}.Debug|Win32.Build.0 = Debug|Win32
		{74A37A0E-6D15-4D91-8788-07E3DE888BBF}.Debug|Win32.Deploy.0 = Debug|Win32
		{74A37A0E-6D15-4D91-8788-07E3DE888BBF}.Debug|x64.ActiveCfg = Debug|x64
		{74A37A0E-6D15-4D91-8788-07E3DE888BBF}.Debug|x64.Build.0 = Debug|x64
		{74A37A0E-6D15-4D91-8788-07E3DE888BBF}.Debug|x64.Deploy.0 = Debug|x64
		{74A37A0E-6D15-4D91-8788-07E3DE888BBF}.Release|Win32.ActiveCfg = Release|Win32
		{74A37A0E-6D15-4D91-8788-07E3DE888BBF}.Release|Win32.Build.0 = Release|Win32
		{74A37A0E-6D15-4D91-8788-07E3DE888BBF}.Release|Win32.Deploy.0 = Release|Win32
		{74A37A0E-6D15-4D91-8788-07E3DE888BBF}.Release|x64.ActiveCfg = Release|x64
		{74A37A0E-6D15-4D91-8788-07E3DE888BBF}.Release|x64.Build.0 = Release|x64
		{74A37A0E-6D15-4D91-8788-07E3DE888BBF}.Release|x64.Deploy.0 = Release|x64
		{060F1E5E-2F14-41EB-B17B-779ECCDA783B}.Debug|Win32.ActiveCfg = Debug|Win32
		{060F1E5E-2F14-41EB-B17B-779ECCDA783B}.Debug|Win32.Build.0 = Debug|Win32
		{060F1E5E-2F14-41EB-B17B-779ECCDA783B}.Debug|Win32.Deploy.0 = Debug|Win32
		{060F1E5E-2F14-41EB-B17B-779ECCDA783B}.Debug|x64.ActiveCfg = Debug|x64
		{060F1E5E-2F14-41EB-B17B-779ECCDA783B}.Debug|x64.Build.0 = Debug|x64
		{060F1E5E-2F14-41EB-B17B-779ECCDA783B}.Debug|x64.Deploy.0 = Debug|x64
		{060F1E5E-2F14-41EB-B17B-779ECCDA783B}.Release|Win32.ActiveCfg = Release|Win32
		{060F1E5E-2F14-41EB-B17B-779ECCDA783B}.Release|Win32.Build.0 = Release|Win32
		{060F1E5E-2F14-41EB-B17B-779ECCDA783B}.Release|Win32.Deploy.0 = Release|Win32
		{060F1E5E-2F14-41EB-B17B-779ECCDA783B}.Release|x64.ActiveCfg = Release|x64
		{060F1E5E-2F14-41EB-B17B-779ECCDA783B}.Release|x64.Build.0 = Release|x64
		{060F1E5E-2F14-41EB-B17B-779ECCDA783B}.Release|x64.Deploy.0 = Release|x64
		{8125EEEB-8EBE-4D32-8543-53AC3901AB81}.Debug|Win32.ActiveCfg = Debug|Win32
		{8125EEEB-8EBE-4D32-8543-53AC3901AB81}.Debug|Win32.Build.0 = Debug|Win32
		{8125EEEB-8EBE-4D32-8543-53AC3901AB81}.Debug|Win32.Deploy.0 = Debug|Win32
		{8125EEEB-8EBE-4D32-8543-53AC3901AB81}.Debug|x64.ActiveCfg = Debug|x64
		{8125EEEB-8EBE-4D32-8543-53AC3901AB81}.Debug|x64.Build.0 = Debug|x64
		{8125EEEB-8EBE-4D32-8543-53AC3901AB81}.Debug|x64.Deploy.0 = Debug|x64
		{8125EEEB-8EBE-4D32-8543-53AC3901AB81}.Release|Win32.ActiveCfg = Release|Win32
		{8125EEEB-8EBE-4D32-8543-53AC3901AB81}.Release|Win32.Build.0 = Release|Win32
		{8125EEEB-8EBE-4D32-8543-53AC3901AB81}.Release|Win32.Deploy.0 = Release|Win32
		{8125EEEB-8EBE-4D32-8543-53AC3901AB81}.Release|x64.ActiveCfg = Release|x64
		{8125EEEB-8EBE-4D32-8543-53AC3901AB81}.Release|x64.Build.0 = Release|x64
		{8125EEEB-8EBE-4D32-8543-53AC3901AB81}.Release|x64.Deploy.0 = Release|x64
		{043BFFC4-E8DF-4165-BCA3-922991500A98}.Debug|Win32.ActiveCfg = Debug|Win32
		{043BFFC4-E8DF-4165-BCA3-922991500A98}.Debug|Win32.Build.0 = Debug|Win32
		{043BFFC4-E8DF-4165-BCA3-922991500A98}.Debug|Win32.Deploy.0 = Debug|Win32
		{043BFFC4-E8DF-4165-BCA3-922991500A98}.Debug|x64.ActiveCfg = Debug|x64
		{043BFFC4-E8DF-4165-BCA3-922991500A98}.Debug|x64.Build.0 = Debug|x64
		{043BFFC4-E8DF-4165-BCA3-922991500A98}.Debug|x64.Deploy.0 = Debug|x64
		{043BFFC4-E8DF-4165-BCA3-922991500A98}.Release|Win32.ActiveCfg = Release|Win32
		{043BFFC4-E8DF-4165-BCA3-922991500A98}.Release|Win32.Build.0 = Release|Win32
		{043BFFC4-E8DF-4165-BCA3-922991500A98}.Release|Win32.Deploy.0 = Release|Win32
		{043BFFC4-E8DF-4165-BCA3-922991500A98}.Release|x64.ActiveCfg = Release|x64
		{043BFFC4-E8DF-4165-BCA3-922991500A98}.Release|x64.Build.0 = Release|x64
		{043BFFC4-E8DF-4165-BCA3-922991500A98}.Release|x64.Deploy.0 = Release|x64
		{7D4AE2DE-E327-4D00-A34B-61EC77412ECC}.Debug|Win32.ActiveCfg = Debug|Win32
		{7D4AE2DE-E327-4D00-A34B-61EC77412ECC}.Debug|Win32.Build.0 = Debug|Win32
		{7D4AE2DE-E327-4D00-A34B-61EC77412ECC}.Debug|Win32.Deploy.0 = Debug|Win32
		{7D4AE2DE-E327-4D00-A34B-61EC77412ECC}.Debug|x64.ActiveCfg = Debug|x64
		{7D4AE2DE-E327-4D00-A34B-61EC77412ECC}.Debug|x64.Build.0 = Debug|x64
		{7D4AE2DE-E327-4D00-A34B-61EC77412ECC}.Debug|x64.Deploy.0 = Debug|x64
		{7D4AE2DE-E327-4D00-A34B-61EC77412ECC}.Release|Win32.ActiveCfg = Release|Win32
		{7D4AE2DE-E327-4D00-A34B-61EC77412ECC}.Release|Win32.Build.0 = Release|Win32
		{7D4AE2DE-E327-4D00-A34B-61EC77412ECC}.Release|Win32.Deploy.0 = Release|Win32
		{7D4AE2DE-E327-4D00-A34B-61EC77412ECC}.Release|x64.ActiveCfg = Release|x64
		{7D4AE2DE-E327-4D00-A34B-61EC77412ECC}.Release|x64.Build.0 = Release|x64
		{7D4AE2DE-E327-4D00-A34B-61EC77412ECC}.Release|x64.Deploy.0 = Release|x64
		{73CD919F-6E96-4838-B1C9-AD3B4EE7E90F}.Debug|Win32.ActiveCfg = Debug|Win32
		{73CD919F-6E96-4838-B1C9-AD3B4EE7E90F}.Debug|Win32.Build.0 = Debug|Win32
		{73CD919F-6E96-4838-B1C9-AD3B4EE7E90F}.Debug|Win32.Deploy.0 = Debug|Win32
		{73CD919F-6E96-4838-B1C9-AD3B4EE7E90F}.Debug|x64.ActiveCfg = Debug|x64
		{73CD919F-6E96-4838-B1C9-AD3B4EE7E90F}.Debug|x64.Build.0 = Debug|x64
		{73CD919F-6E96-4838-B1C9-AD3B4EE7E90F}.Debug|x64.Deploy.0 = Debug|x64
		{73CD919F-6E96-4838-B1C9-AD3B4EE7E90F}.Release|Win32.ActiveCfg = Release|Win32
		{73CD919F-6E96-4838-B1C9-AD3B4EE7E90F}.Release|Win32.Build.0 = Release|Win32
		{73CD919F-6E96-4838-B1C9-AD3B4EE7E90F}.Release|Win32.Deploy.0 = Release|Win32
		{73CD919F-6E96-4838-B1C9-AD3B4EE7E90F}.Release|x64.ActiveCfg = Release|x64
		{73CD919F-6E96-4838-B1C9-AD3B4EE7E90F}.Release|x64.Build.0 = Release|x64
		{73CD919F-6E96-4838-B1C9-AD3B4EE7E90F}.Release|x64.Deploy.0 = Release|x64
		{CB372D9A-4F9D-4181-A160-3D8D08AE147E}.Debug|Win32.ActiveCfg = Debug|Win32
		{CB372D9A-4F9D-4181-A160-3D8D08AE147E}.Debug|Win32.Build.0 = Debug|Win32
		{CB372D9A-4F9D-4181-A160-3D8D08AE147E}.Debug|Win32.Deploy.0 = Debug|Win32
		{CB372D9A-4F9D-4181-A160-3D8D08AE147E}.Debug|x64.ActiveCfg = Debug|x64
		{CB372D9A-4F9D-4181-A160-3D8D08AE147E}.Debug|x64.Build.0 = Debug|x64
		{CB372D9A-4F9D-4181-A160-3D8D08AE147E}.Debug|x64.Deploy.0 = Debug|x64
		{CB372D9A-4F9D-4181-A160-3D8D08AE147E}.Release|Win32.ActiveCfg = Release|Win32
		{CB372D9A-4F9D-4181-A160-3D8D08AE147E}.Release|Win32.Build.0 = Release|Win32
		{CB372D9A-4F9D-4181-A160-3D8D08AE147E}.Release|Win32.Deploy.0 = Release|Win32
		{CB372D9A-4F9D-4181-A160-3D8D08AE147E}.Release|x64.ActiveCfg = Release|x64
		{CB372D9A-4F9D-4181-A160-3D8D08AE147E}.Release|x64.Build.0 = Release|x64
		{CB372D9A-4F9D-4181-A160-3D8D08AE147E}.Release|x64.Deploy.0 = Release|x64
	EndGlobalSection
	GlobalSection(SolutionProperties) = preSolution
		HideSolutionNode = FALSE
	EndGlobalSection
EndGlobal
