
Microsoft Visual Studio Solution File, Format Version 11.00
# Visual Studio 2010
Project("{8BC9CEB8-8B4A-11D0-8D11-00A0C91BC942}") = "3d", "3d.vcxproj", "{42F228AF-BE08-4A12-B147-A1E4E6C071D3}"
EndProject
Project("{8BC9CEB8-8B4A-11D0-8D11-00A0C91BC942}") = "3d_multi", "3d_multi.vcxproj", "{E617A36E-3C75-4C9A-B34C-C481193FDE6D}"
EndProject
Project("{8BC9CEB8-8B4A-11D0-8D11-00A0C91BC942}") = "event_parameter", "event_parameter.vcxproj", "{B3EA4FA2-0D31-40FC-832D-62571AE0F62E}"
EndProject
Project("{8BC9CEB8-8B4A-11D0-8D11-00A0C91BC942}") = "load_banks", "load_banks.vcxproj", "{97CBEAE3-5D46-4E6D-8BF7-8221820B2F8C}"
EndProject
Project("{8BC9CEB8-8B4A-11D0-8D11-00A0C91BC942}") = "music_callbacks", "music_callbacks.vcxproj", "{38803121-47C9-43E7-A0E6-9F980724DB01}"
EndProject
Project("{8BC9CEB8-8B4A-11D0-8D11-00A0C91BC942}") = "objectpan", "objectpan.vcxproj", "{5D75CFA5-EA7C-4847-B84B-8A442C96FBA1}"
EndProject
Project("{8BC9CEB8-8B4A-11D0-8D11-00A0C91BC942}") = "programmer_sound", "programmer_sound.vcxproj", "{B006E396-CE56-4326-A991-990902BEA30A}"
EndProject
Project("{8BC9CEB8-8B4A-11D0-8D11-00A0C91BC942}") = "recording_playback", "recording_playback.vcxproj", "{9CBC873D-136C-441A-8280-41C35E7076C7}"
EndProject
Project("{8BC9CEB8-8B4A-11D0-8D11-00A0C91BC942}") = "simple_event", "simple_event.vcxproj", "{141B938C-26D5-4F86-A74D-6958536AD2F6}"
EndProject
Global
	GlobalSection(SolutionConfigurationPlatforms) = preSolution
		Debug|Win32 = Debug|Win32
		Debug|x64 = Debug|x64
		Release|Win32 = Release|Win32
		Release|x64 = Release|x64
	EndGlobalSection
	GlobalSection(ProjectConfigurationPlatforms) = postSolution
		{42F228AF-BE08-4A12-B147-A1E4E6C071D3}.Debug|Win32.ActiveCfg = Debug|Win32
		{42F228AF-BE08-4A12-B147-A1E4E6C071D3}.Debug|Win32.Build.0 = Debug|Win32
		{42F228AF-BE08-4A12-B147-A1E4E6C071D3}.Debug|Win32.Deploy.0 = Debug|Win32
		{42F228AF-BE08-4A12-B147-A1E4E6C071D3}.Debug|x64.ActiveCfg = Debug|x64
		{42F228AF-BE08-4A12-B147-A1E4E6C071D3}.Debug|x64.Build.0 = Debug|x64
		{42F228AF-BE08-4A12-B147-A1E4E6C071D3}.Debug|x64.Deploy.0 = Debug|x64
		{42F228AF-BE08-4A12-B147-A1E4E6C071D3}.Release|Win32.ActiveCfg = Release|Win32
		{42F228AF-BE08-4A12-B147-A1E4E6C071D3}.Release|Win32.Build.0 = Release|Win32
		{42F228AF-BE08-4A12-B147-A1E4E6C071D3}.Release|Win32.Deploy.0 = Release|Win32
		{42F228AF-BE08-4A12-B147-A1E4E6C071D3}.Release|x64.ActiveCfg = Release|x64
		{42F228AF-BE08-4A12-B147-A1E4E6C071D3}.Release|x64.Build.0 = Release|x64
		{42F228AF-BE08-4A12-B147-A1E4E6C071D3}.Release|x64.Deploy.0 = Release|x64
		{E617A36E-3C75-4C9A-B34C-C481193FDE6D}.Debug|Win32.ActiveCfg = Debug|Win32
		{E617A36E-3C75-4C9A-B34C-C481193FDE6D}.Debug|Win32.Build.0 = Debug|Win32
		{E617A36E-3C75-4C9A-B34C-C481193FDE6D}.Debug|Win32.Deploy.0 = Debug|Win32
		{E617A36E-3C75-4C9A-B34C-C481193FDE6D}.Debug|x64.ActiveCfg = Debug|x64
		{E617A36E-3C75-4C9A-B34C-C481193FDE6D}.Debug|x64.Build.0 = Debug|x64
		{E617A36E-3C75-4C9A-B34C-C481193FDE6D}.Debug|x64.Deploy.0 = Debug|x64
		{E617A36E-3C75-4C9A-B34C-C481193FDE6D}.Release|Win32.ActiveCfg = Release|Win32
		{E617A36E-3C75-4C9A-B34C-C481193FDE6D}.Release|Win32.Build.0 = Release|Win32
		{E617A36E-3C75-4C9A-B34C-C481193FDE6D}.Release|Win32.Deploy.0 = Release|Win32
		{E617A36E-3C75-4C9A-B34C-C481193FDE6D}.Release|x64.ActiveCfg = Release|x64
		{E617A36E-3C75-4C9A-B34C-C481193FDE6D}.Release|x64.Build.0 = Release|x64
		{E617A36E-3C75-4C9A-B34C-C481193FDE6D}.Release|x64.Deploy.0 = Release|x64
		{B3EA4FA2-0D31-40FC-832D-62571AE0F62E}.Debug|Win32.ActiveCfg = Debug|Win32
		{B3EA4FA2-0D31-40FC-832D-62571AE0F62E}.Debug|Win32.Build.0 = Debug|Win32
		{B3EA4FA2-0D31-40FC-832D-62571AE0F62E}.Debug|Win32.Deploy.0 = Debug|Win32
		{B3EA4FA2-0D31-40FC-832D-62571AE0F62E}.Debug|x64.ActiveCfg = Debug|x64
		{B3EA4FA2-0D31-40FC-832D-62571AE0F62E}.Debug|x64.Build.0 = Debug|x64
		{B3EA4FA2-0D31-40FC-832D-62571AE0F62E}.Debug|x64.Deploy.0 = Debug|x64
		{B3EA4FA2-0D31-40FC-832D-62571AE0F62E}.Release|Win32.ActiveCfg = Release|Win32
		{B3EA4FA2-0D31-40FC-832D-62571AE0F62E}.Release|Win32.Build.0 = Release|Win32
		{B3EA4FA2-0D31-40FC-832D-62571AE0F62E}.Release|Win32.Deploy.0 = Release|Win32
		{B3EA4FA2-0D31-40FC-832D-62571AE0F62E}.Release|x64.ActiveCfg = Release|x64
		{B3EA4FA2-0D31-40FC-832D-62571AE0F62E}.Release|x64.Build.0 = Release|x64
		{B3EA4FA2-0D31-40FC-832D-62571AE0F62E}.Release|x64.Deploy.0 = Release|x64
		{97CBEAE3-5D46-4E6D-8BF7-8221820B2F8C}.Debug|Win32.ActiveCfg = Debug|Win32
		{97CBEAE3-5D46-4E6D-8BF7-8221820B2F8C}.Debug|Win32.Build.0 = Debug|Win32
		{97CBEAE3-5D46-4E6D-8BF7-8221820B2F8C}.Debug|Win32.Deploy.0 = Debug|Win32
		{97CBEAE3-5D46-4E6D-8BF7-8221820B2F8C}.Debug|x64.ActiveCfg = Debug|x64
		{97CBEAE3-5D46-4E6D-8BF7-8221820B2F8C}.Debug|x64.Build.0 = Debug|x64
		{97CBEAE3-5D46-4E6D-8BF7-8221820B2F8C}.Debug|x64.Deploy.0 = Debug|x64
		{97CBEAE3-5D46-4E6D-8BF7-8221820B2F8C}.Release|Win32.ActiveCfg = Release|Win32
		{97CBEAE3-5D46-4E6D-8BF7-8221820B2F8C}.Release|Win32.Build.0 = Release|Win32
		{97CBEAE3-5D46-4E6D-8BF7-8221820B2F8C}.Release|Win32.Deploy.0 = Release|Win32
		{97CBEAE3-5D46-4E6D-8BF7-8221820B2F8C}.Release|x64.ActiveCfg = Release|x64
		{97CBEAE3-5D46-4E6D-8BF7-8221820B2F8C}.Release|x64.Build.0 = Release|x64
		{97CBEAE3-5D46-4E6D-8BF7-8221820B2F8C}.Release|x64.Deploy.0 = Release|x64
		{38803121-47C9-43E7-A0E6-9F980724DB01}.Debug|Win32.ActiveCfg = Debug|Win32
		{38803121-47C9-43E7-A0E6-9F980724DB01}.Debug|Win32.Build.0 = Debug|Win32
		{38803121-47C9-43E7-A0E6-9F980724DB01}.Debug|Win32.Deploy.0 = Debug|Win32
		{38803121-47C9-43E7-A0E6-9F980724DB01}.Debug|x64.ActiveCfg = Debug|x64
		{38803121-47C9-43E7-A0E6-9F980724DB01}.Debug|x64.Build.0 = Debug|x64
		{38803121-47C9-43E7-A0E6-9F980724DB01}.Debug|x64.Deploy.0 = Debug|x64
		{38803121-47C9-43E7-A0E6-9F980724DB01}.Release|Win32.ActiveCfg = Release|Win32
		{38803121-47C9-43E7-A0E6-9F980724DB01}.Release|Win32.Build.0 = Release|Win32
		{38803121-47C9-43E7-A0E6-9F980724DB01}.Release|Win32.Deploy.0 = Release|Win32
		{38803121-47C9-43E7-A0E6-9F980724DB01}.Release|x64.ActiveCfg = Release|x64
		{38803121-47C9-43E7-A0E6-9F980724DB01}.Release|x64.Build.0 = Release|x64
		{38803121-47C9-43E7-A0E6-9F980724DB01}.Release|x64.Deploy.0 = Release|x64
		{5D75CFA5-EA7C-4847-B84B-8A442C96FBA1}.Debug|Win32.ActiveCfg = Debug|Win32
		{5D75CFA5-EA7C-4847-B84B-8A442C96FBA1}.Debug|Win32.Build.0 = Debug|Win32
		{5D75CFA5-EA7C-4847-B84B-8A442C96FBA1}.Debug|Win32.Deploy.0 = Debug|Win32
		{5D75CFA5-EA7C-4847-B84B-8A442C96FBA1}.Debug|x64.ActiveCfg = Debug|x64
		{5D75CFA5-EA7C-4847-B84B-8A442C96FBA1}.Debug|x64.Build.0 = Debug|x64
		{5D75CFA5-EA7C-4847-B84B-8A442C96FBA1}.Debug|x64.Deploy.0 = Debug|x64
		{5D75CFA5-EA7C-4847-B84B-8A442C96FBA1}.Release|Win32.ActiveCfg = Release|Win32
		{5D75CFA5-EA7C-4847-B84B-8A442C96FBA1}.Release|Win32.Build.0 = Release|Win32
		{5D75CFA5-EA7C-4847-B84B-8A442C96FBA1}.Release|Win32.Deploy.0 = Release|Win32
		{5D75CFA5-EA7C-4847-B84B-8A442C96FBA1}.Release|x64.ActiveCfg = Release|x64
		{5D75CFA5-EA7C-4847-B84B-8A442C96FBA1}.Release|x64.Build.0 = Release|x64
		{5D75CFA5-EA7C-4847-B84B-8A442C96FBA1}.Release|x64.Deploy.0 = Release|x64
		{B006E396-CE56-4326-A991-990902BEA30A}.Debug|Win32.ActiveCfg = Debug|Win32
		{B006E396-CE56-4326-A991-990902BEA30A}.Debug|Win32.Build.0 = Debug|Win32
		{B006E396-CE56-4326-A991-990902BEA30A}.Debug|Win32.Deploy.0 = Debug|Win32
		{B006E396-CE56-4326-A991-990902BEA30A}.Debug|x64.ActiveCfg = Debug|x64
		{B006E396-CE56-4326-A991-990902BEA30A}.Debug|x64.Build.0 = Debug|x64
		{B006E396-CE56-4326-A991-990902BEA30A}.Debug|x64.Deploy.0 = Debug|x64
		{B006E396-CE56-4326-A991-990902BEA30A}.Release|Win32.ActiveCfg = Release|Win32
		{B006E396-CE56-4326-A991-990902BEA30A}.Release|Win32.Build.0 = Release|Win32
		{B006E396-CE56-4326-A991-990902BEA30A}.Release|Win32.Deploy.0 = Release|Win32
		{B006E396-CE56-4326-A991-990902BEA30A}.Release|x64.ActiveCfg = Release|x64
		{B006E396-CE56-4326-A991-990902BEA30A}.Release|x64.Build.0 = Release|x64
		{B006E396-CE56-4326-A991-990902BEA30A}.Release|x64.Deploy.0 = Release|x64
		{9CBC873D-136C-441A-8280-41C35E7076C7}.Debug|Win32.ActiveCfg = Debug|Win32
		{9CBC873D-136C-441A-8280-41C35E7076C7}.Debug|Win32.Build.0 = Debug|Win32
		{9CBC873D-136C-441A-8280-41C35E7076C7}.Debug|Win32.Deploy.0 = Debug|Win32
		{9CBC873D-136C-441A-8280-41C35E7076C7}.Debug|x64.ActiveCfg = Debug|x64
		{9CBC873D-136C-441A-8280-41C35E7076C7}.Debug|x64.Build.0 = Debug|x64
		{9CBC873D-136C-441A-8280-41C35E7076C7}.Debug|x64.Deploy.0 = Debug|x64
		{9CBC873D-136C-441A-8280-41C35E7076C7}.Release|Win32.ActiveCfg = Release|Win32
		{9CBC873D-136C-441A-8280-41C35E7076C7}.Release|Win32.Build.0 = Release|Win32
		{9CBC873D-136C-441A-8280-41C35E7076C7}.Release|Win32.Deploy.0 = Release|Win32
		{9CBC873D-136C-441A-8280-41C35E7076C7}.Release|x64.ActiveCfg = Release|x64
		{9CBC873D-136C-441A-8280-41C35E7076C7}.Release|x64.Build.0 = Release|x64
		{9CBC873D-136C-441A-8280-41C35E7076C7}.Release|x64.Deploy.0 = Release|x64
		{141B938C-26D5-4F86-A74D-6958536AD2F6}.Debug|Win32.ActiveCfg = Debug|Win32
		{141B938C-26D5-4F86-A74D-6958536AD2F6}.Debug|Win32.Build.0 = Debug|Win32
		{141B938C-26D5-4F86-A74D-6958536AD2F6}.Debug|Win32.Deploy.0 = Debug|Win32
		{141B938C-26D5-4F86-A74D-6958536AD2F6}.Debug|x64.ActiveCfg = Debug|x64
		{141B938C-26D5-4F86-A74D-6958536AD2F6}.Debug|x64.Build.0 = Debug|x64
		{141B938C-26D5-4F86-A74D-6958536AD2F6}.Debug|x64.Deploy.0 = Debug|x64
		{141B938C-26D5-4F86-A74D-6958536AD2F6}.Release|Win32.ActiveCfg = Release|Win32
		{141B938C-26D5-4F86-A74D-6958536AD2F6}.Release|Win32.Build.0 = Release|Win32
		{141B938C-26D5-4F86-A74D-6958536AD2F6}.Release|Win32.Deploy.0 = Release|Win32
		{141B938C-26D5-4F86-A74D-6958536AD2F6}.Release|x64.ActiveCfg = Release|x64
		{141B938C-26D5-4F86-A74D-6958536AD2F6}.Release|x64.Build.0 = Release|x64
		{141B938C-26D5-4F86-A74D-6958536AD2F6}.Release|x64.Deploy.0 = Release|x64
	EndGlobalSection
	GlobalSection(SolutionProperties) = preSolution
		HideSolutionNode = FALSE
	EndGlobalSection
EndGlobal
