
Microsoft Visual Studio Solution File, Format Version 11.00
# Visual Studio Version 16
Project("{8BC9CEB8-8B4A-11D0-8D11-00A0C91BC942}") = "3d", "3d.vcxproj", "{BA46433C-959A-421A-89B8-A186DF7C9FAE}"
EndProject
Project("{8BC9CEB8-8B4A-11D0-8D11-00A0C91BC942}") = "asyncio", "asyncio.vcxproj", "{956D2079-3998-4F45-AB60-E15DDB88F72C}"
EndProject
Project("{8BC9CEB8-8B4A-11D0-8D11-00A0C91BC942}") = "channel_groups", "channel_groups.vcxproj", "{95BEB6CC-5CC7-4D5F-BD30-04DA37677728}"
EndProject
Project("{8BC9CEB8-8B4A-11D0-8D11-00A0C91BC942}") = "convolution_reverb", "convolution_reverb.vcxproj", "{C526B8B6-4CFB-4BE2-9F47-79FAE2F3784B}"
EndProject
Project("{8BC9CEB8-8B4A-11D0-8D11-00A0C91BC942}") = "dsp_custom", "dsp_custom.vcxproj", "{C3D3316B-2233-4697-BBFA-11C3B69F1E20}"
EndProject
Project("{8BC9CEB8-8B4A-11D0-8D11-00A0C91BC942}") = "dsp_effect_per_speaker", "dsp_effect_per_speaker.vcxproj", "{3B733785-A6D0-4C4D-90F7-23BD795BEC1E}"
EndProject
Project("{8BC9CEB8-8B4A-11D0-8D11-00A0C91BC942}") = "dsp_inspector", "dsp_inspector.vcxproj", "{F3E4EB80-7C6D-45E5-BF4D-1C8016A1ED0E}"
EndProject
Project("{8BC9CEB8-8B4A-11D0-8D11-00A0C91BC942}") = "effects", "effects.vcxproj", "{42DFEB31-0954-49EF-8821-BEB7F0DC9FB3}"
EndProject
Project("{8BC9CEB8-8B4A-11D0-8D11-00A0C91BC942}") = "gapless_playback", "gapless_playback.vcxproj", "{0F5F0C8E-5EA0-48A4-9F96-0D263DCAB472}"
EndProject
Project("{8BC9CEB8-8B4A-11D0-8D11-00A0C91BC942}") = "generate_tone", "generate_tone.vcxproj", "{16DA5596-3317-49FA-BEE0-67510BDAF9E2}"
EndProject
Project("{8BC9CEB8-8B4A-11D0-8D11-00A0C91BC942}") = "granular_synth", "granular_synth.vcxproj", "{705F43CB-63E0-492D-BF56-F1A78A722BE2}"
EndProject
Project("{8BC9CEB8-8B4A-11D0-8D11-00A0C91BC942}") = "load_from_memory", "load_from_memory.vcxproj", "{C78D0ACE-97C2-4756-B00B-D9E0786921D4}"
EndProject
Project("{8BC9CEB8-8B4A-11D0-8D11-00A0C91BC942}") = "multiple_speaker", "multiple_speaker.vcxproj", "{36486247-267C-4632-B99B-A61D41EAC8FA}"
EndProject
Project("{8BC9CEB8-8B4A-11D0-8D11-00A0C91BC942}") = "multiple_system", "multiple_system.vcxproj", "{EFCF72B9-0F77-4D6C-8984-4807838CD95D}"
EndProject
Project("{8BC9CEB8-8B4A-11D0-8D11-00A0C91BC942}") = "net_stream", "net_stream.vcxproj", "{5E2129E5-E584-421C-BDAE-810D8204E0B6}"
EndProject
Project("{8BC9CEB8-8B4A-11D0-8D11-00A0C91BC942}") = "play_sound", "play_sound.vcxproj", "{F1F9859C-F031-418A-8311-AE13C51E4558}"
EndProject
Project("{8BC9CEB8-8B4A-11D0-8D11-00A0C91BC942}") = "play_stream", "play_stream.vcxproj", "{E1E97B53-9B79-45BB-875C-96AC7DBC0F9D}"
EndProject
Project("{8BC9CEB8-8B4A-11D0-8D11-00A0C91BC942}") = "record", "record.vcxproj", "{176003BA-63A2-404E-932F-A6EF0561B7B9}"
EndProject
Project("{8BC9CEB8-8B4A-11D0-8D11-00A0C91BC942}") = "record_enumeration", "record_enumeration.vcxproj", "{460FFBC6-24C2-415B-B658-8E76D60D3564}"
EndProject
Project("{8BC9CEB8-8B4A-11D0-8D11-00A0C91BC942}") = "user_created_sound", "user_created_sound.vcxproj", "{FAEC1FFE-BF9D-4A30-BEBB-1BA809FC3F31}"
EndProject
Project("{8BC9CEB8-8B4A-11D0-8D11-00A0C91BC942}") = "fmod_codec_raw", "fmod_codec_raw.vcxproj", "{0BD7C2C6-4972-4D4E-B814-FBA8C538E1E5}"
EndProject
Project("{8BC9CEB8-8B4A-11D0-8D11-00A0C91BC942}") = "fmod_distance_filter", "fmod_distance_filter.vcxproj", "{D0D085A4-BBEA-4FE6-955E-62E49226DC91}"
EndProject
Project("{8BC9CEB8-8B4A-11D0-8D11-00A0C91BC942}") = "fmod_gain", "fmod_gain.vcxproj", "{7027360C-DAEA-4139-8ACF-C4A516A25B3C}"
EndProject
Project("{8BC9CEB8-8B4A-11D0-8D11-00A0C91BC942}") = "fmod_noise", "fmod_noise.vcxproj", "{121FFD22-6297-4885-853D-2F88686CD6E5}"
EndProject
Project("{8BC9CEB8-8B4A-11D0-8D11-00A0C91BC942}") = "output_mp3", "output_mp3.vcxproj", "{3E8DF60E-75D5-4A70-B798-CA2979E1E319}"
EndProject
Global
	GlobalSection(SolutionConfigurationPlatforms) = preSolution
		Debug|Win32 = Debug|Win32
		Debug|x64 = Debug|x64
		Release|Win32 = Release|Win32
		Release|x64 = Release|x64
	EndGlobalSection
	GlobalSection(ProjectConfigurationPlatforms) = postSolution
		{BA46433C-959A-421A-89B8-A186DF7C9FAE}.Debug|Win32.ActiveCfg = Debug|Win32
		{BA46433C-959A-421A-89B8-A186DF7C9FAE}.Debug|Win32.Build.0 = Debug|Win32
		{BA46433C-959A-421A-89B8-A186DF7C9FAE}.Debug|Win32.Deploy.0 = Debug|Win32
		{BA46433C-959A-421A-89B8-A186DF7C9FAE}.Debug|x64.ActiveCfg = Debug|x64
		{BA46433C-959A-421A-89B8-A186DF7C9FAE}.Debug|x64.Build.0 = Debug|x64
		{BA46433C-959A-421A-89B8-A186DF7C9FAE}.Debug|x64.Deploy.0 = Debug|x64
		{BA46433C-959A-421A-89B8-A186DF7C9FAE}.Release|Win32.ActiveCfg = Release|Win32
		{BA46433C-959A-421A-89B8-A186DF7C9FAE}.Release|Win32.Build.0 = Release|Win32
		{BA46433C-959A-421A-89B8-A186DF7C9FAE}.Release|Win32.Deploy.0 = Release|Win32
		{BA46433C-959A-421A-89B8-A186DF7C9FAE}.Release|x64.ActiveCfg = Release|x64
		{BA46433C-959A-421A-89B8-A186DF7C9FAE}.Release|x64.Build.0 = Release|x64
		{BA46433C-959A-421A-89B8-A186DF7C9FAE}.Release|x64.Deploy.0 = Release|x64
		{956D2079-3998-4F45-AB60-E15DDB88F72C}.Debug|Win32.ActiveCfg = Debug|Win32
		{956D2079-3998-4F45-AB60-E15DDB88F72C}.Debug|Win32.Build.0 = Debug|Win32
		{956D2079-3998-4F45-AB60-E15DDB88F72C}.Debug|Win32.Deploy.0 = Debug|Win32
		{956D2079-3998-4F45-AB60-E15DDB88F72C}.Debug|x64.ActiveCfg = Debug|x64
		{956D2079-3998-4F45-AB60-E15DDB88F72C}.Debug|x64.Build.0 = Debug|x64
		{956D2079-3998-4F45-AB60-E15DDB88F72C}.Debug|x64.Deploy.0 = Debug|x64
		{956D2079-3998-4F45-AB60-E15DDB88F72C}.Release|Win32.ActiveCfg = Release|Win32
		{956D2079-3998-4F45-AB60-E15DDB88F72C}.Release|Win32.Build.0 = Release|Win32
		{956D2079-3998-4F45-AB60-E15DDB88F72C}.Release|Win32.Deploy.0 = Release|Win32
		{956D2079-3998-4F45-AB60-E15DDB88F72C}.Release|x64.ActiveCfg = Release|x64
		{956D2079-3998-4F45-AB60-E15DDB88F72C}.Release|x64.Build.0 = Release|x64
		{956D2079-3998-4F45-AB60-E15DDB88F72C}.Release|x64.Deploy.0 = Release|x64
		{95BEB6CC-5CC7-4D5F-BD30-04DA37677728}.Debug|Win32.ActiveCfg = Debug|Win32
		{95BEB6CC-5CC7-4D5F-BD30-04DA37677728}.Debug|Win32.Build.0 = Debug|Win32
		{95BEB6CC-5CC7-4D5F-BD30-04DA37677728}.Debug|Win32.Deploy.0 = Debug|Win32
		{95BEB6CC-5CC7-4D5F-BD30-04DA37677728}.Debug|x64.ActiveCfg = Debug|x64
		{95BEB6CC-5CC7-4D5F-BD30-04DA37677728}.Debug|x64.Build.0 = Debug|x64
		{95BEB6CC-5CC7-4D5F-BD30-04DA37677728}.Debug|x64.Deploy.0 = Debug|x64
		{95BEB6CC-5CC7-4D5F-BD30-04DA37677728}.Release|Win32.ActiveCfg = Release|Win32
		{95BEB6CC-5CC7-4D5F-BD30-04DA37677728}.Release|Win32.Build.0 = Release|Win32
		{95BEB6CC-5CC7-4D5F-BD30-04DA37677728}.Release|Win32.Deploy.0 = Release|Win32
		{95BEB6CC-5CC7-4D5F-BD30-04DA37677728}.Release|x64.ActiveCfg = Release|x64
		{95BEB6CC-5CC7-4D5F-BD30-04DA37677728}.Release|x64.Build.0 = Release|x64
		{95BEB6CC-5CC7-4D5F-BD30-04DA37677728}.Release|x64.Deploy.0 = Release|x64
		{C526B8B6-4CFB-4BE2-9F47-79FAE2F3784B}.Debug|Win32.ActiveCfg = Debug|Win32
		{C526B8B6-4CFB-4BE2-9F47-79FAE2F3784B}.Debug|Win32.Build.0 = Debug|Win32
		{C526B8B6-4CFB-4BE2-9F47-79FAE2F3784B}.Debug|Win32.Deploy.0 = Debug|Win32
		{C526B8B6-4CFB-4BE2-9F47-79FAE2F3784B}.Debug|x64.ActiveCfg = Debug|x64
		{C526B8B6-4CFB-4BE2-9F47-79FAE2F3784B}.Debug|x64.Build.0 = Debug|x64
		{C526B8B6-4CFB-4BE2-9F47-79FAE2F3784B}.Debug|x64.Deploy.0 = Debug|x64
		{C526B8B6-4CFB-4BE2-9F47-79FAE2F3784B}.Release|Win32.ActiveCfg = Release|Win32
		{C526B8B6-4CFB-4BE2-9F47-79FAE2F3784B}.Release|Win32.Build.0 = Release|Win32
		{C526B8B6-4CFB-4BE2-9F47-79FAE2F3784B}.Release|Win32.Deploy.0 = Release|Win32
		{C526B8B6-4CFB-4BE2-9F47-79FAE2F3784B}.Release|x64.ActiveCfg = Release|x64
		{C526B8B6-4CFB-4BE2-9F47-79FAE2F3784B}.Release|x64.Build.0 = Release|x64
		{C526B8B6-4CFB-4BE2-9F47-79FAE2F3784B}.Release|x64.Deploy.0 = Release|x64
		{C3D3316B-2233-4697-BBFA-11C3B69F1E20}.Debug|Win32.ActiveCfg = Debug|Win32
		{C3D3316B-2233-4697-BBFA-11C3B69F1E20}.Debug|Win32.Build.0 = Debug|Win32
		{C3D3316B-2233-4697-BBFA-11C3B69F1E20}.Debug|Win32.Deploy.0 = Debug|Win32
		{C3D3316B-2233-4697-BBFA-11C3B69F1E20}.Debug|x64.ActiveCfg = Debug|x64
		{C3D3316B-2233-4697-BBFA-11C3B69F1E20}.Debug|x64.Build.0 = Debug|x64
		{C3D3316B-2233-4697-BBFA-11C3B69F1E20}.Debug|x64.Deploy.0 = Debug|x64
		{C3D3316B-2233-4697-BBFA-11C3B69F1E20}.Release|Win32.ActiveCfg = Release|Win32
		{C3D3316B-2233-4697-BBFA-11C3B69F1E20}.Release|Win32.Build.0 = Release|Win32
		{C3D3316B-2233-4697-BBFA-11C3B69F1E20}.Release|Win32.Deploy.0 = Release|Win32
		{C3D3316B-2233-4697-BBFA-11C3B69F1E20}.Release|x64.ActiveCfg = Release|x64
		{C3D3316B-2233-4697-BBFA-11C3B69F1E20}.Release|x64.Build.0 = Release|x64
		{C3D3316B-2233-4697-BBFA-11C3B69F1E20}.Release|x64.Deploy.0 = Release|x64
		{3B733785-A6D0-4C4D-90F7-23BD795BEC1E}.Debug|Win32.ActiveCfg = Debug|Win32
		{3B733785-A6D0-4C4D-90F7-23BD795BEC1E}.Debug|Win32.Build.0 = Debug|Win32
		{3B733785-A6D0-4C4D-90F7-23BD795BEC1E}.Debug|Win32.Deploy.0 = Debug|Win32
		{3B733785-A6D0-4C4D-90F7-23BD795BEC1E}.Debug|x64.ActiveCfg = Debug|x64
		{3B733785-A6D0-4C4D-90F7-23BD795BEC1E}.Debug|x64.Build.0 = Debug|x64
		{3B733785-A6D0-4C4D-90F7-23BD795BEC1E}.Debug|x64.Deploy.0 = Debug|x64
		{3B733785-A6D0-4C4D-90F7-23BD795BEC1E}.Release|Win32.ActiveCfg = Release|Win32
		{3B733785-A6D0-4C4D-90F7-23BD795BEC1E}.Release|Win32.Build.0 = Release|Win32
		{3B733785-A6D0-4C4D-90F7-23BD795BEC1E}.Release|Win32.Deploy.0 = Release|Win32
		{3B733785-A6D0-4C4D-90F7-23BD795BEC1E}.Release|x64.ActiveCfg = Release|x64
		{3B733785-A6D0-4C4D-90F7-23BD795BEC1E}.Release|x64.Build.0 = Release|x64
		{3B733785-A6D0-4C4D-90F7-23BD795BEC1E}.Release|x64.Deploy.0 = Release|x64
		{F3E4EB80-7C6D-45E5-BF4D-1C8016A1ED0E}.Debug|Win32.ActiveCfg = Debug|Win32
		{F3E4EB80-7C6D-45E5-BF4D-1C8016A1ED0E}.Debug|Win32.Build.0 = Debug|Win32
		{F3E4EB80-7C6D-45E5-BF4D-1C8016A1ED0E}.Debug|Win32.Deploy.0 = Debug|Win32
		{F3E4EB80-7C6D-45E5-BF4D-1C8016A1ED0E}.Debug|x64.ActiveCfg = Debug|x64
		{F3E4EB80-7C6D-45E5-BF4D-1C8016A1ED0E}.Debug|x64.Build.0 = Debug|x64
		{F3E4EB80-7C6D-45E5-BF4D-1C8016A1ED0E}.Debug|x64.Deploy.0 = Debug|x64
		{F3E4EB80-7C6D-45E5-BF4D-1C8016A1ED0E}.Release|Win32.ActiveCfg = Release|Win32
		{F3E4EB80-7C6D-45E5-BF4D-1C8016A1ED0E}.Release|Win32.Build.0 = Release|Win32
		{F3E4EB80-7C6D-45E5-BF4D-1C8016A1ED0E}.Release|Win32.Deploy.0 = Release|Win32
		{F3E4EB80-7C6D-45E5-BF4D-1C8016A1ED0E}.Release|x64.ActiveCfg = Release|x64
		{F3E4EB80-7C6D-45E5-BF4D-1C8016A1ED0E}.Release|x64.Build.0 = Release|x64
		{F3E4EB80-7C6D-45E5-BF4D-1C8016A1ED0E}.Release|x64.Deploy.0 = Release|x64
		{42DFEB31-0954-49EF-8821-BEB7F0DC9FB3}.Debug|Win32.ActiveCfg = Debug|Win32
		{42DFEB31-0954-49EF-8821-BEB7F0DC9FB3}.Debug|Win32.Build.0 = Debug|Win32
		{42DFEB31-0954-49EF-8821-BEB7F0DC9FB3}.Debug|Win32.Deploy.0 = Debug|Win32
		{42DFEB31-0954-49EF-8821-BEB7F0DC9FB3}.Debug|x64.ActiveCfg = Debug|x64
		{42DFEB31-0954-49EF-8821-BEB7F0DC9FB3}.Debug|x64.Build.0 = Debug|x64
		{42DFEB31-0954-49EF-8821-BEB7F0DC9FB3}.Debug|x64.Deploy.0 = Debug|x64
		{42DFEB31-0954-49EF-8821-BEB7F0DC9FB3}.Release|Win32.ActiveCfg = Release|Win32
		{42DFEB31-0954-49EF-8821-BEB7F0DC9FB3}.Release|Win32.Build.0 = Release|Win32
		{42DFEB31-0954-49EF-8821-BEB7F0DC9FB3}.Release|Win32.Deploy.0 = Release|Win32
		{42DFEB31-0954-49EF-8821-BEB7F0DC9FB3}.Release|x64.ActiveCfg = Release|x64
		{42DFEB31-0954-49EF-8821-BEB7F0DC9FB3}.Release|x64.Build.0 = Release|x64
		{42DFEB31-0954-49EF-8821-BEB7F0DC9FB3}.Release|x64.Deploy.0 = Release|x64
		{0F5F0C8E-5EA0-48A4-9F96-0D263DCAB472}.Debug|Win32.ActiveCfg = Debug|Win32
		{0F5F0C8E-5EA0-48A4-9F96-0D263DCAB472}.Debug|Win32.Build.0 = Debug|Win32
		{0F5F0C8E-5EA0-48A4-9F96-0D263DCAB472}.Debug|Win32.Deploy.0 = Debug|Win32
		{0F5F0C8E-5EA0-48A4-9F96-0D263DCAB472}.Debug|x64.ActiveCfg = Debug|x64
		{0F5F0C8E-5EA0-48A4-9F96-0D263DCAB472}.Debug|x64.Build.0 = Debug|x64
		{0F5F0C8E-5EA0-48A4-9F96-0D263DCAB472}.Debug|x64.Deploy.0 = Debug|x64
		{0F5F0C8E-5EA0-48A4-9F96-0D263DCAB472}.Release|Win32.ActiveCfg = Release|Win32
		{0F5F0C8E-5EA0-48A4-9F96-0D263DCAB472}.Release|Win32.Build.0 = Release|Win32
		{0F5F0C8E-5EA0-48A4-9F96-0D263DCAB472}.Release|Win32.Deploy.0 = Release|Win32
		{0F5F0C8E-5EA0-48A4-9F96-0D263DCAB472}.Release|x64.ActiveCfg = Release|x64
		{0F5F0C8E-5EA0-48A4-9F96-0D263DCAB472}.Release|x64.Build.0 = Release|x64
		{0F5F0C8E-5EA0-48A4-9F96-0D263DCAB472}.Release|x64.Deploy.0 = Release|x64
		{16DA5596-3317-49FA-BEE0-67510BDAF9E2}.Debug|Win32.ActiveCfg = Debug|Win32
		{16DA5596-3317-49FA-BEE0-67510BDAF9E2}.Debug|Win32.Build.0 = Debug|Win32
		{16DA5596-3317-49FA-BEE0-67510BDAF9E2}.Debug|Win32.Deploy.0 = Debug|Win32
		{16DA5596-3317-49FA-BEE0-67510BDAF9E2}.Debug|x64.ActiveCfg = Debug|x64
		{16DA5596-3317-49FA-BEE0-67510BDAF9E2}.Debug|x64.Build.0 = Debug|x64
		{16DA5596-3317-49FA-BEE0-67510BDAF9E2}.Debug|x64.Deploy.0 = Debug|x64
		{16DA5596-3317-49FA-BEE0-67510BDAF9E2}.Release|Win32.ActiveCfg = Release|Win32
		{16DA5596-3317-49FA-BEE0-67510BDAF9E2}.Release|Win32.Build.0 = Release|Win32
		{16DA5596-3317-49FA-BEE0-67510BDAF9E2}.Release|Win32.Deploy.0 = Release|Win32
		{16DA5596-3317-49FA-BEE0-67510BDAF9E2}.Release|x64.ActiveCfg = Release|x64
		{16DA5596-3317-49FA-BEE0-67510BDAF9E2}.Release|x64.Build.0 = Release|x64
		{16DA5596-3317-49FA-BEE0-67510BDAF9E2}.Release|x64.Deploy.0 = Release|x64
		{705F43CB-63E0-492D-BF56-F1A78A722BE2}.Debug|Win32.ActiveCfg = Debug|Win32
		{705F43CB-63E0-492D-BF56-F1A78A722BE2}.Debug|Win32.Build.0 = Debug|Win32
		{705F43CB-63E0-492D-BF56-F1A78A722BE2}.Debug|Win32.Deploy.0 = Debug|Win32
		{705F43CB-63E0-492D-BF56-F1A78A722BE2}.Debug|x64.ActiveCfg = Debug|x64
		{705F43CB-63E0-492D-BF56-F1A78A722BE2}.Debug|x64.Build.0 = Debug|x64
		{705F43CB-63E0-492D-BF56-F1A78A722BE2}.Debug|x64.Deploy.0 = Debug|x64
		{705F43CB-63E0-492D-BF56-F1A78A722BE2}.Release|Win32.ActiveCfg = Release|Win32
		{705F43CB-63E0-492D-BF56-F1A78A722BE2}.Release|Win32.Build.0 = Release|Win32
		{705F43CB-63E0-492D-BF56-F1A78A722BE2}.Release|Win32.Deploy.0 = Release|Win32
		{705F43CB-63E0-492D-BF56-F1A78A722BE2}.Release|x64.ActiveCfg = Release|x64
		{705F43CB-63E0-492D-BF56-F1A78A722BE2}.Release|x64.Build.0 = Release|x64
		{705F43CB-63E0-492D-BF56-F1A78A722BE2}.Release|x64.Deploy.0 = Release|x64
		{C78D0ACE-97C2-4756-B00B-D9E0786921D4}.Debug|Win32.ActiveCfg = Debug|Win32
		{C78D0ACE-97C2-4756-B00B-D9E0786921D4}.Debug|Win32.Build.0 = Debug|Win32
		{C78D0ACE-97C2-4756-B00B-D9E0786921D4}.Debug|Win32.Deploy.0 = Debug|Win32
		{C78D0ACE-97C2-4756-B00B-D9E0786921D4}.Debug|x64.ActiveCfg = Debug|x64
		{C78D0ACE-97C2-4756-B00B-D9E0786921D4}.Debug|x64.Build.0 = Debug|x64
		{C78D0ACE-97C2-4756-B00B-D9E0786921D4}.Debug|x64.Deploy.0 = Debug|x64
		{C78D0ACE-97C2-4756-B00B-D9E0786921D4}.Release|Win32.ActiveCfg = Release|Win32
		{C78D0ACE-97C2-4756-B00B-D9E0786921D4}.Release|Win32.Build.0 = Release|Win32
		{C78D0ACE-97C2-4756-B00B-D9E0786921D4}.Release|Win32.Deploy.0 = Release|Win32
		{C78D0ACE-97C2-4756-B00B-D9E0786921D4}.Release|x64.ActiveCfg = Release|x64
		{C78D0ACE-97C2-4756-B00B-D9E0786921D4}.Release|x64.Build.0 = Release|x64
		{C78D0ACE-97C2-4756-B00B-D9E0786921D4}.Release|x64.Deploy.0 = Release|x64
		{36486247-267C-4632-B99B-A61D41EAC8FA}.Debug|Win32.ActiveCfg = Debug|Win32
		{36486247-267C-4632-B99B-A61D41EAC8FA}.Debug|Win32.Build.0 = Debug|Win32
		{36486247-267C-4632-B99B-A61D41EAC8FA}.Debug|Win32.Deploy.0 = Debug|Win32
		{36486247-267C-4632-B99B-A61D41EAC8FA}.Debug|x64.ActiveCfg = Debug|x64
		{36486247-267C-4632-B99B-A61D41EAC8FA}.Debug|x64.Build.0 = Debug|x64
		{36486247-267C-4632-B99B-A61D41EAC8FA}.Debug|x64.Deploy.0 = Debug|x64
		{36486247-267C-4632-B99B-A61D41EAC8FA}.Release|Win32.ActiveCfg = Release|Win32
		{36486247-267C-4632-B99B-A61D41EAC8FA}.Release|Win32.Build.0 = Release|Win32
		{36486247-267C-4632-B99B-A61D41EAC8FA}.Release|Win32.Deploy.0 = Release|Win32
		{36486247-267C-4632-B99B-A61D41EAC8FA}.Release|x64.ActiveCfg = Release|x64
		{36486247-267C-4632-B99B-A61D41EAC8FA}.Release|x64.Build.0 = Release|x64
		{36486247-267C-4632-B99B-A61D41EAC8FA}.Release|x64.Deploy.0 = Release|x64
		{EFCF72B9-0F77-4D6C-8984-4807838CD95D}.Debug|Win32.ActiveCfg = Debug|Win32
		{EFCF72B9-0F77-4D6C-8984-4807838CD95D}.Debug|Win32.Build.0 = Debug|Win32
		{EFCF72B9-0F77-4D6C-8984-4807838CD95D}.Debug|Win32.Deploy.0 = Debug|Win32
		{EFCF72B9-0F77-4D6C-8984-4807838CD95D}.Debug|x64.ActiveCfg = Debug|x64
		{EFCF72B9-0F77-4D6C-8984-4807838CD95D}.Debug|x64.Build.0 = Debug|x64
		{EFCF72B9-0F77-4D6C-8984-4807838CD95D}.Debug|x64.Deploy.0 = Debug|x64
		{EFCF72B9-0F77-4D6C-8984-4807838CD95D}.Release|Win32.ActiveCfg = Release|Win32
		{EFCF72B9-0F77-4D6C-8984-4807838CD95D}.Release|Win32.Build.0 = Release|Win32
		{EFCF72B9-0F77-4D6C-8984-4807838CD95D}.Release|Win32.Deploy.0 = Release|Win32
		{EFCF72B9-0F77-4D6C-8984-4807838CD95D}.Release|x64.ActiveCfg = Release|x64
		{EFCF72B9-0F77-4D6C-8984-4807838CD95D}.Release|x64.Build.0 = Release|x64
		{EFCF72B9-0F77-4D6C-8984-4807838CD95D}.Release|x64.Deploy.0 = Release|x64
		{5E2129E5-E584-421C-BDAE-810D8204E0B6}.Debug|Win32.ActiveCfg = Debug|Win32
		{5E2129E5-E584-421C-BDAE-810D8204E0B6}.Debug|Win32.Build.0 = Debug|Win32
		{5E2129E5-E584-421C-BDAE-810D8204E0B6}.Debug|Win32.Deploy.0 = Debug|Win32
		{5E2129E5-E584-421C-BDAE-810D8204E0B6}.Debug|x64.ActiveCfg = Debug|x64
		{5E2129E5-E584-421C-BDAE-810D8204E0B6}.Debug|x64.Build.0 = Debug|x64
		{5E2129E5-E584-421C-BDAE-810D8204E0B6}.Debug|x64.Deploy.0 = Debug|x64
		{5E2129E5-E584-421C-BDAE-810D8204E0B6}.Release|Win32.ActiveCfg = Release|Win32
		{5E2129E5-E584-421C-BDAE-810D8204E0B6}.Release|Win32.Build.0 = Release|Win32
		{5E2129E5-E584-421C-BDAE-810D8204E0B6}.Release|Win32.Deploy.0 = Release|Win32
		{5E2129E5-E584-421C-BDAE-810D8204E0B6}.Release|x64.ActiveCfg = Release|x64
		{5E2129E5-E584-421C-BDAE-810D8204E0B6}.Release|x64.Build.0 = Release|x64
		{5E2129E5-E584-421C-BDAE-810D8204E0B6}.Release|x64.Deploy.0 = Release|x64
		{F1F9859C-F031-418A-8311-AE13C51E4558}.Debug|Win32.ActiveCfg = Debug|Win32
		{F1F9859C-F031-418A-8311-AE13C51E4558}.Debug|Win32.Build.0 = Debug|Win32
		{F1F9859C-F031-418A-8311-AE13C51E4558}.Debug|Win32.Deploy.0 = Debug|Win32
		{F1F9859C-F031-418A-8311-AE13C51E4558}.Debug|x64.ActiveCfg = Debug|x64
		{F1F9859C-F031-418A-8311-AE13C51E4558}.Debug|x64.Build.0 = Debug|x64
		{F1F9859C-F031-418A-8311-AE13C51E4558}.Debug|x64.Deploy.0 = Debug|x64
		{F1F9859C-F031-418A-8311-AE13C51E4558}.Release|Win32.ActiveCfg = Release|Win32
		{F1F9859C-F031-418A-8311-AE13C51E4558}.Release|Win32.Build.0 = Release|Win32
		{F1F9859C-F031-418A-8311-AE13C51E4558}.Release|Win32.Deploy.0 = Release|Win32
		{F1F9859C-F031-418A-8311-AE13C51E4558}.Release|x64.ActiveCfg = Release|x64
		{F1F9859C-F031-418A-8311-AE13C51E4558}.Release|x64.Build.0 = Release|x64
		{F1F9859C-F031-418A-8311-AE13C51E4558}.Release|x64.Deploy.0 = Release|x64
		{E1E97B53-9B79-45BB-875C-96AC7DBC0F9D}.Debug|Win32.ActiveCfg = Debug|Win32
		{E1E97B53-9B79-45BB-875C-96AC7DBC0F9D}.Debug|Win32.Build.0 = Debug|Win32
		{E1E97B53-9B79-45BB-875C-96AC7DBC0F9D}.Debug|Win32.Deploy.0 = Debug|Win32
		{E1E97B53-9B79-45BB-875C-96AC7DBC0F9D}.Debug|x64.ActiveCfg = Debug|x64
		{E1E97B53-9B79-45BB-875C-96AC7DBC0F9D}.Debug|x64.Build.0 = Debug|x64
		{E1E97B53-9B79-45BB-875C-96AC7DBC0F9D}.Debug|x64.Deploy.0 = Debug|x64
		{E1E97B53-9B79-45BB-875C-96AC7DBC0F9D}.Release|Win32.ActiveCfg = Release|Win32
		{E1E97B53-9B79-45BB-875C-96AC7DBC0F9D}.Release|Win32.Build.0 = Release|Win32
		{E1E97B53-9B79-45BB-875C-96AC7DBC0F9D}.Release|Win32.Deploy.0 = Release|Win32
		{E1E97B53-9B79-45BB-875C-96AC7DBC0F9D}.Release|x64.ActiveCfg = Release|x64
		{E1E97B53-9B79-45BB-875C-96AC7DBC0F9D}.Release|x64.Build.0 = Release|x64
		{E1E97B53-9B79-45BB-875C-96AC7DBC0F9D}.Release|x64.Deploy.0 = Release|x64
		{176003BA-63A2-404E-932F-A6EF0561B7B9}.Debug|Win32.ActiveCfg = Debug|Win32
		{176003BA-63A2-404E-932F-A6EF0561B7B9}.Debug|Win32.Build.0 = Debug|Win32
		{176003BA-63A2-404E-932F-A6EF0561B7B9}.Debug|Win32.Deploy.0 = Debug|Win32
		{176003BA-63A2-404E-932F-A6EF0561B7B9}.Debug|x64.ActiveCfg = Debug|x64
		{176003BA-63A2-404E-932F-A6EF0561B7B9}.Debug|x64.Build.0 = Debug|x64
		{176003BA-63A2-404E-932F-A6EF0561B7B9}.Debug|x64.Deploy.0 = Debug|x64
		{176003BA-63A2-404E-932F-A6EF0561B7B9}.Release|Win32.ActiveCfg = Release|Win32
		{176003BA-63A2-404E-932F-A6EF0561B7B9}.Release|Win32.Build.0 = Release|Win32
		{176003BA-63A2-404E-932F-A6EF0561B7B9}.Release|Win32.Deploy.0 = Release|Win32
		{176003BA-63A2-404E-932F-A6EF0561B7B9}.Release|x64.ActiveCfg = Release|x64
		{176003BA-63A2-404E-932F-A6EF0561B7B9}.Release|x64.Build.0 = Release|x64
		{176003BA-63A2-404E-932F-A6EF0561B7B9}.Release|x64.Deploy.0 = Release|x64
		{460FFBC6-24C2-415B-B658-8E76D60D3564}.Debug|Win32.ActiveCfg = Debug|Win32
		{460FFBC6-24C2-415B-B658-8E76D60D3564}.Debug|Win32.Build.0 = Debug|Win32
		{460FFBC6-24C2-415B-B658-8E76D60D3564}.Debug|Win32.Deploy.0 = Debug|Win32
		{460FFBC6-24C2-415B-B658-8E76D60D3564}.Debug|x64.ActiveCfg = Debug|x64
		{460FFBC6-24C2-415B-B658-8E76D60D3564}.Debug|x64.Build.0 = Debug|x64
		{460FFBC6-24C2-415B-B658-8E76D60D3564}.Debug|x64.Deploy.0 = Debug|x64
		{460FFBC6-24C2-415B-B658-8E76D60D3564}.Release|Win32.ActiveCfg = Release|Win32
		{460FFBC6-24C2-415B-B658-8E76D60D3564}.Release|Win32.Build.0 = Release|Win32
		{460FFBC6-24C2-415B-B658-8E76D60D3564}.Release|Win32.Deploy.0 = Release|Win32
		{460FFBC6-24C2-415B-B658-8E76D60D3564}.Release|x64.ActiveCfg = Release|x64
		{460FFBC6-24C2-415B-B658-8E76D60D3564}.Release|x64.Build.0 = Release|x64
		{460FFBC6-24C2-415B-B658-8E76D60D3564}.Release|x64.Deploy.0 = Release|x64
		{FAEC1FFE-BF9D-4A30-BEBB-1BA809FC3F31}.Debug|Win32.ActiveCfg = Debug|Win32
		{FAEC1FFE-BF9D-4A30-BEBB-1BA809FC3F31}.Debug|Win32.Build.0 = Debug|Win32
		{FAEC1FFE-BF9D-4A30-BEBB-1BA809FC3F31}.Debug|Win32.Deploy.0 = Debug|Win32
		{FAEC1FFE-BF9D-4A30-BEBB-1BA809FC3F31}.Debug|x64.ActiveCfg = Debug|x64
		{FAEC1FFE-BF9D-4A30-BEBB-1BA809FC3F31}.Debug|x64.Build.0 = Debug|x64
		{FAEC1FFE-BF9D-4A30-BEBB-1BA809FC3F31}.Debug|x64.Deploy.0 = Debug|x64
		{FAEC1FFE-BF9D-4A30-BEBB-1BA809FC3F31}.Release|Win32.ActiveCfg = Release|Win32
		{FAEC1FFE-BF9D-4A30-BEBB-1BA809FC3F31}.Release|Win32.Build.0 = Release|Win32
		{FAEC1FFE-BF9D-4A30-BEBB-1BA809FC3F31}.Release|Win32.Deploy.0 = Release|Win32
		{FAEC1FFE-BF9D-4A30-BEBB-1BA809FC3F31}.Release|x64.ActiveCfg = Release|x64
		{FAEC1FFE-BF9D-4A30-BEBB-1BA809FC3F31}.Release|x64.Build.0 = Release|x64
		{FAEC1FFE-BF9D-4A30-BEBB-1BA809FC3F31}.Release|x64.Deploy.0 = Release|x64
		{0BD7C2C6-4972-4D4E-B814-FBA8C538E1E5}.Debug|Win32.ActiveCfg = Debug|Win32
		{0BD7C2C6-4972-4D4E-B814-FBA8C538E1E5}.Debug|Win32.Build.0 = Debug|Win32
		{0BD7C2C6-4972-4D4E-B814-FBA8C538E1E5}.Debug|Win32.Deploy.0 = Debug|Win32
		{0BD7C2C6-4972-4D4E-B814-FBA8C538E1E5}.Debug|x64.ActiveCfg = Debug|x64
		{0BD7C2C6-4972-4D4E-B814-FBA8C538E1E5}.Debug|x64.Build.0 = Debug|x64
		{0BD7C2C6-4972-4D4E-B814-FBA8C538E1E5}.Debug|x64.Deploy.0 = Debug|x64
		{0BD7C2C6-4972-4D4E-B814-FBA8C538E1E5}.Release|Win32.ActiveCfg = Release|Win32
		{0BD7C2C6-4972-4D4E-B814-FBA8C538E1E5}.Release|Win32.Build.0 = Release|Win32
		{0BD7C2C6-4972-4D4E-B814-FBA8C538E1E5}.Release|Win32.Deploy.0 = Release|Win32
		{0BD7C2C6-4972-4D4E-B814-FBA8C538E1E5}.Release|x64.ActiveCfg = Release|x64
		{0BD7C2C6-4972-4D4E-B814-FBA8C538E1E5}.Release|x64.Build.0 = Release|x64
		{0BD7C2C6-4972-4D4E-B814-FBA8C538E1E5}.Release|x64.Deploy.0 = Release|x64
		{D0D085A4-BBEA-4FE6-955E-62E49226DC91}.Debug|Win32.ActiveCfg = Debug|Win32
		{D0D085A4-BBEA-4FE6-955E-62E49226DC91}.Debug|Win32.Build.0 = Debug|Win32
		{D0D085A4-BBEA-4FE6-955E-62E49226DC91}.Debug|Win32.Deploy.0 = Debug|Win32
		{D0D085A4-BBEA-4FE6-955E-62E49226DC91}.Debug|x64.ActiveCfg = Debug|x64
		{D0D085A4-BBEA-4FE6-955E-62E49226DC91}.Debug|x64.Build.0 = Debug|x64
		{D0D085A4-BBEA-4FE6-955E-62E49226DC91}.Debug|x64.Deploy.0 = Debug|x64
		{D0D085A4-BBEA-4FE6-955E-62E49226DC91}.Release|Win32.ActiveCfg = Release|Win32
		{D0D085A4-BBEA-4FE6-955E-62E49226DC91}.Release|Win32.Build.0 = Release|Win32
		{D0D085A4-BBEA-4FE6-955E-62E49226DC91}.Release|Win32.Deploy.0 = Release|Win32
		{D0D085A4-BBEA-4FE6-955E-62E49226DC91}.Release|x64.ActiveCfg = Release|x64
		{D0D085A4-BBEA-4FE6-955E-62E49226DC91}.Release|x64.Build.0 = Release|x64
		{D0D085A4-BBEA-4FE6-955E-62E49226DC91}.Release|x64.Deploy.0 = Release|x64
		{7027360C-DAEA-4139-8ACF-C4A516A25B3C}.Debug|Win32.ActiveCfg = Debug|Win32
		{7027360C-DAEA-4139-8ACF-C4A516A25B3C}.Debug|Win32.Build.0 = Debug|Win32
		{7027360C-DAEA-4139-8ACF-C4A516A25B3C}.Debug|Win32.Deploy.0 = Debug|Win32
		{7027360C-DAEA-4139-8ACF-C4A516A25B3C}.Debug|x64.ActiveCfg = Debug|x64
		{7027360C-DAEA-4139-8ACF-C4A516A25B3C}.Debug|x64.Build.0 = Debug|x64
		{7027360C-DAEA-4139-8ACF-C4A516A25B3C}.Debug|x64.Deploy.0 = Debug|x64
		{7027360C-DAEA-4139-8ACF-C4A516A25B3C}.Release|Win32.ActiveCfg = Release|Win32
		{7027360C-DAEA-4139-8ACF-C4A516A25B3C}.Release|Win32.Build.0 = Release|Win32
		{7027360C-DAEA-4139-8ACF-C4A516A25B3C}.Release|Win32.Deploy.0 = Release|Win32
		{7027360C-DAEA-4139-8ACF-C4A516A25B3C}.Release|x64.ActiveCfg = Release|x64
		{7027360C-DAEA-4139-8ACF-C4A516A25B3C}.Release|x64.Build.0 = Release|x64
		{7027360C-DAEA-4139-8ACF-C4A516A25B3C}.Release|x64.Deploy.0 = Release|x64
		{121FFD22-6297-4885-853D-2F88686CD6E5}.Debug|Win32.ActiveCfg = Debug|Win32
		{121FFD22-6297-4885-853D-2F88686CD6E5}.Debug|Win32.Build.0 = Debug|Win32
		{121FFD22-6297-4885-853D-2F88686CD6E5}.Debug|Win32.Deploy.0 = Debug|Win32
		{121FFD22-6297-4885-853D-2F88686CD6E5}.Debug|x64.ActiveCfg = Debug|x64
		{121FFD22-6297-4885-853D-2F88686CD6E5}.Debug|x64.Build.0 = Debug|x64
		{121FFD22-6297-4885-853D-2F88686CD6E5}.Debug|x64.Deploy.0 = Debug|x64
		{121FFD22-6297-4885-853D-2F88686CD6E5}.Release|Win32.ActiveCfg = Release|Win32
		{121FFD22-6297-4885-853D-2F88686CD6E5}.Release|Win32.Build.0 = Release|Win32
		{121FFD22-6297-4885-853D-2F88686CD6E5}.Release|Win32.Deploy.0 = Release|Win32
		{121FFD22-6297-4885-853D-2F88686CD6E5}.Release|x64.ActiveCfg = Release|x64
		{121FFD22-6297-4885-853D-2F88686CD6E5}.Release|x64.Build.0 = Release|x64
		{121FFD22-6297-4885-853D-2F88686CD6E5}.Release|x64.Deploy.0 = Release|x64
		{3E8DF60E-75D5-4A70-B798-CA2979E1E319}.Debug|Win32.ActiveCfg = Debug|Win32
		{3E8DF60E-75D5-4A70-B798-CA2979E1E319}.Debug|Win32.Build.0 = Debug|Win32
		{3E8DF60E-75D5-4A70-B798-CA2979E1E319}.Debug|Win32.Deploy.0 = Debug|Win32
		{3E8DF60E-75D5-4A70-B798-CA2979E1E319}.Debug|x64.ActiveCfg = Debug|x64
		{3E8DF60E-75D5-4A70-B798-CA2979E1E319}.Debug|x64.Build.0 = Debug|x64
		{3E8DF60E-75D5-4A70-B798-CA2979E1E319}.Debug|x64.Deploy.0 = Debug|x64
		{3E8DF60E-75D5-4A70-B798-CA2979E1E319}.Release|Win32.ActiveCfg = Release|Win32
		{3E8DF60E-75D5-4A70-B798-CA2979E1E319}.Release|Win32.Build.0 = Release|Win32
		{3E8DF60E-75D5-4A70-B798-CA2979E1E319}.Release|Win32.Deploy.0 = Release|Win32
		{3E8DF60E-75D5-4A70-B798-CA2979E1E319}.Release|x64.ActiveCfg = Release|x64
		{3E8DF60E-75D5-4A70-B798-CA2979E1E319}.Release|x64.Build.0 = Release|x64
		{3E8DF60E-75D5-4A70-B798-CA2979E1E319}.Release|x64.Deploy.0 = Release|x64
	EndGlobalSection
	GlobalSection(SolutionProperties) = preSolution
		HideSolutionNode = FALSE
	EndGlobalSection
EndGlobal
